// !$*UTF8*$!
{
	archiveVersion = 1;
	classes = {
	};
	objectVersion = 46;
	objects = {

/* Begin PBXBuildFile section */
		2C0644F119CD9867002F5F49 /* SearchInfoTableViewController.m in Sources */ = {isa = PBXBuildFile; fileRef = 2C0644F019CD9867002F5F49 /* SearchInfoTableViewController.m */; };
		2C0AB2B71A4AF06C0007D700 /* Security.framework in Frameworks */ = {isa = PBXBuildFile; fileRef = 2C0AB2B61A4AF06C0007D700 /* Security.framework */; };
		2C0AB2BA1A4B37F60007D700 /* DropboxClient.m in Sources */ = {isa = PBXBuildFile; fileRef = 2C0AB2B91A4B37F60007D700 /* DropboxClient.m */; };
		2C0D90D51A95F1F100E13BC9 /* Decoder.mm in Sources */ = {isa = PBXBuildFile; fileRef = 2C0D90D41A95F1F100E13BC9 /* Decoder.mm */; };
		2C0D90D71A96271400E13BC9 /* logo.png in Resources */ = {isa = PBXBuildFile; fileRef = 2C0D90D61A96271400E13BC9 /* logo.png */; };
		2C125EAA1848C74B00406FC3 /* Foundation.framework in Frameworks */ = {isa = PBXBuildFile; fileRef = 2C125EA91848C74B00406FC3 /* Foundation.framework */; };
		2C125EAC1848C74B00406FC3 /* CoreGraphics.framework in Frameworks */ = {isa = PBXBuildFile; fileRef = 2C125EAB1848C74B00406FC3 /* CoreGraphics.framework */; };
		2C125EAE1848C74B00406FC3 /* UIKit.framework in Frameworks */ = {isa = PBXBuildFile; fileRef = 2C125EAD1848C74B00406FC3 /* UIKit.framework */; };
		2C125EB41848C74B00406FC3 /* InfoPlist.strings in Resources */ = {isa = PBXBuildFile; fileRef = 2C125EB21848C74B00406FC3 /* InfoPlist.strings */; };
		2C125EB61848C74B00406FC3 /* main.m in Sources */ = {isa = PBXBuildFile; fileRef = 2C125EB51848C74B00406FC3 /* main.m */; };
		2C125EBA1848C74B00406FC3 /* AppDelegate.m in Sources */ = {isa = PBXBuildFile; fileRef = 2C125EB91848C74B00406FC3 /* AppDelegate.m */; };
		2C125EC31848C74B00406FC3 /* CollectionViewController.m in Sources */ = {isa = PBXBuildFile; fileRef = 2C125EC21848C74B00406FC3 /* CollectionViewController.m */; };
		2C125EC51848C74B00406FC3 /* Images.xcassets in Resources */ = {isa = PBXBuildFile; fileRef = 2C125EC41848C74B00406FC3 /* Images.xcassets */; };
		2C17010B1848F68200A37516 /* Cell.m in Sources */ = {isa = PBXBuildFile; fileRef = 2C17010A1848F68200A37516 /* Cell.m */; };
		2C170113184925F800A37516 /* KxSMBProvider.m in Sources */ = {isa = PBXBuildFile; fileRef = 2C170112184925F800A37516 /* KxSMBProvider.m */; };
		2C170123184926EF00A37516 /* libresolv.dylib in Frameworks */ = {isa = PBXBuildFile; fileRef = 2C170122184926EF00A37516 /* libresolv.dylib */; };
		2C1701251849270200A37516 /* libiconv.dylib in Frameworks */ = {isa = PBXBuildFile; fileRef = 2C1701241849270200A37516 /* libiconv.dylib */; };
		2C1701271849271A00A37516 /* libz.dylib in Frameworks */ = {isa = PBXBuildFile; fileRef = 2C1701261849271A00A37516 /* libz.dylib */; };
		2C378CEA19EA802D00C69ADA /* collection.png in Resources */ = {isa = PBXBuildFile; fileRef = 2C378CE719EA802D00C69ADA /* collection.png */; };
		2C378CEB19EA802D00C69ADA /* list.png in Resources */ = {isa = PBXBuildFile; fileRef = 2C378CE819EA802D00C69ADA /* list.png */; };
		2C3E5BDF1A4421990046AFC4 /* libc++.dylib in Frameworks */ = {isa = PBXBuildFile; fileRef = 2C3E5BDE1A4421990046AFC4 /* libc++.dylib */; };
		2C3FDF141A4B7AEC0019ECD3 /* SettingsHeaderView.m in Sources */ = {isa = PBXBuildFile; fileRef = 2C3FDF131A4B7AEC0019ECD3 /* SettingsHeaderView.m */; };
		2C5875031A6AC25D0069F3F1 /* VideoViewController.mm in Sources */ = {isa = PBXBuildFile; fileRef = 2C5875011A6AC25D0069F3F1 /* VideoViewController.mm */; };
		2C58751F1A6AC3E80069F3F1 /* libavcodec.a in Frameworks */ = {isa = PBXBuildFile; fileRef = 2C5875161A6AC3E80069F3F1 /* libavcodec.a */; };
		2C5875201A6AC3E80069F3F1 /* libavdevice.a in Frameworks */ = {isa = PBXBuildFile; fileRef = 2C5875171A6AC3E80069F3F1 /* libavdevice.a */; };
		2C5875211A6AC3E80069F3F1 /* libavfilter.a in Frameworks */ = {isa = PBXBuildFile; fileRef = 2C5875181A6AC3E80069F3F1 /* libavfilter.a */; };
		2C5875221A6AC3E80069F3F1 /* libavformat.a in Frameworks */ = {isa = PBXBuildFile; fileRef = 2C5875191A6AC3E80069F3F1 /* libavformat.a */; };
		2C5875231A6AC3E80069F3F1 /* libavutil.a in Frameworks */ = {isa = PBXBuildFile; fileRef = 2C58751A1A6AC3E80069F3F1 /* libavutil.a */; };
		2C5875241A6AC3E80069F3F1 /* libpostproc.a in Frameworks */ = {isa = PBXBuildFile; fileRef = 2C58751B1A6AC3E80069F3F1 /* libpostproc.a */; };
		2C5875251A6AC3E80069F3F1 /* libsmbclient.a in Frameworks */ = {isa = PBXBuildFile; fileRef = 2C58751C1A6AC3E80069F3F1 /* libsmbclient.a */; };
		2C5875261A6AC3E80069F3F1 /* libswresample.a in Frameworks */ = {isa = PBXBuildFile; fileRef = 2C58751D1A6AC3E80069F3F1 /* libswresample.a */; };
		2C5875271A6AC3E80069F3F1 /* libswscale.a in Frameworks */ = {isa = PBXBuildFile; fileRef = 2C58751E1A6AC3E80069F3F1 /* libswscale.a */; };
		2C58752C1A6ACA850069F3F1 /* libtalloc.a in Frameworks */ = {isa = PBXBuildFile; fileRef = 2C5875281A6ACA850069F3F1 /* libtalloc.a */; };
		2C58752D1A6ACA850069F3F1 /* libtdb.a in Frameworks */ = {isa = PBXBuildFile; fileRef = 2C5875291A6ACA850069F3F1 /* libtdb.a */; };
		2C58752E1A6ACA850069F3F1 /* libtevent.a in Frameworks */ = {isa = PBXBuildFile; fileRef = 2C58752A1A6ACA850069F3F1 /* libtevent.a */; };
		2C58752F1A6ACA850069F3F1 /* libwbclient.a in Frameworks */ = {isa = PBXBuildFile; fileRef = 2C58752B1A6ACA850069F3F1 /* libwbclient.a */; };
		2C5875311A6ADC5A0069F3F1 /* VideoToolbox.framework in Frameworks */ = {isa = PBXBuildFile; fileRef = 2C5875301A6ADC5A0069F3F1 /* VideoToolbox.framework */; };
		2C5875331A6ADC6D0069F3F1 /* AVFoundation.framework in Frameworks */ = {isa = PBXBuildFile; fileRef = 2C5875321A6ADC6D0069F3F1 /* AVFoundation.framework */; };
		2C5875381A6AF1590069F3F1 /* VTDecoder.mm in Sources */ = {isa = PBXBuildFile; fileRef = 2C5875371A6AF1590069F3F1 /* VTDecoder.mm */; };
		2C58753A1A6AF2390069F3F1 /* CoreMedia.framework in Frameworks */ = {isa = PBXBuildFile; fileRef = 2C5875391A6AF2390069F3F1 /* CoreMedia.framework */; };
		2C58753D1A6AF7DC0069F3F1 /* AudioDecoder.mm in Sources */ = {isa = PBXBuildFile; fileRef = 2C58753C1A6AF7DC0069F3F1 /* AudioDecoder.mm */; };
		2C605E511A6BC08000736968 /* AudioOutput.mm in Sources */ = {isa = PBXBuildFile; fileRef = 2C605E4E1A6BC08000736968 /* AudioOutput.mm */; };
		2C605E521A6BC08000736968 /* AudioRingBuffer.mm in Sources */ = {isa = PBXBuildFile; fileRef = 2C605E501A6BC08000736968 /* AudioRingBuffer.mm */; };
		2C605E541A6BC25100736968 /* AudioToolbox.framework in Frameworks */ = {isa = PBXBuildFile; fileRef = 2C605E531A6BC25100736968 /* AudioToolbox.framework */; };
		2C6E746B19C75ECA001D9971 /* SharesTableViewController.m in Sources */ = {isa = PBXBuildFile; fileRef = 2C6E746A19C75ECA001D9971 /* SharesTableViewController.m */; };
		2C719D141A7E46D500CB0B00 /* AudioUnitOutput.mm in Sources */ = {isa = PBXBuildFile; fileRef = 2C719D131A7E46D500CB0B00 /* AudioUnitOutput.mm */; };
		2C72F5C81A90D001007A35AA /* PixateFreestyle.framework in Frameworks */ = {isa = PBXBuildFile; fileRef = 2C72F5C71A90D001007A35AA /* PixateFreestyle.framework */; };
		2C72F5CA1A90D027007A35AA /* DropboxSDK.framework in Frameworks */ = {isa = PBXBuildFile; fileRef = 2C72F5C91A90D027007A35AA /* DropboxSDK.framework */; };
		2C7FD8C01A6CF62100718477 /* Demuxer.mm in Sources */ = {isa = PBXBuildFile; fileRef = 2C7FD8BF1A6CF62100718477 /* Demuxer.mm */; };
		2CA1D7191854A78800276C67 /* InfoViewController.m in Sources */ = {isa = PBXBuildFile; fileRef = 2CA1D7181854A78800276C67 /* InfoViewController.m */; };
		2CA6B9F21A4567B800AFF041 /* AMSlideMenuContentSegue.m in Sources */ = {isa = PBXBuildFile; fileRef = 2CA6B9E41A4567B800AFF041 /* AMSlideMenuContentSegue.m */; };
		2CA6B9F31A4567B800AFF041 /* AMSlideMenuLeftMenuSegue.m in Sources */ = {isa = PBXBuildFile; fileRef = 2CA6B9E61A4567B800AFF041 /* AMSlideMenuLeftMenuSegue.m */; };
		2CA6B9F41A4567B800AFF041 /* AMSlideMenuLeftTableViewController.m in Sources */ = {isa = PBXBuildFile; fileRef = 2CA6B9E81A4567B800AFF041 /* AMSlideMenuLeftTableViewController.m */; };
		2CA6B9F51A4567B800AFF041 /* AMSlideMenuMainViewController.m in Sources */ = {isa = PBXBuildFile; fileRef = 2CA6B9EA1A4567B800AFF041 /* AMSlideMenuMainViewController.m */; };
		2CA6B9F61A4567B800AFF041 /* AMSlideMenuRightMenuSegue.m in Sources */ = {isa = PBXBuildFile; fileRef = 2CA6B9ED1A4567B800AFF041 /* AMSlideMenuRightMenuSegue.m */; };
		2CA6B9F71A4567B800AFF041 /* AMSlideMenuRightTableViewController.m in Sources */ = {isa = PBXBuildFile; fileRef = 2CA6B9EF1A4567B800AFF041 /* AMSlideMenuRightTableViewController.m */; };
		2CA6B9F81A4567B800AFF041 /* UIViewController+AMSlideMenu.m in Sources */ = {isa = PBXBuildFile; fileRef = 2CA6B9F11A4567B800AFF041 /* UIViewController+AMSlideMenu.m */; };
		2CA6B9FD1A4567DD00AFF041 /* LeftMenuVC.m in Sources */ = {isa = PBXBuildFile; fileRef = 2CA6B9FA1A4567DD00AFF041 /* LeftMenuVC.m */; };
		2CA6B9FE1A4567DD00AFF041 /* MainVC.m in Sources */ = {isa = PBXBuildFile; fileRef = 2CA6B9FC1A4567DD00AFF041 /* MainVC.m */; };
		2CA6BA011A4569B900AFF041 /* Main.storyboard in Resources */ = {isa = PBXBuildFile; fileRef = 2CA6BA031A4569B900AFF041 /* Main.storyboard */; };
		2CA6BA071A456A1A00AFF041 /* UIColor+CreateMethods.m in Sources */ = {isa = PBXBuildFile; fileRef = 2CA6BA061A456A1A00AFF041 /* UIColor+CreateMethods.m */; };
		2CA6BA0E1A45BF9700AFF041 /* default.css in Resources */ = {isa = PBXBuildFile; fileRef = 2CA6BA0D1A45BF9700AFF041 /* default.css */; };
		2CA88715187EA87F0074B73E /* ContentModel.xcdatamodeld in Sources */ = {isa = PBXBuildFile; fileRef = 2CA88713187EA87F0074B73E /* ContentModel.xcdatamodeld */; };
		2CA8871C187EA9AA0074B73E /* CoreData.framework in Frameworks */ = {isa = PBXBuildFile; fileRef = 2CA8871B187EA9AA0074B73E /* CoreData.framework */; };
		2CA8871F187EAEDE0074B73E /* DataModel.mm in Sources */ = {isa = PBXBuildFile; fileRef = 2CA8871E187EAEDE0074B73E /* DataModel.mm */; };
		2CA95DC4184B2B4600927138 /* SettingsViewController.m in Sources */ = {isa = PBXBuildFile; fileRef = 2CA95DC3184B2B4600927138 /* SettingsViewController.m */; };
		2CA95DC7184B2CB700927138 /* SettingsCell.m in Sources */ = {isa = PBXBuildFile; fileRef = 2CA95DC6184B2CB700927138 /* SettingsCell.m */; };
		2CAEE6D419C8C7C000B5DDD7 /* Node.m in Sources */ = {isa = PBXBuildFile; fileRef = 2CAEE6D319C8C7C000B5DDD7 /* Node.m */; };
		2CD030DB1A640ED7003B22CA /* LaunchScreen.xib in Resources */ = {isa = PBXBuildFile; fileRef = 2CD030D91A640ED7003B22CA /* LaunchScreen.xib */; };
		ED04A5C619D172C00079C787 /* MetaInfo.m in Sources */ = {isa = PBXBuildFile; fileRef = ED04A5C519D172C00079C787 /* MetaInfo.m */; };
		ED2194A119C9A9690053C8B3 /* TMDB.m in Sources */ = {isa = PBXBuildFile; fileRef = ED2194A019C9A9690053C8B3 /* TMDB.m */; };
		ED2194B619C9AA800053C8B3 /* AFHTTPRequestOperation.m in Sources */ = {isa = PBXBuildFile; fileRef = ED2194A419C9AA800053C8B3 /* AFHTTPRequestOperation.m */; };
		ED2194B719C9AA800053C8B3 /* AFHTTPRequestOperationManager.m in Sources */ = {isa = PBXBuildFile; fileRef = ED2194A619C9AA800053C8B3 /* AFHTTPRequestOperationManager.m */; };
		ED2194B819C9AA800053C8B3 /* AFHTTPSessionManager.m in Sources */ = {isa = PBXBuildFile; fileRef = ED2194A819C9AA800053C8B3 /* AFHTTPSessionManager.m */; };
		ED2194B919C9AA800053C8B3 /* AFNetworkReachabilityManager.m in Sources */ = {isa = PBXBuildFile; fileRef = ED2194AB19C9AA800053C8B3 /* AFNetworkReachabilityManager.m */; };
		ED2194BA19C9AA800053C8B3 /* AFSecurityPolicy.m in Sources */ = {isa = PBXBuildFile; fileRef = ED2194AD19C9AA800053C8B3 /* AFSecurityPolicy.m */; };
		ED2194BB19C9AA800053C8B3 /* AFURLConnectionOperation.m in Sources */ = {isa = PBXBuildFile; fileRef = ED2194AF19C9AA800053C8B3 /* AFURLConnectionOperation.m */; };
		ED2194BC19C9AA800053C8B3 /* AFURLRequestSerialization.m in Sources */ = {isa = PBXBuildFile; fileRef = ED2194B119C9AA800053C8B3 /* AFURLRequestSerialization.m */; };
		ED2194BD19C9AA800053C8B3 /* AFURLResponseSerialization.m in Sources */ = {isa = PBXBuildFile; fileRef = ED2194B319C9AA800053C8B3 /* AFURLResponseSerialization.m */; };
		ED2194BE19C9AA800053C8B3 /* AFURLSessionManager.m in Sources */ = {isa = PBXBuildFile; fileRef = ED2194B519C9AA800053C8B3 /* AFURLSessionManager.m */; };
		EDDC271A19C6F051004D5F14 /* MBProgressHUD.m in Sources */ = {isa = PBXBuildFile; fileRef = EDDC271919C6F051004D5F14 /* MBProgressHUD.m */; };
/* End PBXBuildFile section */

/* Begin PBXFileReference section */
		2C0644EF19CD9867002F5F49 /* SearchInfoTableViewController.h */ = {isa = PBXFileReference; fileEncoding = 4; lastKnownFileType = sourcecode.c.h; name = SearchInfoTableViewController.h; path = "WD Content/SearchInfoTableViewController.h"; sourceTree = "<group>"; };
		2C0644F019CD9867002F5F49 /* SearchInfoTableViewController.m */ = {isa = PBXFileReference; fileEncoding = 4; lastKnownFileType = sourcecode.c.objc; name = SearchInfoTableViewController.m; path = "WD Content/SearchInfoTableViewController.m"; sourceTree = "<group>"; };
		2C0AB2B61A4AF06C0007D700 /* Security.framework */ = {isa = PBXFileReference; lastKnownFileType = wrapper.framework; name = Security.framework; path = System/Library/Frameworks/Security.framework; sourceTree = SDKROOT; };
		2C0AB2B81A4B37F60007D700 /* DropboxClient.h */ = {isa = PBXFileReference; fileEncoding = 4; lastKnownFileType = sourcecode.c.h; path = DropboxClient.h; sourceTree = "<group>"; };
		2C0AB2B91A4B37F60007D700 /* DropboxClient.m */ = {isa = PBXFileReference; fileEncoding = 4; lastKnownFileType = sourcecode.c.objc; path = DropboxClient.m; sourceTree = "<group>"; };
		2C0D90D31A95F1F100E13BC9 /* Decoder.h */ = {isa = PBXFileReference; fileEncoding = 4; lastKnownFileType = sourcecode.c.h; path = Decoder.h; sourceTree = "<group>"; };
		2C0D90D41A95F1F100E13BC9 /* Decoder.mm */ = {isa = PBXFileReference; fileEncoding = 4; lastKnownFileType = sourcecode.cpp.objcpp; path = Decoder.mm; sourceTree = "<group>"; };
		2C0D90D61A96271400E13BC9 /* logo.png */ = {isa = PBXFileReference; lastKnownFileType = image.png; path = logo.png; sourceTree = "<group>"; };
		2C125EA61848C74B00406FC3 /* WD Content.app */ = {isa = PBXFileReference; explicitFileType = wrapper.application; includeInIndex = 0; path = "WD Content.app"; sourceTree = BUILT_PRODUCTS_DIR; };
		2C125EA91848C74B00406FC3 /* Foundation.framework */ = {isa = PBXFileReference; lastKnownFileType = wrapper.framework; name = Foundation.framework; path = System/Library/Frameworks/Foundation.framework; sourceTree = SDKROOT; };
		2C125EAB1848C74B00406FC3 /* CoreGraphics.framework */ = {isa = PBXFileReference; lastKnownFileType = wrapper.framework; name = CoreGraphics.framework; path = System/Library/Frameworks/CoreGraphics.framework; sourceTree = SDKROOT; };
		2C125EAD1848C74B00406FC3 /* UIKit.framework */ = {isa = PBXFileReference; lastKnownFileType = wrapper.framework; name = UIKit.framework; path = System/Library/Frameworks/UIKit.framework; sourceTree = SDKROOT; };
		2C125EB11848C74B00406FC3 /* WD Content-Info.plist */ = {isa = PBXFileReference; lastKnownFileType = text.plist.xml; path = "WD Content-Info.plist"; sourceTree = "<group>"; };
		2C125EB31848C74B00406FC3 /* en */ = {isa = PBXFileReference; lastKnownFileType = text.plist.strings; name = en; path = en.lproj/InfoPlist.strings; sourceTree = "<group>"; };
		2C125EB51848C74B00406FC3 /* main.m */ = {isa = PBXFileReference; lastKnownFileType = sourcecode.c.objc; path = main.m; sourceTree = "<group>"; };
		2C125EB71848C74B00406FC3 /* WD Content-Prefix.pch */ = {isa = PBXFileReference; lastKnownFileType = sourcecode.c.h; path = "WD Content-Prefix.pch"; sourceTree = "<group>"; };
		2C125EB81848C74B00406FC3 /* AppDelegate.h */ = {isa = PBXFileReference; lastKnownFileType = sourcecode.c.h; path = AppDelegate.h; sourceTree = "<group>"; };
		2C125EB91848C74B00406FC3 /* AppDelegate.m */ = {isa = PBXFileReference; lastKnownFileType = sourcecode.c.objc; path = AppDelegate.m; sourceTree = "<group>"; };
		2C125EC11848C74B00406FC3 /* CollectionViewController.h */ = {isa = PBXFileReference; lastKnownFileType = sourcecode.c.h; name = CollectionViewController.h; path = "WD Content/CollectionViewController.h"; sourceTree = "<group>"; };
		2C125EC21848C74B00406FC3 /* CollectionViewController.m */ = {isa = PBXFileReference; lastKnownFileType = sourcecode.c.objc; name = CollectionViewController.m; path = "WD Content/CollectionViewController.m"; sourceTree = "<group>"; };
		2C125EC41848C74B00406FC3 /* Images.xcassets */ = {isa = PBXFileReference; lastKnownFileType = folder.assetcatalog; name = Images.xcassets; path = "WD Content/Images.xcassets"; sourceTree = "<group>"; };
		2C1701091848F68200A37516 /* Cell.h */ = {isa = PBXFileReference; fileEncoding = 4; lastKnownFileType = sourcecode.c.h; name = Cell.h; path = "WD Content/Cell.h"; sourceTree = "<group>"; };
		2C17010A1848F68200A37516 /* Cell.m */ = {isa = PBXFileReference; fileEncoding = 4; lastKnownFileType = sourcecode.c.objc; name = Cell.m; path = "WD Content/Cell.m"; sourceTree = "<group>"; };
		2C170111184925F800A37516 /* KxSMBProvider.h */ = {isa = PBXFileReference; fileEncoding = 4; lastKnownFileType = sourcecode.c.h; path = KxSMBProvider.h; sourceTree = "<group>"; };
		2C170112184925F800A37516 /* KxSMBProvider.m */ = {isa = PBXFileReference; fileEncoding = 4; lastKnownFileType = sourcecode.c.objc; path = KxSMBProvider.m; sourceTree = "<group>"; };
		2C1701151849266700A37516 /* libsmbclient.a */ = {isa = PBXFileReference; lastKnownFileType = archive.ar; name = libsmbclient.a; path = libs/libsmbclient.a; sourceTree = "<group>"; };
		2C1701161849266700A37516 /* libsmbclient.h */ = {isa = PBXFileReference; fileEncoding = 4; lastKnownFileType = sourcecode.c.h; name = libsmbclient.h; path = libs/libsmbclient.h; sourceTree = "<group>"; };
		2C1701171849266700A37516 /* libtalloc.a */ = {isa = PBXFileReference; lastKnownFileType = archive.ar; name = libtalloc.a; path = libs/libtalloc.a; sourceTree = "<group>"; };
		2C1701181849266700A37516 /* libtdb.a */ = {isa = PBXFileReference; lastKnownFileType = archive.ar; name = libtdb.a; path = libs/libtdb.a; sourceTree = "<group>"; };
		2C1701191849266700A37516 /* libtevent.a */ = {isa = PBXFileReference; lastKnownFileType = archive.ar; name = libtevent.a; path = libs/libtevent.a; sourceTree = "<group>"; };
		2C17011A1849266700A37516 /* libwbclient.a */ = {isa = PBXFileReference; lastKnownFileType = archive.ar; name = libwbclient.a; path = libs/libwbclient.a; sourceTree = "<group>"; };
		2C17011B1849266700A37516 /* talloc_stack.h */ = {isa = PBXFileReference; fileEncoding = 4; lastKnownFileType = sourcecode.c.h; name = talloc_stack.h; path = libs/talloc_stack.h; sourceTree = "<group>"; };
		2C17011C1849266700A37516 /* talloc.h */ = {isa = PBXFileReference; fileEncoding = 4; lastKnownFileType = sourcecode.c.h; name = talloc.h; path = libs/talloc.h; sourceTree = "<group>"; };
		2C170122184926EF00A37516 /* libresolv.dylib */ = {isa = PBXFileReference; lastKnownFileType = "compiled.mach-o.dylib"; name = libresolv.dylib; path = usr/lib/libresolv.dylib; sourceTree = SDKROOT; };
		2C1701241849270200A37516 /* libiconv.dylib */ = {isa = PBXFileReference; lastKnownFileType = "compiled.mach-o.dylib"; name = libiconv.dylib; path = usr/lib/libiconv.dylib; sourceTree = SDKROOT; };
		2C1701261849271A00A37516 /* libz.dylib */ = {isa = PBXFileReference; lastKnownFileType = "compiled.mach-o.dylib"; name = libz.dylib; path = usr/lib/libz.dylib; sourceTree = SDKROOT; };
		2C378CE719EA802D00C69ADA /* collection.png */ = {isa = PBXFileReference; lastKnownFileType = image.png; path = collection.png; sourceTree = "<group>"; };
		2C378CE819EA802D00C69ADA /* list.png */ = {isa = PBXFileReference; lastKnownFileType = image.png; path = list.png; sourceTree = "<group>"; };
		2C3E5BDE1A4421990046AFC4 /* libc++.dylib */ = {isa = PBXFileReference; lastKnownFileType = "compiled.mach-o.dylib"; name = "libc++.dylib"; path = "usr/lib/libc++.dylib"; sourceTree = SDKROOT; };
		2C3FDF121A4B7AEC0019ECD3 /* SettingsHeaderView.h */ = {isa = PBXFileReference; fileEncoding = 4; lastKnownFileType = sourcecode.c.h; path = SettingsHeaderView.h; sourceTree = "<group>"; };
		2C3FDF131A4B7AEC0019ECD3 /* SettingsHeaderView.m */ = {isa = PBXFileReference; fileEncoding = 4; lastKnownFileType = sourcecode.c.objc; path = SettingsHeaderView.m; sourceTree = "<group>"; };
		2C5875001A6AC25D0069F3F1 /* VideoViewController.h */ = {isa = PBXFileReference; fileEncoding = 4; lastKnownFileType = sourcecode.c.h; path = VideoViewController.h; sourceTree = "<group>"; };
		2C5875011A6AC25D0069F3F1 /* VideoViewController.mm */ = {isa = PBXFileReference; fileEncoding = 4; lastKnownFileType = sourcecode.cpp.objcpp; path = VideoViewController.mm; sourceTree = "<group>"; };
		2C5875161A6AC3E80069F3F1 /* libavcodec.a */ = {isa = PBXFileReference; lastKnownFileType = archive.ar; name = libavcodec.a; path = depends/libs/lib/libavcodec.a; sourceTree = "<group>"; };
		2C5875171A6AC3E80069F3F1 /* libavdevice.a */ = {isa = PBXFileReference; lastKnownFileType = archive.ar; name = libavdevice.a; path = depends/libs/lib/libavdevice.a; sourceTree = "<group>"; };
		2C5875181A6AC3E80069F3F1 /* libavfilter.a */ = {isa = PBXFileReference; lastKnownFileType = archive.ar; name = libavfilter.a; path = depends/libs/lib/libavfilter.a; sourceTree = "<group>"; };
		2C5875191A6AC3E80069F3F1 /* libavformat.a */ = {isa = PBXFileReference; lastKnownFileType = archive.ar; name = libavformat.a; path = depends/libs/lib/libavformat.a; sourceTree = "<group>"; };
		2C58751A1A6AC3E80069F3F1 /* libavutil.a */ = {isa = PBXFileReference; lastKnownFileType = archive.ar; name = libavutil.a; path = depends/libs/lib/libavutil.a; sourceTree = "<group>"; };
		2C58751B1A6AC3E80069F3F1 /* libpostproc.a */ = {isa = PBXFileReference; lastKnownFileType = archive.ar; name = libpostproc.a; path = depends/libs/lib/libpostproc.a; sourceTree = "<group>"; };
		2C58751C1A6AC3E80069F3F1 /* libsmbclient.a */ = {isa = PBXFileReference; lastKnownFileType = archive.ar; name = libsmbclient.a; path = depends/libs/lib/libsmbclient.a; sourceTree = "<group>"; };
		2C58751D1A6AC3E80069F3F1 /* libswresample.a */ = {isa = PBXFileReference; lastKnownFileType = archive.ar; name = libswresample.a; path = depends/libs/lib/libswresample.a; sourceTree = "<group>"; };
		2C58751E1A6AC3E80069F3F1 /* libswscale.a */ = {isa = PBXFileReference; lastKnownFileType = archive.ar; name = libswscale.a; path = depends/libs/lib/libswscale.a; sourceTree = "<group>"; };
		2C5875281A6ACA850069F3F1 /* libtalloc.a */ = {isa = PBXFileReference; lastKnownFileType = archive.ar; name = libtalloc.a; path = depends/libs/lib/libtalloc.a; sourceTree = "<group>"; };
		2C5875291A6ACA850069F3F1 /* libtdb.a */ = {isa = PBXFileReference; lastKnownFileType = archive.ar; name = libtdb.a; path = depends/libs/lib/libtdb.a; sourceTree = "<group>"; };
		2C58752A1A6ACA850069F3F1 /* libtevent.a */ = {isa = PBXFileReference; lastKnownFileType = archive.ar; name = libtevent.a; path = depends/libs/lib/libtevent.a; sourceTree = "<group>"; };
		2C58752B1A6ACA850069F3F1 /* libwbclient.a */ = {isa = PBXFileReference; lastKnownFileType = archive.ar; name = libwbclient.a; path = depends/libs/lib/libwbclient.a; sourceTree = "<group>"; };
		2C5875301A6ADC5A0069F3F1 /* VideoToolbox.framework */ = {isa = PBXFileReference; lastKnownFileType = wrapper.framework; name = VideoToolbox.framework; path = System/Library/Frameworks/VideoToolbox.framework; sourceTree = SDKROOT; };
		2C5875321A6ADC6D0069F3F1 /* AVFoundation.framework */ = {isa = PBXFileReference; lastKnownFileType = wrapper.framework; name = AVFoundation.framework; path = System/Library/Frameworks/AVFoundation.framework; sourceTree = SDKROOT; };
		2C5875361A6AF1590069F3F1 /* VTDecoder.h */ = {isa = PBXFileReference; fileEncoding = 4; lastKnownFileType = sourcecode.c.h; path = VTDecoder.h; sourceTree = "<group>"; };
		2C5875371A6AF1590069F3F1 /* VTDecoder.mm */ = {isa = PBXFileReference; fileEncoding = 4; lastKnownFileType = sourcecode.cpp.objcpp; path = VTDecoder.mm; sourceTree = "<group>"; };
		2C5875391A6AF2390069F3F1 /* CoreMedia.framework */ = {isa = PBXFileReference; lastKnownFileType = wrapper.framework; name = CoreMedia.framework; path = System/Library/Frameworks/CoreMedia.framework; sourceTree = SDKROOT; };
		2C58753B1A6AF7DC0069F3F1 /* AudioDecoder.h */ = {isa = PBXFileReference; fileEncoding = 4; lastKnownFileType = sourcecode.c.h; path = AudioDecoder.h; sourceTree = "<group>"; };
		2C58753C1A6AF7DC0069F3F1 /* AudioDecoder.mm */ = {isa = PBXFileReference; fileEncoding = 4; lastKnownFileType = sourcecode.cpp.objcpp; path = AudioDecoder.mm; sourceTree = "<group>"; };
		2C605E4D1A6BC08000736968 /* AudioOutput.h */ = {isa = PBXFileReference; fileEncoding = 4; lastKnownFileType = sourcecode.c.h; path = AudioOutput.h; sourceTree = "<group>"; };
		2C605E4E1A6BC08000736968 /* AudioOutput.mm */ = {isa = PBXFileReference; fileEncoding = 4; lastKnownFileType = sourcecode.cpp.objcpp; path = AudioOutput.mm; sourceTree = "<group>"; };
		2C605E4F1A6BC08000736968 /* AudioRingBuffer.h */ = {isa = PBXFileReference; fileEncoding = 4; lastKnownFileType = sourcecode.c.h; path = AudioRingBuffer.h; sourceTree = "<group>"; };
		2C605E501A6BC08000736968 /* AudioRingBuffer.mm */ = {isa = PBXFileReference; fileEncoding = 4; lastKnownFileType = sourcecode.cpp.objcpp; path = AudioRingBuffer.mm; sourceTree = "<group>"; };
		2C605E531A6BC25100736968 /* AudioToolbox.framework */ = {isa = PBXFileReference; lastKnownFileType = wrapper.framework; name = AudioToolbox.framework; path = System/Library/Frameworks/AudioToolbox.framework; sourceTree = SDKROOT; };
		2C6E746919C75ECA001D9971 /* SharesTableViewController.h */ = {isa = PBXFileReference; fileEncoding = 4; lastKnownFileType = sourcecode.c.h; path = SharesTableViewController.h; sourceTree = "<group>"; };
		2C6E746A19C75ECA001D9971 /* SharesTableViewController.m */ = {isa = PBXFileReference; fileEncoding = 4; lastKnownFileType = sourcecode.c.objc; path = SharesTableViewController.m; sourceTree = "<group>"; };
		2C719D121A7E46D500CB0B00 /* AudioUnitOutput.h */ = {isa = PBXFileReference; fileEncoding = 4; lastKnownFileType = sourcecode.c.h; path = AudioUnitOutput.h; sourceTree = "<group>"; };
		2C719D131A7E46D500CB0B00 /* AudioUnitOutput.mm */ = {isa = PBXFileReference; fileEncoding = 4; lastKnownFileType = sourcecode.cpp.objcpp; path = AudioUnitOutput.mm; sourceTree = "<group>"; };
		2C72F5C71A90D001007A35AA /* PixateFreestyle.framework */ = {isa = PBXFileReference; lastKnownFileType = wrapper.framework; name = PixateFreestyle.framework; path = ../../../../../Users/sseitov/Documents/SDK/PixateFreestyle/PixateFreestyle.framework; sourceTree = "<group>"; };
		2C72F5C91A90D027007A35AA /* DropboxSDK.framework */ = {isa = PBXFileReference; lastKnownFileType = wrapper.framework; name = DropboxSDK.framework; path = "../../../../../Users/sseitov/Documents/SDK/dropbox-ios-sdk-1.3.13/DropboxSDK.framework"; sourceTree = "<group>"; };
		2C7FD8BE1A6CF62100718477 /* Demuxer.h */ = {isa = PBXFileReference; fileEncoding = 4; lastKnownFileType = sourcecode.c.h; path = Demuxer.h; sourceTree = "<group>"; };
		2C7FD8BF1A6CF62100718477 /* Demuxer.mm */ = {isa = PBXFileReference; fileEncoding = 4; lastKnownFileType = sourcecode.cpp.objcpp; path = Demuxer.mm; sourceTree = "<group>"; };
		2CA1D7171854A78800276C67 /* InfoViewController.h */ = {isa = PBXFileReference; fileEncoding = 4; lastKnownFileType = sourcecode.c.h; name = InfoViewController.h; path = "WD Content/InfoViewController.h"; sourceTree = "<group>"; };
		2CA1D7181854A78800276C67 /* InfoViewController.m */ = {isa = PBXFileReference; fileEncoding = 4; lastKnownFileType = sourcecode.c.objc; name = InfoViewController.m; path = "WD Content/InfoViewController.m"; sourceTree = "<group>"; };
		2CA6B9E31A4567B800AFF041 /* AMSlideMenuContentSegue.h */ = {isa = PBXFileReference; fileEncoding = 4; lastKnownFileType = sourcecode.c.h; name = AMSlideMenuContentSegue.h; path = "WD Content/AMSlideMenu/AMSlideMenuContentSegue.h"; sourceTree = "<group>"; };
		2CA6B9E41A4567B800AFF041 /* AMSlideMenuContentSegue.m */ = {isa = PBXFileReference; fileEncoding = 4; lastKnownFileType = sourcecode.c.objc; name = AMSlideMenuContentSegue.m; path = "WD Content/AMSlideMenu/AMSlideMenuContentSegue.m"; sourceTree = "<group>"; };
		2CA6B9E51A4567B800AFF041 /* AMSlideMenuLeftMenuSegue.h */ = {isa = PBXFileReference; fileEncoding = 4; lastKnownFileType = sourcecode.c.h; name = AMSlideMenuLeftMenuSegue.h; path = "WD Content/AMSlideMenu/AMSlideMenuLeftMenuSegue.h"; sourceTree = "<group>"; };
		2CA6B9E61A4567B800AFF041 /* AMSlideMenuLeftMenuSegue.m */ = {isa = PBXFileReference; fileEncoding = 4; lastKnownFileType = sourcecode.c.objc; name = AMSlideMenuLeftMenuSegue.m; path = "WD Content/AMSlideMenu/AMSlideMenuLeftMenuSegue.m"; sourceTree = "<group>"; };
		2CA6B9E71A4567B800AFF041 /* AMSlideMenuLeftTableViewController.h */ = {isa = PBXFileReference; fileEncoding = 4; lastKnownFileType = sourcecode.c.h; name = AMSlideMenuLeftTableViewController.h; path = "WD Content/AMSlideMenu/AMSlideMenuLeftTableViewController.h"; sourceTree = "<group>"; };
		2CA6B9E81A4567B800AFF041 /* AMSlideMenuLeftTableViewController.m */ = {isa = PBXFileReference; fileEncoding = 4; lastKnownFileType = sourcecode.c.objc; name = AMSlideMenuLeftTableViewController.m; path = "WD Content/AMSlideMenu/AMSlideMenuLeftTableViewController.m"; sourceTree = "<group>"; };
		2CA6B9E91A4567B800AFF041 /* AMSlideMenuMainViewController.h */ = {isa = PBXFileReference; fileEncoding = 4; lastKnownFileType = sourcecode.c.h; name = AMSlideMenuMainViewController.h; path = "WD Content/AMSlideMenu/AMSlideMenuMainViewController.h"; sourceTree = "<group>"; };
		2CA6B9EA1A4567B800AFF041 /* AMSlideMenuMainViewController.m */ = {isa = PBXFileReference; fileEncoding = 4; lastKnownFileType = sourcecode.c.objc; name = AMSlideMenuMainViewController.m; path = "WD Content/AMSlideMenu/AMSlideMenuMainViewController.m"; sourceTree = "<group>"; };
		2CA6B9EB1A4567B800AFF041 /* AMSlideMenuProtocols.h */ = {isa = PBXFileReference; fileEncoding = 4; lastKnownFileType = sourcecode.c.h; name = AMSlideMenuProtocols.h; path = "WD Content/AMSlideMenu/AMSlideMenuProtocols.h"; sourceTree = "<group>"; };
		2CA6B9EC1A4567B800AFF041 /* AMSlideMenuRightMenuSegue.h */ = {isa = PBXFileReference; fileEncoding = 4; lastKnownFileType = sourcecode.c.h; name = AMSlideMenuRightMenuSegue.h; path = "WD Content/AMSlideMenu/AMSlideMenuRightMenuSegue.h"; sourceTree = "<group>"; };
		2CA6B9ED1A4567B800AFF041 /* AMSlideMenuRightMenuSegue.m */ = {isa = PBXFileReference; fileEncoding = 4; lastKnownFileType = sourcecode.c.objc; name = AMSlideMenuRightMenuSegue.m; path = "WD Content/AMSlideMenu/AMSlideMenuRightMenuSegue.m"; sourceTree = "<group>"; };
		2CA6B9EE1A4567B800AFF041 /* AMSlideMenuRightTableViewController.h */ = {isa = PBXFileReference; fileEncoding = 4; lastKnownFileType = sourcecode.c.h; name = AMSlideMenuRightTableViewController.h; path = "WD Content/AMSlideMenu/AMSlideMenuRightTableViewController.h"; sourceTree = "<group>"; };
		2CA6B9EF1A4567B800AFF041 /* AMSlideMenuRightTableViewController.m */ = {isa = PBXFileReference; fileEncoding = 4; lastKnownFileType = sourcecode.c.objc; name = AMSlideMenuRightTableViewController.m; path = "WD Content/AMSlideMenu/AMSlideMenuRightTableViewController.m"; sourceTree = "<group>"; };
		2CA6B9F01A4567B800AFF041 /* UIViewController+AMSlideMenu.h */ = {isa = PBXFileReference; fileEncoding = 4; lastKnownFileType = sourcecode.c.h; name = "UIViewController+AMSlideMenu.h"; path = "WD Content/AMSlideMenu/UIViewController+AMSlideMenu.h"; sourceTree = "<group>"; };
		2CA6B9F11A4567B800AFF041 /* UIViewController+AMSlideMenu.m */ = {isa = PBXFileReference; fileEncoding = 4; lastKnownFileType = sourcecode.c.objc; name = "UIViewController+AMSlideMenu.m"; path = "WD Content/AMSlideMenu/UIViewController+AMSlideMenu.m"; sourceTree = "<group>"; };
		2CA6B9F91A4567DD00AFF041 /* LeftMenuVC.h */ = {isa = PBXFileReference; fileEncoding = 4; lastKnownFileType = sourcecode.c.h; path = LeftMenuVC.h; sourceTree = "<group>"; };
		2CA6B9FA1A4567DD00AFF041 /* LeftMenuVC.m */ = {isa = PBXFileReference; fileEncoding = 4; lastKnownFileType = sourcecode.c.objc; path = LeftMenuVC.m; sourceTree = "<group>"; };
		2CA6B9FB1A4567DD00AFF041 /* MainVC.h */ = {isa = PBXFileReference; fileEncoding = 4; lastKnownFileType = sourcecode.c.h; path = MainVC.h; sourceTree = "<group>"; };
		2CA6B9FC1A4567DD00AFF041 /* MainVC.m */ = {isa = PBXFileReference; fileEncoding = 4; lastKnownFileType = sourcecode.c.objc; path = MainVC.m; sourceTree = "<group>"; };
		2CA6BA021A4569B900AFF041 /* Base */ = {isa = PBXFileReference; lastKnownFileType = file.storyboard; name = Base; path = Base.lproj/Main.storyboard; sourceTree = "<group>"; };
		2CA6BA051A456A1A00AFF041 /* UIColor+CreateMethods.h */ = {isa = PBXFileReference; fileEncoding = 4; lastKnownFileType = sourcecode.c.h; name = "UIColor+CreateMethods.h"; path = "WD Content/AMSlideMenu/Categories/UIColor+CreateMethods.h"; sourceTree = "<group>"; };
		2CA6BA061A456A1A00AFF041 /* UIColor+CreateMethods.m */ = {isa = PBXFileReference; fileEncoding = 4; lastKnownFileType = sourcecode.c.objc; name = "UIColor+CreateMethods.m"; path = "WD Content/AMSlideMenu/Categories/UIColor+CreateMethods.m"; sourceTree = "<group>"; };
		2CA6BA0D1A45BF9700AFF041 /* default.css */ = {isa = PBXFileReference; fileEncoding = 4; lastKnownFileType = text.css; path = default.css; sourceTree = "<group>"; };
		2CA88714187EA87F0074B73E /* ContentModel.xcdatamodel */ = {isa = PBXFileReference; lastKnownFileType = wrapper.xcdatamodel; path = ContentModel.xcdatamodel; sourceTree = "<group>"; };
		2CA8871B187EA9AA0074B73E /* CoreData.framework */ = {isa = PBXFileReference; lastKnownFileType = wrapper.framework; name = CoreData.framework; path = System/Library/Frameworks/CoreData.framework; sourceTree = SDKROOT; };
		2CA8871D187EAEDE0074B73E /* DataModel.h */ = {isa = PBXFileReference; fileEncoding = 4; lastKnownFileType = sourcecode.c.h; path = DataModel.h; sourceTree = "<group>"; };
		2CA8871E187EAEDE0074B73E /* DataModel.mm */ = {isa = PBXFileReference; fileEncoding = 4; lastKnownFileType = sourcecode.cpp.objcpp; path = DataModel.mm; sourceTree = "<group>"; };
		2CA95DC2184B2B4600927138 /* SettingsViewController.h */ = {isa = PBXFileReference; fileEncoding = 4; lastKnownFileType = sourcecode.c.h; path = SettingsViewController.h; sourceTree = "<group>"; };
		2CA95DC3184B2B4600927138 /* SettingsViewController.m */ = {isa = PBXFileReference; fileEncoding = 4; lastKnownFileType = sourcecode.c.objc; path = SettingsViewController.m; sourceTree = "<group>"; };
		2CA95DC5184B2CB700927138 /* SettingsCell.h */ = {isa = PBXFileReference; fileEncoding = 4; lastKnownFileType = sourcecode.c.h; path = SettingsCell.h; sourceTree = "<group>"; };
		2CA95DC6184B2CB700927138 /* SettingsCell.m */ = {isa = PBXFileReference; fileEncoding = 4; lastKnownFileType = sourcecode.c.objc; path = SettingsCell.m; sourceTree = "<group>"; };
		2CAEE6D219C8C7C000B5DDD7 /* Node.h */ = {isa = PBXFileReference; fileEncoding = 4; lastKnownFileType = sourcecode.c.h; path = Node.h; sourceTree = "<group>"; };
		2CAEE6D319C8C7C000B5DDD7 /* Node.m */ = {isa = PBXFileReference; fileEncoding = 4; lastKnownFileType = sourcecode.c.objc; path = Node.m; sourceTree = "<group>"; };
		2CD030DA1A640ED7003B22CA /* Base */ = {isa = PBXFileReference; lastKnownFileType = file.xib; name = Base; path = "WD Content/Base.lproj/LaunchScreen.xib"; sourceTree = "<group>"; };
		ED04A5C419D172C00079C787 /* MetaInfo.h */ = {isa = PBXFileReference; fileEncoding = 4; lastKnownFileType = sourcecode.c.h; path = MetaInfo.h; sourceTree = "<group>"; };
		ED04A5C519D172C00079C787 /* MetaInfo.m */ = {isa = PBXFileReference; fileEncoding = 4; lastKnownFileType = sourcecode.c.objc; path = MetaInfo.m; sourceTree = "<group>"; };
		ED21949F19C9A9690053C8B3 /* TMDB.h */ = {isa = PBXFileReference; fileEncoding = 4; lastKnownFileType = sourcecode.c.h; path = TMDB.h; sourceTree = "<group>"; };
		ED2194A019C9A9690053C8B3 /* TMDB.m */ = {isa = PBXFileReference; fileEncoding = 4; lastKnownFileType = sourcecode.c.objc; path = TMDB.m; sourceTree = "<group>"; };
		ED2194A319C9AA800053C8B3 /* AFHTTPRequestOperation.h */ = {isa = PBXFileReference; fileEncoding = 4; lastKnownFileType = sourcecode.c.h; name = AFHTTPRequestOperation.h; path = AFNetworking/AFHTTPRequestOperation.h; sourceTree = "<group>"; };
		ED2194A419C9AA800053C8B3 /* AFHTTPRequestOperation.m */ = {isa = PBXFileReference; fileEncoding = 4; lastKnownFileType = sourcecode.c.objc; name = AFHTTPRequestOperation.m; path = AFNetworking/AFHTTPRequestOperation.m; sourceTree = "<group>"; };
		ED2194A519C9AA800053C8B3 /* AFHTTPRequestOperationManager.h */ = {isa = PBXFileReference; fileEncoding = 4; lastKnownFileType = sourcecode.c.h; name = AFHTTPRequestOperationManager.h; path = AFNetworking/AFHTTPRequestOperationManager.h; sourceTree = "<group>"; };
		ED2194A619C9AA800053C8B3 /* AFHTTPRequestOperationManager.m */ = {isa = PBXFileReference; fileEncoding = 4; lastKnownFileType = sourcecode.c.objc; name = AFHTTPRequestOperationManager.m; path = AFNetworking/AFHTTPRequestOperationManager.m; sourceTree = "<group>"; };
		ED2194A719C9AA800053C8B3 /* AFHTTPSessionManager.h */ = {isa = PBXFileReference; fileEncoding = 4; lastKnownFileType = sourcecode.c.h; name = AFHTTPSessionManager.h; path = AFNetworking/AFHTTPSessionManager.h; sourceTree = "<group>"; };
		ED2194A819C9AA800053C8B3 /* AFHTTPSessionManager.m */ = {isa = PBXFileReference; fileEncoding = 4; lastKnownFileType = sourcecode.c.objc; name = AFHTTPSessionManager.m; path = AFNetworking/AFHTTPSessionManager.m; sourceTree = "<group>"; };
		ED2194A919C9AA800053C8B3 /* AFNetworking.h */ = {isa = PBXFileReference; fileEncoding = 4; lastKnownFileType = sourcecode.c.h; name = AFNetworking.h; path = AFNetworking/AFNetworking.h; sourceTree = "<group>"; };
		ED2194AA19C9AA800053C8B3 /* AFNetworkReachabilityManager.h */ = {isa = PBXFileReference; fileEncoding = 4; lastKnownFileType = sourcecode.c.h; name = AFNetworkReachabilityManager.h; path = AFNetworking/AFNetworkReachabilityManager.h; sourceTree = "<group>"; };
		ED2194AB19C9AA800053C8B3 /* AFNetworkReachabilityManager.m */ = {isa = PBXFileReference; fileEncoding = 4; lastKnownFileType = sourcecode.c.objc; name = AFNetworkReachabilityManager.m; path = AFNetworking/AFNetworkReachabilityManager.m; sourceTree = "<group>"; };
		ED2194AC19C9AA800053C8B3 /* AFSecurityPolicy.h */ = {isa = PBXFileReference; fileEncoding = 4; lastKnownFileType = sourcecode.c.h; name = AFSecurityPolicy.h; path = AFNetworking/AFSecurityPolicy.h; sourceTree = "<group>"; };
		ED2194AD19C9AA800053C8B3 /* AFSecurityPolicy.m */ = {isa = PBXFileReference; fileEncoding = 4; lastKnownFileType = sourcecode.c.objc; name = AFSecurityPolicy.m; path = AFNetworking/AFSecurityPolicy.m; sourceTree = "<group>"; };
		ED2194AE19C9AA800053C8B3 /* AFURLConnectionOperation.h */ = {isa = PBXFileReference; fileEncoding = 4; lastKnownFileType = sourcecode.c.h; name = AFURLConnectionOperation.h; path = AFNetworking/AFURLConnectionOperation.h; sourceTree = "<group>"; };
		ED2194AF19C9AA800053C8B3 /* AFURLConnectionOperation.m */ = {isa = PBXFileReference; fileEncoding = 4; lastKnownFileType = sourcecode.c.objc; name = AFURLConnectionOperation.m; path = AFNetworking/AFURLConnectionOperation.m; sourceTree = "<group>"; };
		ED2194B019C9AA800053C8B3 /* AFURLRequestSerialization.h */ = {isa = PBXFileReference; fileEncoding = 4; lastKnownFileType = sourcecode.c.h; name = AFURLRequestSerialization.h; path = AFNetworking/AFURLRequestSerialization.h; sourceTree = "<group>"; };
		ED2194B119C9AA800053C8B3 /* AFURLRequestSerialization.m */ = {isa = PBXFileReference; fileEncoding = 4; lastKnownFileType = sourcecode.c.objc; name = AFURLRequestSerialization.m; path = AFNetworking/AFURLRequestSerialization.m; sourceTree = "<group>"; };
		ED2194B219C9AA800053C8B3 /* AFURLResponseSerialization.h */ = {isa = PBXFileReference; fileEncoding = 4; lastKnownFileType = sourcecode.c.h; name = AFURLResponseSerialization.h; path = AFNetworking/AFURLResponseSerialization.h; sourceTree = "<group>"; };
		ED2194B319C9AA800053C8B3 /* AFURLResponseSerialization.m */ = {isa = PBXFileReference; fileEncoding = 4; lastKnownFileType = sourcecode.c.objc; name = AFURLResponseSerialization.m; path = AFNetworking/AFURLResponseSerialization.m; sourceTree = "<group>"; };
		ED2194B419C9AA800053C8B3 /* AFURLSessionManager.h */ = {isa = PBXFileReference; fileEncoding = 4; lastKnownFileType = sourcecode.c.h; name = AFURLSessionManager.h; path = AFNetworking/AFURLSessionManager.h; sourceTree = "<group>"; };
		ED2194B519C9AA800053C8B3 /* AFURLSessionManager.m */ = {isa = PBXFileReference; fileEncoding = 4; lastKnownFileType = sourcecode.c.objc; name = AFURLSessionManager.m; path = AFNetworking/AFURLSessionManager.m; sourceTree = "<group>"; };
		EDDC271819C6F051004D5F14 /* MBProgressHUD.h */ = {isa = PBXFileReference; fileEncoding = 4; lastKnownFileType = sourcecode.c.h; path = MBProgressHUD.h; sourceTree = "<group>"; };
		EDDC271919C6F051004D5F14 /* MBProgressHUD.m */ = {isa = PBXFileReference; fileEncoding = 4; lastKnownFileType = sourcecode.c.objc; path = MBProgressHUD.m; sourceTree = "<group>"; };
/* End PBXFileReference section */

/* Begin PBXFrameworksBuildPhase section */
		2C125EA31848C74B00406FC3 /* Frameworks */ = {
			isa = PBXFrameworksBuildPhase;
			buildActionMask = 2147483647;
			files = (
				2C3E5BDF1A4421990046AFC4 /* libc++.dylib in Frameworks */,
				2C1701271849271A00A37516 /* libz.dylib in Frameworks */,
				2C1701251849270200A37516 /* libiconv.dylib in Frameworks */,
				2C170123184926EF00A37516 /* libresolv.dylib in Frameworks */,
				2C58751F1A6AC3E80069F3F1 /* libavcodec.a in Frameworks */,
				2C5875201A6AC3E80069F3F1 /* libavdevice.a in Frameworks */,
				2C5875211A6AC3E80069F3F1 /* libavfilter.a in Frameworks */,
				2C5875221A6AC3E80069F3F1 /* libavformat.a in Frameworks */,
				2C5875231A6AC3E80069F3F1 /* libavutil.a in Frameworks */,
				2C5875241A6AC3E80069F3F1 /* libpostproc.a in Frameworks */,
				2C5875261A6AC3E80069F3F1 /* libswresample.a in Frameworks */,
				2C5875271A6AC3E80069F3F1 /* libswscale.a in Frameworks */,
				2C58752C1A6ACA850069F3F1 /* libtalloc.a in Frameworks */,
				2C58752D1A6ACA850069F3F1 /* libtdb.a in Frameworks */,
				2C58752E1A6ACA850069F3F1 /* libtevent.a in Frameworks */,
				2C58752F1A6ACA850069F3F1 /* libwbclient.a in Frameworks */,
				2C5875251A6AC3E80069F3F1 /* libsmbclient.a in Frameworks */,
				2C72F5CA1A90D027007A35AA /* DropboxSDK.framework in Frameworks */,
				2C72F5C81A90D001007A35AA /* PixateFreestyle.framework in Frameworks */,
				2C58753A1A6AF2390069F3F1 /* CoreMedia.framework in Frameworks */,
				2C5875331A6ADC6D0069F3F1 /* AVFoundation.framework in Frameworks */,
				2C5875311A6ADC5A0069F3F1 /* VideoToolbox.framework in Frameworks */,
				2C605E541A6BC25100736968 /* AudioToolbox.framework in Frameworks */,
				2C0AB2B71A4AF06C0007D700 /* Security.framework in Frameworks */,
				2CA8871C187EA9AA0074B73E /* CoreData.framework in Frameworks */,
				2C125EAC1848C74B00406FC3 /* CoreGraphics.framework in Frameworks */,
				2C125EAE1848C74B00406FC3 /* UIKit.framework in Frameworks */,
				2C125EAA1848C74B00406FC3 /* Foundation.framework in Frameworks */,
			);
			runOnlyForDeploymentPostprocessing = 0;
		};
/* End PBXFrameworksBuildPhase section */

/* Begin PBXGroup section */
		2C125E9D1848C74B00406FC3 = {
			isa = PBXGroup;
			children = (
				2CA6B9E21A45679F00AFF041 /* AMSlideMenu */,
				2C1701141849261800A37516 /* Samba */,
				2C125EAF1848C74B00406FC3 /* WD Content */,
				2C1701101849251D00A37516 /* Resources */,
				2C125EB01848C74B00406FC3 /* Supporting Files */,
				2C125EA81848C74B00406FC3 /* Frameworks */,
				2C125EA71848C74B00406FC3 /* Products */,
			);
			sourceTree = "<group>";
			usesTabs = 1;
			wrapsLines = 0;
		};
		2C125EA71848C74B00406FC3 /* Products */ = {
			isa = PBXGroup;
			children = (
				2C125EA61848C74B00406FC3 /* WD Content.app */,
			);
			name = Products;
			sourceTree = "<group>";
		};
		2C125EA81848C74B00406FC3 /* Frameworks */ = {
			isa = PBXGroup;
			children = (
				2C3E5BDE1A4421990046AFC4 /* libc++.dylib */,
				2C1701261849271A00A37516 /* libz.dylib */,
				2C1701241849270200A37516 /* libiconv.dylib */,
				2C170122184926EF00A37516 /* libresolv.dylib */,
				2C5875161A6AC3E80069F3F1 /* libavcodec.a */,
				2C5875171A6AC3E80069F3F1 /* libavdevice.a */,
				2C5875181A6AC3E80069F3F1 /* libavfilter.a */,
				2C5875191A6AC3E80069F3F1 /* libavformat.a */,
				2C58751A1A6AC3E80069F3F1 /* libavutil.a */,
				2C58751B1A6AC3E80069F3F1 /* libpostproc.a */,
				2C58751D1A6AC3E80069F3F1 /* libswresample.a */,
				2C58751E1A6AC3E80069F3F1 /* libswscale.a */,
				2C5875281A6ACA850069F3F1 /* libtalloc.a */,
				2C5875291A6ACA850069F3F1 /* libtdb.a */,
				2C58752A1A6ACA850069F3F1 /* libtevent.a */,
				2C58752B1A6ACA850069F3F1 /* libwbclient.a */,
				2C58751C1A6AC3E80069F3F1 /* libsmbclient.a */,
				2C72F5C91A90D027007A35AA /* DropboxSDK.framework */,
				2C72F5C71A90D001007A35AA /* PixateFreestyle.framework */,
				2C605E531A6BC25100736968 /* AudioToolbox.framework */,
				2C5875391A6AF2390069F3F1 /* CoreMedia.framework */,
				2C5875321A6ADC6D0069F3F1 /* AVFoundation.framework */,
				2C5875301A6ADC5A0069F3F1 /* VideoToolbox.framework */,
				2C0AB2B61A4AF06C0007D700 /* Security.framework */,
				2CA8871B187EA9AA0074B73E /* CoreData.framework */,
				2C125EA91848C74B00406FC3 /* Foundation.framework */,
				2C125EAB1848C74B00406FC3 /* CoreGraphics.framework */,
				2C125EAD1848C74B00406FC3 /* UIKit.framework */,
			);
			name = Frameworks;
			sourceTree = "<group>";
		};
		2C125EAF1848C74B00406FC3 /* WD Content */ = {
			isa = PBXGroup;
			children = (
				2C5874FD1A6AC2470069F3F1 /* Video */,
				2CA88710187EA7CB0074B73E /* Network */,
				2CA88716187EA88C0074B73E /* CoreData */,
				2CA88711187EA8080074B73E /* Settings */,
				EDDC271719C6EA85004D5F14 /* Content */,
				2CA6B9F91A4567DD00AFF041 /* LeftMenuVC.h */,
				2CA6B9FA1A4567DD00AFF041 /* LeftMenuVC.m */,
				2CA6B9FB1A4567DD00AFF041 /* MainVC.h */,
				2CA6B9FC1A4567DD00AFF041 /* MainVC.m */,
				2C125EB81848C74B00406FC3 /* AppDelegate.h */,
				2C125EB91848C74B00406FC3 /* AppDelegate.m */,
				EDDC271819C6F051004D5F14 /* MBProgressHUD.h */,
				EDDC271919C6F051004D5F14 /* MBProgressHUD.m */,
			);
			path = "WD Content";
			sourceTree = "<group>";
		};
		2C125EB01848C74B00406FC3 /* Supporting Files */ = {
			isa = PBXGroup;
			children = (
				2C125EB11848C74B00406FC3 /* WD Content-Info.plist */,
				2C125EB21848C74B00406FC3 /* InfoPlist.strings */,
				2C125EB51848C74B00406FC3 /* main.m */,
				2C125EB71848C74B00406FC3 /* WD Content-Prefix.pch */,
			);
			name = "Supporting Files";
			path = "WD Content";
			sourceTree = "<group>";
		};
		2C1701101849251D00A37516 /* Resources */ = {
			isa = PBXGroup;
			children = (
				2CDF099719C58AD000A1B3B9 /* Images */,
				2CA6BA0D1A45BF9700AFF041 /* default.css */,
				2CD030D91A640ED7003B22CA /* LaunchScreen.xib */,
				2CA6BA031A4569B900AFF041 /* Main.storyboard */,
				2C125EC41848C74B00406FC3 /* Images.xcassets */,
			);
			name = Resources;
			sourceTree = "<group>";
		};
		2C1701141849261800A37516 /* Samba */ = {
			isa = PBXGroup;
			children = (
				2C1701161849266700A37516 /* libsmbclient.h */,
				2C17011B1849266700A37516 /* talloc_stack.h */,
				2C17011C1849266700A37516 /* talloc.h */,
				2C1701151849266700A37516 /* libsmbclient.a */,
				2C1701171849266700A37516 /* libtalloc.a */,
				2C1701181849266700A37516 /* libtdb.a */,
				2C1701191849266700A37516 /* libtevent.a */,
				2C17011A1849266700A37516 /* libwbclient.a */,
			);
			name = Samba;
			sourceTree = "<group>";
		};
		2C5874FD1A6AC2470069F3F1 /* Video */ = {
			isa = PBXGroup;
			children = (
				2C605E4D1A6BC08000736968 /* AudioOutput.h */,
				2C605E4E1A6BC08000736968 /* AudioOutput.mm */,
				2C605E4F1A6BC08000736968 /* AudioRingBuffer.h */,
				2C605E501A6BC08000736968 /* AudioRingBuffer.mm */,
				2C719D121A7E46D500CB0B00 /* AudioUnitOutput.h */,
				2C719D131A7E46D500CB0B00 /* AudioUnitOutput.mm */,
				2C58753B1A6AF7DC0069F3F1 /* AudioDecoder.h */,
				2C58753C1A6AF7DC0069F3F1 /* AudioDecoder.mm */,
				2C5875361A6AF1590069F3F1 /* VTDecoder.h */,
				2C5875371A6AF1590069F3F1 /* VTDecoder.mm */,
				2C0D90D31A95F1F100E13BC9 /* Decoder.h */,
				2C0D90D41A95F1F100E13BC9 /* Decoder.mm */,
				2C7FD8BE1A6CF62100718477 /* Demuxer.h */,
				2C7FD8BF1A6CF62100718477 /* Demuxer.mm */,
				2C5875001A6AC25D0069F3F1 /* VideoViewController.h */,
				2C5875011A6AC25D0069F3F1 /* VideoViewController.mm */,
			);
			name = Video;
			sourceTree = "<group>";
		};
		2CA6B9E21A45679F00AFF041 /* AMSlideMenu */ = {
			isa = PBXGroup;
			children = (
				2CA6BA041A456A0600AFF041 /* Categories */,
				2CA6B9E31A4567B800AFF041 /* AMSlideMenuContentSegue.h */,
				2CA6B9E41A4567B800AFF041 /* AMSlideMenuContentSegue.m */,
				2CA6B9E51A4567B800AFF041 /* AMSlideMenuLeftMenuSegue.h */,
				2CA6B9E61A4567B800AFF041 /* AMSlideMenuLeftMenuSegue.m */,
				2CA6B9E71A4567B800AFF041 /* AMSlideMenuLeftTableViewController.h */,
				2CA6B9E81A4567B800AFF041 /* AMSlideMenuLeftTableViewController.m */,
				2CA6B9E91A4567B800AFF041 /* AMSlideMenuMainViewController.h */,
				2CA6B9EA1A4567B800AFF041 /* AMSlideMenuMainViewController.m */,
				2CA6B9EB1A4567B800AFF041 /* AMSlideMenuProtocols.h */,
				2CA6B9EC1A4567B800AFF041 /* AMSlideMenuRightMenuSegue.h */,
				2CA6B9ED1A4567B800AFF041 /* AMSlideMenuRightMenuSegue.m */,
				2CA6B9EE1A4567B800AFF041 /* AMSlideMenuRightTableViewController.h */,
				2CA6B9EF1A4567B800AFF041 /* AMSlideMenuRightTableViewController.m */,
				2CA6B9F01A4567B800AFF041 /* UIViewController+AMSlideMenu.h */,
				2CA6B9F11A4567B800AFF041 /* UIViewController+AMSlideMenu.m */,
			);
			name = AMSlideMenu;
			sourceTree = "<group>";
		};
		2CA6BA041A456A0600AFF041 /* Categories */ = {
			isa = PBXGroup;
			children = (
				2CA6BA051A456A1A00AFF041 /* UIColor+CreateMethods.h */,
				2CA6BA061A456A1A00AFF041 /* UIColor+CreateMethods.m */,
			);
			name = Categories;
			sourceTree = "<group>";
		};
		2CA88710187EA7CB0074B73E /* Network */ = {
			isa = PBXGroup;
			children = (
				ED2194A219C9AA6D0053C8B3 /* AFNetworking */,
				2C170111184925F800A37516 /* KxSMBProvider.h */,
				2C170112184925F800A37516 /* KxSMBProvider.m */,
				ED21949F19C9A9690053C8B3 /* TMDB.h */,
				ED2194A019C9A9690053C8B3 /* TMDB.m */,
			);
			name = Network;
			sourceTree = "<group>";
		};
		2CA88711187EA8080074B73E /* Settings */ = {
			isa = PBXGroup;
			children = (
				2CA95DC2184B2B4600927138 /* SettingsViewController.h */,
				2CA95DC3184B2B4600927138 /* SettingsViewController.m */,
				2C3FDF121A4B7AEC0019ECD3 /* SettingsHeaderView.h */,
				2C3FDF131A4B7AEC0019ECD3 /* SettingsHeaderView.m */,
				2CA95DC5184B2CB700927138 /* SettingsCell.h */,
				2CA95DC6184B2CB700927138 /* SettingsCell.m */,
				2C6E746919C75ECA001D9971 /* SharesTableViewController.h */,
				2C6E746A19C75ECA001D9971 /* SharesTableViewController.m */,
			);
			name = Settings;
			sourceTree = "<group>";
		};
		2CA88716187EA88C0074B73E /* CoreData */ = {
			isa = PBXGroup;
			children = (
				ED04A5C419D172C00079C787 /* MetaInfo.h */,
				ED04A5C519D172C00079C787 /* MetaInfo.m */,
				2CAEE6D219C8C7C000B5DDD7 /* Node.h */,
				2CAEE6D319C8C7C000B5DDD7 /* Node.m */,
				2CA8871D187EAEDE0074B73E /* DataModel.h */,
				2CA8871E187EAEDE0074B73E /* DataModel.mm */,
				2CA88713187EA87F0074B73E /* ContentModel.xcdatamodeld */,
				2C0AB2B81A4B37F60007D700 /* DropboxClient.h */,
				2C0AB2B91A4B37F60007D700 /* DropboxClient.m */,
			);
			name = CoreData;
			sourceTree = "<group>";
		};
		2CDF099719C58AD000A1B3B9 /* Images */ = {
			isa = PBXGroup;
			children = (
				2C0D90D61A96271400E13BC9 /* logo.png */,
				2C378CE719EA802D00C69ADA /* collection.png */,
				2C378CE819EA802D00C69ADA /* list.png */,
			);
			name = Images;
			sourceTree = "<group>";
		};
		ED2194A219C9AA6D0053C8B3 /* AFNetworking */ = {
			isa = PBXGroup;
			children = (
				ED2194A319C9AA800053C8B3 /* AFHTTPRequestOperation.h */,
				ED2194A419C9AA800053C8B3 /* AFHTTPRequestOperation.m */,
				ED2194A519C9AA800053C8B3 /* AFHTTPRequestOperationManager.h */,
				ED2194A619C9AA800053C8B3 /* AFHTTPRequestOperationManager.m */,
				ED2194A719C9AA800053C8B3 /* AFHTTPSessionManager.h */,
				ED2194A819C9AA800053C8B3 /* AFHTTPSessionManager.m */,
				ED2194A919C9AA800053C8B3 /* AFNetworking.h */,
				ED2194AA19C9AA800053C8B3 /* AFNetworkReachabilityManager.h */,
				ED2194AB19C9AA800053C8B3 /* AFNetworkReachabilityManager.m */,
				ED2194AC19C9AA800053C8B3 /* AFSecurityPolicy.h */,
				ED2194AD19C9AA800053C8B3 /* AFSecurityPolicy.m */,
				ED2194AE19C9AA800053C8B3 /* AFURLConnectionOperation.h */,
				ED2194AF19C9AA800053C8B3 /* AFURLConnectionOperation.m */,
				ED2194B019C9AA800053C8B3 /* AFURLRequestSerialization.h */,
				ED2194B119C9AA800053C8B3 /* AFURLRequestSerialization.m */,
				ED2194B219C9AA800053C8B3 /* AFURLResponseSerialization.h */,
				ED2194B319C9AA800053C8B3 /* AFURLResponseSerialization.m */,
				ED2194B419C9AA800053C8B3 /* AFURLSessionManager.h */,
				ED2194B519C9AA800053C8B3 /* AFURLSessionManager.m */,
			);
			name = AFNetworking;
			sourceTree = "<group>";
		};
		EDDC271719C6EA85004D5F14 /* Content */ = {
			isa = PBXGroup;
			children = (
				2C0644EF19CD9867002F5F49 /* SearchInfoTableViewController.h */,
				2C0644F019CD9867002F5F49 /* SearchInfoTableViewController.m */,
				2CA1D7171854A78800276C67 /* InfoViewController.h */,
				2CA1D7181854A78800276C67 /* InfoViewController.m */,
				2C1701091848F68200A37516 /* Cell.h */,
				2C17010A1848F68200A37516 /* Cell.m */,
				2C125EC11848C74B00406FC3 /* CollectionViewController.h */,
				2C125EC21848C74B00406FC3 /* CollectionViewController.m */,
			);
			name = Content;
			path = ..;
			sourceTree = "<group>";
		};
/* End PBXGroup section */

/* Begin PBXNativeTarget section */
		2C125EA51848C74B00406FC3 /* WD Content */ = {
			isa = PBXNativeTarget;
			buildConfigurationList = 2C125EDB1848C74B00406FC3 /* Build configuration list for PBXNativeTarget "WD Content" */;
			buildPhases = (
				2C125EA21848C74B00406FC3 /* Sources */,
				2C125EA31848C74B00406FC3 /* Frameworks */,
				2C125EA41848C74B00406FC3 /* Resources */,
			);
			buildRules = (
			);
			dependencies = (
			);
			name = "WD Content";
			productName = "WD Content";
			productReference = 2C125EA61848C74B00406FC3 /* WD Content.app */;
			productType = "com.apple.product-type.application";
		};
/* End PBXNativeTarget section */

/* Begin PBXProject section */
		2C125E9E1848C74B00406FC3 /* Project object */ = {
			isa = PBXProject;
			attributes = {
				LastUpgradeCheck = 0610;
				ORGANIZATIONNAME = "Sergey Seitov";
				TargetAttributes = {
					2C125EA51848C74B00406FC3 = {
						DevelopmentTeam = 7TSVKXZ79P;
					};
				};
			};
			buildConfigurationList = 2C125EA11848C74B00406FC3 /* Build configuration list for PBXProject "WD Content" */;
			compatibilityVersion = "Xcode 3.2";
			developmentRegion = English;
			hasScannedForEncodings = 0;
			knownRegions = (
				en,
				Base,
			);
			mainGroup = 2C125E9D1848C74B00406FC3;
			productRefGroup = 2C125EA71848C74B00406FC3 /* Products */;
			projectDirPath = "";
			projectRoot = "";
			targets = (
				2C125EA51848C74B00406FC3 /* WD Content */,
			);
		};
/* End PBXProject section */

/* Begin PBXResourcesBuildPhase section */
		2C125EA41848C74B00406FC3 /* Resources */ = {
			isa = PBXResourcesBuildPhase;
			buildActionMask = 2147483647;
			files = (
				2C125EC51848C74B00406FC3 /* Images.xcassets in Resources */,
				2CA6BA011A4569B900AFF041 /* Main.storyboard in Resources */,
				2C378CEA19EA802D00C69ADA /* collection.png in Resources */,
				2CD030DB1A640ED7003B22CA /* LaunchScreen.xib in Resources */,
				2C0D90D71A96271400E13BC9 /* logo.png in Resources */,
				2C125EB41848C74B00406FC3 /* InfoPlist.strings in Resources */,
				2C378CEB19EA802D00C69ADA /* list.png in Resources */,
				2CA6BA0E1A45BF9700AFF041 /* default.css in Resources */,
			);
			runOnlyForDeploymentPostprocessing = 0;
		};
/* End PBXResourcesBuildPhase section */

/* Begin PBXSourcesBuildPhase section */
		2C125EA21848C74B00406FC3 /* Sources */ = {
			isa = PBXSourcesBuildPhase;
			buildActionMask = 2147483647;
			files = (
				ED2194A119C9A9690053C8B3 /* TMDB.m in Sources */,
				2CA95DC7184B2CB700927138 /* SettingsCell.m in Sources */,
				2C605E521A6BC08000736968 /* AudioRingBuffer.mm in Sources */,
				2C6E746B19C75ECA001D9971 /* SharesTableViewController.m in Sources */,
				ED2194B819C9AA800053C8B3 /* AFHTTPSessionManager.m in Sources */,
				2C125EC31848C74B00406FC3 /* CollectionViewController.m in Sources */,
				2CA6B9FE1A4567DD00AFF041 /* MainVC.m in Sources */,
				ED2194B919C9AA800053C8B3 /* AFNetworkReachabilityManager.m in Sources */,
				2CA6B9F61A4567B800AFF041 /* AMSlideMenuRightMenuSegue.m in Sources */,
				ED2194B619C9AA800053C8B3 /* AFHTTPRequestOperation.m in Sources */,
				ED2194BC19C9AA800053C8B3 /* AFURLRequestSerialization.m in Sources */,
				ED2194BB19C9AA800053C8B3 /* AFURLConnectionOperation.m in Sources */,
				2C5875031A6AC25D0069F3F1 /* VideoViewController.mm in Sources */,
				2C0AB2BA1A4B37F60007D700 /* DropboxClient.m in Sources */,
				ED2194BE19C9AA800053C8B3 /* AFURLSessionManager.m in Sources */,
				2CA6B9F51A4567B800AFF041 /* AMSlideMenuMainViewController.m in Sources */,
				2C7FD8C01A6CF62100718477 /* Demuxer.mm in Sources */,
				2CA6B9FD1A4567DD00AFF041 /* LeftMenuVC.m in Sources */,
				2C170113184925F800A37516 /* KxSMBProvider.m in Sources */,
				2CA88715187EA87F0074B73E /* ContentModel.xcdatamodeld in Sources */,
				2C17010B1848F68200A37516 /* Cell.m in Sources */,
				2CA6B9F71A4567B800AFF041 /* AMSlideMenuRightTableViewController.m in Sources */,
				2CA8871F187EAEDE0074B73E /* DataModel.mm in Sources */,
				2CAEE6D419C8C7C000B5DDD7 /* Node.m in Sources */,
				2C5875381A6AF1590069F3F1 /* VTDecoder.mm in Sources */,
				2CA95DC4184B2B4600927138 /* SettingsViewController.m in Sources */,
				2C125EBA1848C74B00406FC3 /* AppDelegate.m in Sources */,
				2C3FDF141A4B7AEC0019ECD3 /* SettingsHeaderView.m in Sources */,
				2CA1D7191854A78800276C67 /* InfoViewController.m in Sources */,
				2CA6B9F81A4567B800AFF041 /* UIViewController+AMSlideMenu.m in Sources */,
				2C125EB61848C74B00406FC3 /* main.m in Sources */,
				2C719D141A7E46D500CB0B00 /* AudioUnitOutput.mm in Sources */,
				2C0D90D51A95F1F100E13BC9 /* Decoder.mm in Sources */,
				2CA6B9F31A4567B800AFF041 /* AMSlideMenuLeftMenuSegue.m in Sources */,
				ED2194BA19C9AA800053C8B3 /* AFSecurityPolicy.m in Sources */,
				ED2194B719C9AA800053C8B3 /* AFHTTPRequestOperationManager.m in Sources */,
				EDDC271A19C6F051004D5F14 /* MBProgressHUD.m in Sources */,
				2C58753D1A6AF7DC0069F3F1 /* AudioDecoder.mm in Sources */,
				2C605E511A6BC08000736968 /* AudioOutput.mm in Sources */,
				2C0644F119CD9867002F5F49 /* SearchInfoTableViewController.m in Sources */,
				ED04A5C619D172C00079C787 /* MetaInfo.m in Sources */,
				2CA6B9F41A4567B800AFF041 /* AMSlideMenuLeftTableViewController.m in Sources */,
				2CA6B9F21A4567B800AFF041 /* AMSlideMenuContentSegue.m in Sources */,
				ED2194BD19C9AA800053C8B3 /* AFURLResponseSerialization.m in Sources */,
				2CA6BA071A456A1A00AFF041 /* UIColor+CreateMethods.m in Sources */,
			);
			runOnlyForDeploymentPostprocessing = 0;
		};
/* End PBXSourcesBuildPhase section */

/* Begin PBXVariantGroup section */
		2C125EB21848C74B00406FC3 /* InfoPlist.strings */ = {
			isa = PBXVariantGroup;
			children = (
				2C125EB31848C74B00406FC3 /* en */,
			);
			name = InfoPlist.strings;
			sourceTree = "<group>";
		};
		2CA6BA031A4569B900AFF041 /* Main.storyboard */ = {
			isa = PBXVariantGroup;
			children = (
				2CA6BA021A4569B900AFF041 /* Base */,
			);
			name = Main.storyboard;
			path = "WD Content";
			sourceTree = "<group>";
		};
		2CD030D91A640ED7003B22CA /* LaunchScreen.xib */ = {
			isa = PBXVariantGroup;
			children = (
				2CD030DA1A640ED7003B22CA /* Base */,
			);
			name = LaunchScreen.xib;
			sourceTree = "<group>";
		};
/* End PBXVariantGroup section */

/* Begin XCBuildConfiguration section */
		2C125ED91848C74B00406FC3 /* Debug */ = {
			isa = XCBuildConfiguration;
			buildSettings = {
				ALWAYS_SEARCH_USER_PATHS = NO;
				CLANG_CXX_LANGUAGE_STANDARD = "gnu++0x";
				CLANG_CXX_LIBRARY = "libc++";
				CLANG_ENABLE_MODULES = YES;
				CLANG_ENABLE_OBJC_ARC = YES;
				CLANG_WARN_BOOL_CONVERSION = YES;
				CLANG_WARN_CONSTANT_CONVERSION = YES;
				CLANG_WARN_DIRECT_OBJC_ISA_USAGE = YES_ERROR;
				CLANG_WARN_EMPTY_BODY = YES;
				CLANG_WARN_ENUM_CONVERSION = YES;
				CLANG_WARN_INT_CONVERSION = YES;
				CLANG_WARN_OBJC_ROOT_CLASS = YES_ERROR;
				CLANG_WARN__DUPLICATE_METHOD_MATCH = YES;
				CODE_SIGN_IDENTITY = "iPhone Developer: Sergey Seitov (RXAUVFWR8G)";
				"CODE_SIGN_IDENTITY[sdk=iphoneos*]" = "iPhone Developer: Sergey Seitov (RXAUVFWR8G)";
				COPY_PHASE_STRIP = NO;
				GCC_C_LANGUAGE_STANDARD = gnu99;
				GCC_DYNAMIC_NO_PIC = NO;
				GCC_OPTIMIZATION_LEVEL = 0;
				GCC_PREPROCESSOR_DEFINITIONS = (
					"DEBUG=1",
					"$(inherited)",
				);
				GCC_SYMBOLS_PRIVATE_EXTERN = NO;
				GCC_WARN_64_TO_32_BIT_CONVERSION = YES;
				GCC_WARN_ABOUT_RETURN_TYPE = YES_ERROR;
				GCC_WARN_UNDECLARED_SELECTOR = YES;
				GCC_WARN_UNINITIALIZED_AUTOS = YES;
				GCC_WARN_UNUSED_FUNCTION = YES;
				GCC_WARN_UNUSED_VARIABLE = YES;
				IPHONEOS_DEPLOYMENT_TARGET = 8.0;
				ONLY_ACTIVE_ARCH = YES;
				PROVISIONING_PROFILE = "f0389d62-ea12-4baa-9c84-a093074bfadf";
				SDKROOT = iphoneos;
				TARGETED_DEVICE_FAMILY = "1,2";
				VALID_ARCHS = "armv7 armv7s arm64";
			};
			name = Debug;
		};
		2C125EDA1848C74B00406FC3 /* Release */ = {
			isa = XCBuildConfiguration;
			buildSettings = {
				ALWAYS_SEARCH_USER_PATHS = NO;
				CLANG_CXX_LANGUAGE_STANDARD = "gnu++0x";
				CLANG_CXX_LIBRARY = "libc++";
				CLANG_ENABLE_MODULES = YES;
				CLANG_ENABLE_OBJC_ARC = YES;
				CLANG_WARN_BOOL_CONVERSION = YES;
				CLANG_WARN_CONSTANT_CONVERSION = YES;
				CLANG_WARN_DIRECT_OBJC_ISA_USAGE = YES_ERROR;
				CLANG_WARN_EMPTY_BODY = YES;
				CLANG_WARN_ENUM_CONVERSION = YES;
				CLANG_WARN_INT_CONVERSION = YES;
				CLANG_WARN_OBJC_ROOT_CLASS = YES_ERROR;
				CLANG_WARN__DUPLICATE_METHOD_MATCH = YES;
				CODE_SIGN_IDENTITY = "iPhone Distribution: Sergey Seitov (7TSVKXZ79P)";
				"CODE_SIGN_IDENTITY[sdk=iphoneos*]" = "iPhone Distribution: Sergey Seitov (7TSVKXZ79P)";
				COPY_PHASE_STRIP = YES;
				ENABLE_NS_ASSERTIONS = NO;
				GCC_C_LANGUAGE_STANDARD = gnu99;
				GCC_WARN_64_TO_32_BIT_CONVERSION = YES;
				GCC_WARN_ABOUT_RETURN_TYPE = YES_ERROR;
				GCC_WARN_UNDECLARED_SELECTOR = YES;
				GCC_WARN_UNINITIALIZED_AUTOS = YES;
				GCC_WARN_UNUSED_FUNCTION = YES;
				GCC_WARN_UNUSED_VARIABLE = YES;
				IPHONEOS_DEPLOYMENT_TARGET = 8.0;
				PROVISIONING_PROFILE = "7eb12b62-373d-4845-902d-145223504c73";
				SDKROOT = iphoneos;
				TARGETED_DEVICE_FAMILY = "1,2";
				VALIDATE_PRODUCT = YES;
				VALID_ARCHS = "armv7 armv7s arm64";
			};
			name = Release;
		};
		2C125EDC1848C74B00406FC3 /* Debug */ = {
			isa = XCBuildConfiguration;
			buildSettings = {
				ASSETCATALOG_COMPILER_APPICON_NAME = AppIcon;
				CODE_SIGN_IDENTITY = "iPhone Developer";
				"CODE_SIGN_IDENTITY[sdk=iphoneos*]" = "iPhone Developer";
				FRAMEWORK_SEARCH_PATHS = (
					"$(inherited)",
					/Users/sseitov/Documents/SDK/PixateFreestyle,
					"/Users/sseitov/Documents/SDK/dropbox-ios-sdk-1.3.13",
				);
				GCC_PRECOMPILE_PREFIX_HEADER = YES;
				GCC_PREFIX_HEADER = "WD Content/WD Content-Prefix.pch";
				HEADER_SEARCH_PATHS = (
					"$(inherited)",
					/Applications/Xcode.app/Contents/Developer/Toolchains/XcodeDefault.xctoolchain/usr/include,
					./depends/libs/include,
				);
				INFOPLIST_FILE = "WD Content/WD Content-Info.plist";
				IPHONEOS_DEPLOYMENT_TARGET = 8.0;
				LIBRARY_SEARCH_PATHS = (
					"$(inherited)",
					./depends/libs/lib,
				);
				ONLY_ACTIVE_ARCH = YES;
				PRODUCT_NAME = "$(TARGET_NAME)";
				PROVISIONING_PROFILE = "f0389d62-ea12-4baa-9c84-a093074bfadf";
				TARGETED_DEVICE_FAMILY = "1,2";
				WRAPPER_EXTENSION = app;
			};
			name = Debug;
		};
		2C125EDD1848C74B00406FC3 /* Release */ = {
			isa = XCBuildConfiguration;
			buildSettings = {
				ASSETCATALOG_COMPILER_APPICON_NAME = AppIcon;
				CODE_SIGN_IDENTITY = "iPhone Distribution: Sergey Seitov (7TSVKXZ79P)";
				"CODE_SIGN_IDENTITY[sdk=iphoneos*]" = "iPhone Distribution: Sergey Seitov (7TSVKXZ79P)";
				FRAMEWORK_SEARCH_PATHS = (
					"$(inherited)",
					/Users/sseitov/Documents/SDK/PixateFreestyle,
					"/Users/sseitov/Documents/SDK/dropbox-ios-sdk-1.3.13",
				);
				GCC_PRECOMPILE_PREFIX_HEADER = YES;
				GCC_PREFIX_HEADER = "WD Content/WD Content-Prefix.pch";
				HEADER_SEARCH_PATHS = (
					"$(inherited)",
					/Applications/Xcode.app/Contents/Developer/Toolchains/XcodeDefault.xctoolchain/usr/include,
					./depends/libs/include,
				);
				INFOPLIST_FILE = "WD Content/WD Content-Info.plist";
				IPHONEOS_DEPLOYMENT_TARGET = 8.0;
				LIBRARY_SEARCH_PATHS = (
					"$(inherited)",
					./depends/libs/lib,
				);
				PRODUCT_NAME = "$(TARGET_NAME)";
				PROVISIONING_PROFILE = "7eb12b62-373d-4845-902d-145223504c73";
				TARGETED_DEVICE_FAMILY = "1,2";
				WRAPPER_EXTENSION = app;
			};
			name = Release;
		};
/* End XCBuildConfiguration section */

/* Begin XCConfigurationList section */
		2C125EA11848C74B00406FC3 /* Build configuration list for PBXProject "WD Content" */ = {
			isa = XCConfigurationList;
			buildConfigurations = (
				2C125ED91848C74B00406FC3 /* Debug */,
				2C125EDA1848C74B00406FC3 /* Release */,
			);
			defaultConfigurationIsVisible = 0;
			defaultConfigurationName = Release;
		};
		2C125EDB1848C74B00406FC3 /* Build configuration list for PBXNativeTarget "WD Content" */ = {
			isa = XCConfigurationList;
			buildConfigurations = (
				2C125EDC1848C74B00406FC3 /* Debug */,
				2C125EDD1848C74B00406FC3 /* Release */,
			);
			defaultConfigurationIsVisible = 0;
			defaultConfigurationName = Release;
		};
/* End XCConfigurationList section */

/* Begin XCVersionGroup section */
		2CA88713187EA87F0074B73E /* ContentModel.xcdatamodeld */ = {
			isa = XCVersionGroup;
			children = (
				2CA88714187EA87F0074B73E /* ContentModel.xcdatamodel */,
			);
			currentVersion = 2CA88714187EA87F0074B73E /* ContentModel.xcdatamodel */;
			path = ContentModel.xcdatamodeld;
			sourceTree = "<group>";
			versionGroupType = wrapper.xcdatamodel;
		};
/* End XCVersionGroup section */
	};
	rootObject = 2C125E9E1848C74B00406FC3 /* Project object */;
}
