// !$*UTF8*$!
{
	archiveVersion = 1;
	classes = {
	};
	objectVersion = 46;
	objects = {

/* Begin PBXBuildFile section */
		1043F6F4E03096E8B0E4BB1B /* libPods-WD Content TV.a in Frameworks */ = {isa = PBXBuildFile; fileRef = AB325E71620472774626CEA8 /* libPods-WD Content TV.a */; };
		2C0644F119CD9867002F5F49 /* SearchInfoTableViewController.m in Sources */ = {isa = PBXBuildFile; fileRef = 2C0644F019CD9867002F5F49 /* SearchInfoTableViewController.m */; };
		2C08E4601A9719A300EAE058 /* VideoUtility.c in Sources */ = {isa = PBXBuildFile; fileRef = 2C08E45E1A9719A300EAE058 /* VideoUtility.c */; };
		2C0AB2B71A4AF06C0007D700 /* Security.framework in Frameworks */ = {isa = PBXBuildFile; fileRef = 2C0AB2B61A4AF06C0007D700 /* Security.framework */; };
		2C0AB2BA1A4B37F60007D700 /* DropboxClient.m in Sources */ = {isa = PBXBuildFile; fileRef = 2C0AB2B91A4B37F60007D700 /* DropboxClient.m */; };
		2C0D90D71A96271400E13BC9 /* logo.png in Resources */ = {isa = PBXBuildFile; fileRef = 2C0D90D61A96271400E13BC9 /* logo.png */; };
		2C125EAA1848C74B00406FC3 /* Foundation.framework in Frameworks */ = {isa = PBXBuildFile; fileRef = 2C125EA91848C74B00406FC3 /* Foundation.framework */; };
		2C125EAC1848C74B00406FC3 /* CoreGraphics.framework in Frameworks */ = {isa = PBXBuildFile; fileRef = 2C125EAB1848C74B00406FC3 /* CoreGraphics.framework */; };
		2C125EAE1848C74B00406FC3 /* UIKit.framework in Frameworks */ = {isa = PBXBuildFile; fileRef = 2C125EAD1848C74B00406FC3 /* UIKit.framework */; };
		2C125EB41848C74B00406FC3 /* InfoPlist.strings in Resources */ = {isa = PBXBuildFile; fileRef = 2C125EB21848C74B00406FC3 /* InfoPlist.strings */; };
		2C125EB61848C74B00406FC3 /* main.m in Sources */ = {isa = PBXBuildFile; fileRef = 2C125EB51848C74B00406FC3 /* main.m */; };
		2C125EBA1848C74B00406FC3 /* AppDelegate.m in Sources */ = {isa = PBXBuildFile; fileRef = 2C125EB91848C74B00406FC3 /* AppDelegate.m */; };
		2C125EC31848C74B00406FC3 /* CollectionViewController.m in Sources */ = {isa = PBXBuildFile; fileRef = 2C125EC21848C74B00406FC3 /* CollectionViewController.m */; };
		2C125EC51848C74B00406FC3 /* Images.xcassets in Resources */ = {isa = PBXBuildFile; fileRef = 2C125EC41848C74B00406FC3 /* Images.xcassets */; };
		2C1294B11E5399B900DBFE23 /* UIViewControllerExtensions.swift in Sources */ = {isa = PBXBuildFile; fileRef = 2C1294B01E5399B900DBFE23 /* UIViewControllerExtensions.swift */; };
		2C1294B41E53A2F800DBFE23 /* Model.swift in Sources */ = {isa = PBXBuildFile; fileRef = 2C1294B31E53A2F800DBFE23 /* Model.swift */; };
		2C1294DE1E53AB1D00DBFE23 /* WDContentTV.xcdatamodeld in Sources */ = {isa = PBXBuildFile; fileRef = 2C1294DC1E53AB1D00DBFE23 /* WDContentTV.xcdatamodeld */; };
		2C1294E11E53AB9300DBFE23 /* Node+CoreDataClass.swift in Sources */ = {isa = PBXBuildFile; fileRef = 2C1294DF1E53AB9300DBFE23 /* Node+CoreDataClass.swift */; };
		2C1294E21E53AB9300DBFE23 /* Node+CoreDataProperties.swift in Sources */ = {isa = PBXBuildFile; fileRef = 2C1294E01E53AB9300DBFE23 /* Node+CoreDataProperties.swift */; };
		2C17010B1848F68200A37516 /* Cell.m in Sources */ = {isa = PBXBuildFile; fileRef = 2C17010A1848F68200A37516 /* Cell.m */; };
		2C170113184925F800A37516 /* KxSMBProvider.m in Sources */ = {isa = PBXBuildFile; fileRef = 2C170112184925F800A37516 /* KxSMBProvider.m */; };
		2C248CDF1E3635460018F179 /* HostBrowserController.swift in Sources */ = {isa = PBXBuildFile; fileRef = 2C248CDE1E3635460018F179 /* HostBrowserController.swift */; };
		2C248CE61E364FE20018F179 /* SynchroCell.m in Sources */ = {isa = PBXBuildFile; fileRef = 2C248CE51E364FE20018F179 /* SynchroCell.m */; };
		2C378CEA19EA802D00C69ADA /* collection.png in Resources */ = {isa = PBXBuildFile; fileRef = 2C378CE719EA802D00C69ADA /* collection.png */; };
		2C378CEB19EA802D00C69ADA /* list.png in Resources */ = {isa = PBXBuildFile; fileRef = 2C378CE819EA802D00C69ADA /* list.png */; };
		2C410BC31E10FC3400133C3E /* UIViewController+UIViewControllerExtensions.m in Sources */ = {isa = PBXBuildFile; fileRef = 2C410BC21E10FC3400133C3E /* UIViewController+UIViewControllerExtensions.m */; };
		2C4D610A1A98C4E900E0A365 /* Decoder.mm in Sources */ = {isa = PBXBuildFile; fileRef = 2C4D61091A98C4E900E0A365 /* Decoder.mm */; };
		2C5252711E58BB0800658FD9 /* libavcodec.a in Frameworks */ = {isa = PBXBuildFile; fileRef = 2C5252691E58BB0800658FD9 /* libavcodec.a */; };
		2C5252721E58BB0800658FD9 /* libavdevice.a in Frameworks */ = {isa = PBXBuildFile; fileRef = 2C52526A1E58BB0800658FD9 /* libavdevice.a */; };
		2C5252731E58BB0800658FD9 /* libavfilter.a in Frameworks */ = {isa = PBXBuildFile; fileRef = 2C52526B1E58BB0800658FD9 /* libavfilter.a */; };
		2C5252741E58BB0800658FD9 /* libavformat.a in Frameworks */ = {isa = PBXBuildFile; fileRef = 2C52526C1E58BB0800658FD9 /* libavformat.a */; };
		2C5252751E58BB0800658FD9 /* libavutil.a in Frameworks */ = {isa = PBXBuildFile; fileRef = 2C52526D1E58BB0800658FD9 /* libavutil.a */; };
		2C5252761E58BB0800658FD9 /* libfdk-aac.a in Frameworks */ = {isa = PBXBuildFile; fileRef = 2C52526E1E58BB0800658FD9 /* libfdk-aac.a */; };
		2C5252771E58BB0800658FD9 /* libswresample.a in Frameworks */ = {isa = PBXBuildFile; fileRef = 2C52526F1E58BB0800658FD9 /* libswresample.a */; };
		2C5252781E58BB0800658FD9 /* libswscale.a in Frameworks */ = {isa = PBXBuildFile; fileRef = 2C5252701E58BB0800658FD9 /* libswscale.a */; };
		2C52527A1E58BDDB00658FD9 /* MovieController.swift in Sources */ = {isa = PBXBuildFile; fileRef = 2C5252791E58BDDB00658FD9 /* MovieController.swift */; };
		2C52527D1E58BEF700658FD9 /* MovieDemuxer.mm in Sources */ = {isa = PBXBuildFile; fileRef = 2C52527C1E58BEF700658FD9 /* MovieDemuxer.mm */; };
		2C5252801E58C15300658FD9 /* libdsm_tvos.a in Frameworks */ = {isa = PBXBuildFile; fileRef = 2C52527E1E58C15300658FD9 /* libdsm_tvos.a */; };
		2C5252811E58C15300658FD9 /* libtansl_tvos.a in Frameworks */ = {isa = PBXBuildFile; fileRef = 2C52527F1E58C15300658FD9 /* libtansl_tvos.a */; };
		2C5252831E58C1D900658FD9 /* libz.tbd in Frameworks */ = {isa = PBXBuildFile; fileRef = 2C5252821E58C1D900658FD9 /* libz.tbd */; };
		2C5252851E58C1F100658FD9 /* libbz2.tbd in Frameworks */ = {isa = PBXBuildFile; fileRef = 2C5252841E58C1F000658FD9 /* libbz2.tbd */; };
		2C52528C1E58EC8900658FD9 /* AVFoundation.framework in Frameworks */ = {isa = PBXBuildFile; fileRef = 2C52528B1E58EC8900658FD9 /* AVFoundation.framework */; };
		2C52528E1E58EC9400658FD9 /* AudioToolbox.framework in Frameworks */ = {isa = PBXBuildFile; fileRef = 2C52528D1E58EC9400658FD9 /* AudioToolbox.framework */; };
		2C52528F1E58EF2200658FD9 /* AudioOutput.mm in Sources */ = {isa = PBXBuildFile; fileRef = 2C605E4E1A6BC08000736968 /* AudioOutput.mm */; };
		2C5252901E58EF2200658FD9 /* AudioRingBuffer.mm in Sources */ = {isa = PBXBuildFile; fileRef = 2C605E501A6BC08000736968 /* AudioRingBuffer.mm */; };
		2C5252911E58EF2200658FD9 /* AudioDecoder.mm in Sources */ = {isa = PBXBuildFile; fileRef = 2C58753C1A6AF7DC0069F3F1 /* AudioDecoder.mm */; };
		2C5252921E58EF2200658FD9 /* Decoder.mm in Sources */ = {isa = PBXBuildFile; fileRef = 2C4D61091A98C4E900E0A365 /* Decoder.mm */; };
		2C5875031A6AC25D0069F3F1 /* VideoViewController.mm in Sources */ = {isa = PBXBuildFile; fileRef = 2C5875011A6AC25D0069F3F1 /* VideoViewController.mm */; };
		2C58751F1A6AC3E80069F3F1 /* libavcodec.a in Frameworks */ = {isa = PBXBuildFile; fileRef = 2C5875161A6AC3E80069F3F1 /* libavcodec.a */; };
		2C5875201A6AC3E80069F3F1 /* libavdevice.a in Frameworks */ = {isa = PBXBuildFile; fileRef = 2C5875171A6AC3E80069F3F1 /* libavdevice.a */; };
		2C5875211A6AC3E80069F3F1 /* libavfilter.a in Frameworks */ = {isa = PBXBuildFile; fileRef = 2C5875181A6AC3E80069F3F1 /* libavfilter.a */; };
		2C5875221A6AC3E80069F3F1 /* libavformat.a in Frameworks */ = {isa = PBXBuildFile; fileRef = 2C5875191A6AC3E80069F3F1 /* libavformat.a */; };
		2C5875231A6AC3E80069F3F1 /* libavutil.a in Frameworks */ = {isa = PBXBuildFile; fileRef = 2C58751A1A6AC3E80069F3F1 /* libavutil.a */; };
		2C5875261A6AC3E80069F3F1 /* libswresample.a in Frameworks */ = {isa = PBXBuildFile; fileRef = 2C58751D1A6AC3E80069F3F1 /* libswresample.a */; };
		2C5875271A6AC3E80069F3F1 /* libswscale.a in Frameworks */ = {isa = PBXBuildFile; fileRef = 2C58751E1A6AC3E80069F3F1 /* libswscale.a */; };
		2C5875311A6ADC5A0069F3F1 /* VideoToolbox.framework in Frameworks */ = {isa = PBXBuildFile; fileRef = 2C5875301A6ADC5A0069F3F1 /* VideoToolbox.framework */; };
		2C5875331A6ADC6D0069F3F1 /* AVFoundation.framework in Frameworks */ = {isa = PBXBuildFile; fileRef = 2C5875321A6ADC6D0069F3F1 /* AVFoundation.framework */; };
		2C5875381A6AF1590069F3F1 /* VTDecoder.mm in Sources */ = {isa = PBXBuildFile; fileRef = 2C5875371A6AF1590069F3F1 /* VTDecoder.mm */; };
		2C58753A1A6AF2390069F3F1 /* CoreMedia.framework in Frameworks */ = {isa = PBXBuildFile; fileRef = 2C5875391A6AF2390069F3F1 /* CoreMedia.framework */; };
		2C58753D1A6AF7DC0069F3F1 /* AudioDecoder.mm in Sources */ = {isa = PBXBuildFile; fileRef = 2C58753C1A6AF7DC0069F3F1 /* AudioDecoder.mm */; };
		2C605E511A6BC08000736968 /* AudioOutput.mm in Sources */ = {isa = PBXBuildFile; fileRef = 2C605E4E1A6BC08000736968 /* AudioOutput.mm */; };
		2C605E521A6BC08000736968 /* AudioRingBuffer.mm in Sources */ = {isa = PBXBuildFile; fileRef = 2C605E501A6BC08000736968 /* AudioRingBuffer.mm */; };
		2C605E541A6BC25100736968 /* AudioToolbox.framework in Frameworks */ = {isa = PBXBuildFile; fileRef = 2C605E531A6BC25100736968 /* AudioToolbox.framework */; };
		2C67D69A1E14EF2600F95DB5 /* AppDelegate.swift in Sources */ = {isa = PBXBuildFile; fileRef = 2C67D6991E14EF2600F95DB5 /* AppDelegate.swift */; };
		2C67D69F1E14EF2600F95DB5 /* Main.storyboard in Resources */ = {isa = PBXBuildFile; fileRef = 2C67D69D1E14EF2600F95DB5 /* Main.storyboard */; };
		2C67D6A11E14EF2600F95DB5 /* Assets.xcassets in Resources */ = {isa = PBXBuildFile; fileRef = 2C67D6A01E14EF2600F95DB5 /* Assets.xcassets */; };
		2C67D6A71E14EFEB00F95DB5 /* SharesController.swift in Sources */ = {isa = PBXBuildFile; fileRef = 2C67D6A61E14EFEB00F95DB5 /* SharesController.swift */; };
		2C67D6A91E14F02200F95DB5 /* AddShareController.swift in Sources */ = {isa = PBXBuildFile; fileRef = 2C67D6A81E14F02200F95DB5 /* AddShareController.swift */; };
		2C67D6AF1E14F79C00F95DB5 /* DataModel.m in Sources */ = {isa = PBXBuildFile; fileRef = 2C67D6AE1E14F79C00F95DB5 /* DataModel.m */; };
		2C67D6B51E1510A700F95DB5 /* ShareCell.swift in Sources */ = {isa = PBXBuildFile; fileRef = 2C67D6B41E1510A700F95DB5 /* ShareCell.swift */; };
		2C67D6DF1E156D0D00F95DB5 /* DeviceController.swift in Sources */ = {isa = PBXBuildFile; fileRef = 2C67D6DE1E156D0D00F95DB5 /* DeviceController.swift */; };
		2C6E746B19C75ECA001D9971 /* SharesTableViewController.m in Sources */ = {isa = PBXBuildFile; fileRef = 2C6E746A19C75ECA001D9971 /* SharesTableViewController.m */; };
		2C7039A11E578B3100FAB81D /* Connection+CoreDataClass.swift in Sources */ = {isa = PBXBuildFile; fileRef = 2C70399F1E578B3100FAB81D /* Connection+CoreDataClass.swift */; };
		2C7039A21E578B3100FAB81D /* Connection+CoreDataProperties.swift in Sources */ = {isa = PBXBuildFile; fileRef = 2C7039A01E578B3100FAB81D /* Connection+CoreDataProperties.swift */; };
		2C718E7B1DA26EDA0065DE2B /* libfdk-aac.a in Frameworks */ = {isa = PBXBuildFile; fileRef = 2C718E7A1DA26EDA0065DE2B /* libfdk-aac.a */; };
		2C718E7E1DA27F5A0065DE2B /* libsmbclient.a in Frameworks */ = {isa = PBXBuildFile; fileRef = 2C58751C1A6AC3E80069F3F1 /* libsmbclient.a */; };
		2C718E7F1DA27F5A0065DE2B /* libtalloc.a in Frameworks */ = {isa = PBXBuildFile; fileRef = 2C5875281A6ACA850069F3F1 /* libtalloc.a */; };
		2C718E801DA27F5A0065DE2B /* libtdb.a in Frameworks */ = {isa = PBXBuildFile; fileRef = 2C5875291A6ACA850069F3F1 /* libtdb.a */; };
		2C718E811DA27F5A0065DE2B /* libtevent.a in Frameworks */ = {isa = PBXBuildFile; fileRef = 2C58752A1A6ACA850069F3F1 /* libtevent.a */; };
		2C718E821DA27F5A0065DE2B /* libwbclient.a in Frameworks */ = {isa = PBXBuildFile; fileRef = 2C58752B1A6ACA850069F3F1 /* libwbclient.a */; };
		2C7F0A051E3A57DB0004E1C3 /* TextFieldContainer.swift in Sources */ = {isa = PBXBuildFile; fileRef = 2C7F0A021E3A57DB0004E1C3 /* TextFieldContainer.swift */; };
		2C7F0A061E3A57DB0004E1C3 /* UIColorExtensions.swift in Sources */ = {isa = PBXBuildFile; fileRef = 2C7F0A031E3A57DB0004E1C3 /* UIColorExtensions.swift */; };
		2C7F0A071E3A57DB0004E1C3 /* UIViewExtensions.swift in Sources */ = {isa = PBXBuildFile; fileRef = 2C7F0A041E3A57DB0004E1C3 /* UIViewExtensions.swift */; };
		2C7F0A091E3A58AC0004E1C3 /* AddHostController.swift in Sources */ = {isa = PBXBuildFile; fileRef = 2C7F0A081E3A58AC0004E1C3 /* AddHostController.swift */; };
		2C7FD8C01A6CF62100718477 /* Demuxer.mm in Sources */ = {isa = PBXBuildFile; fileRef = 2C7FD8BF1A6CF62100718477 /* Demuxer.mm */; };
		2CA1D7191854A78800276C67 /* InfoViewController.m in Sources */ = {isa = PBXBuildFile; fileRef = 2CA1D7181854A78800276C67 /* InfoViewController.m */; };
		2CA6B9FD1A4567DD00AFF041 /* LeftMenuVC.m in Sources */ = {isa = PBXBuildFile; fileRef = 2CA6B9FA1A4567DD00AFF041 /* LeftMenuVC.m */; };
		2CA6B9FE1A4567DD00AFF041 /* MainVC.m in Sources */ = {isa = PBXBuildFile; fileRef = 2CA6B9FC1A4567DD00AFF041 /* MainVC.m */; };
		2CA6BA011A4569B900AFF041 /* Main.storyboard in Resources */ = {isa = PBXBuildFile; fileRef = 2CA6BA031A4569B900AFF041 /* Main.storyboard */; };
		2CA88715187EA87F0074B73E /* ContentModel.xcdatamodeld in Sources */ = {isa = PBXBuildFile; fileRef = 2CA88713187EA87F0074B73E /* ContentModel.xcdatamodeld */; };
		2CA8871C187EA9AA0074B73E /* CoreData.framework in Frameworks */ = {isa = PBXBuildFile; fileRef = 2CA8871B187EA9AA0074B73E /* CoreData.framework */; };
		2CA95DC4184B2B4600927138 /* SettingsViewController.m in Sources */ = {isa = PBXBuildFile; fileRef = 2CA95DC3184B2B4600927138 /* SettingsViewController.m */; };
		2CAEE6D419C8C7C000B5DDD7 /* Node.m in Sources */ = {isa = PBXBuildFile; fileRef = 2CAEE6D319C8C7C000B5DDD7 /* Node.m */; };
		2CB99EC51E13AAE600ABC91F /* DropboxSDK.framework in Frameworks */ = {isa = PBXBuildFile; fileRef = 2CB99EC41E13AAE600ABC91F /* DropboxSDK.framework */; };
		2CD030DB1A640ED7003B22CA /* LaunchScreen.xib in Resources */ = {isa = PBXBuildFile; fileRef = 2CD030D91A640ED7003B22CA /* LaunchScreen.xib */; };
		2CD266E01E53012C00535F80 /* SMBConnection.m in Sources */ = {isa = PBXBuildFile; fileRef = 2CD266D61E53012C00535F80 /* SMBConnection.m */; };
		2CD266E11E53012C00535F80 /* SMBFile.m in Sources */ = {isa = PBXBuildFile; fileRef = 2CD266D81E53012C00535F80 /* SMBFile.m */; };
		2CD266E21E53012C00535F80 /* TONetBIOSNameService.m in Sources */ = {isa = PBXBuildFile; fileRef = 2CD266DA1E53012C00535F80 /* TONetBIOSNameService.m */; };
		2CD266E31E53012C00535F80 /* TONetBIOSNameServiceEntry.m in Sources */ = {isa = PBXBuildFile; fileRef = 2CD266DC1E53012C00535F80 /* TONetBIOSNameServiceEntry.m */; };
		2CD266E41E53012C00535F80 /* TOSMBConstants.m in Sources */ = {isa = PBXBuildFile; fileRef = 2CD266DF1E53012C00535F80 /* TOSMBConstants.m */; };
		2CD266E61E53060900535F80 /* libiconv.tbd in Frameworks */ = {isa = PBXBuildFile; fileRef = 2CD266E51E53060900535F80 /* libiconv.tbd */; };
		2CD266E81E53061500535F80 /* libz.tbd in Frameworks */ = {isa = PBXBuildFile; fileRef = 2CD266E71E53061500535F80 /* libz.tbd */; };
		2CD266EA1E53062D00535F80 /* libresolv.tbd in Frameworks */ = {isa = PBXBuildFile; fileRef = 2CD266E91E53062D00535F80 /* libresolv.tbd */; };
		2CD266EC1E53073000535F80 /* libiconv.tbd in Frameworks */ = {isa = PBXBuildFile; fileRef = 2CD266EB1E53073000535F80 /* libiconv.tbd */; };
		7CE01A4C96BA0B527F07E260 /* libPods-WD Content.a in Frameworks */ = {isa = PBXBuildFile; fileRef = B971AAFD92993E9AAD64DE52 /* libPods-WD Content.a */; };
		ED04A5C619D172C00079C787 /* MetaInfo.m in Sources */ = {isa = PBXBuildFile; fileRef = ED04A5C519D172C00079C787 /* MetaInfo.m */; };
		ED2194A119C9A9690053C8B3 /* TMDB.m in Sources */ = {isa = PBXBuildFile; fileRef = ED2194A019C9A9690053C8B3 /* TMDB.m */; };
/* End PBXBuildFile section */

/* Begin PBXFileReference section */
		2C0644EF19CD9867002F5F49 /* SearchInfoTableViewController.h */ = {isa = PBXFileReference; fileEncoding = 4; lastKnownFileType = sourcecode.c.h; name = SearchInfoTableViewController.h; path = "WD Content/SearchInfoTableViewController.h"; sourceTree = "<group>"; };
		2C0644F019CD9867002F5F49 /* SearchInfoTableViewController.m */ = {isa = PBXFileReference; fileEncoding = 4; lastKnownFileType = sourcecode.c.objc; name = SearchInfoTableViewController.m; path = "WD Content/SearchInfoTableViewController.m"; sourceTree = "<group>"; };
		2C08E45E1A9719A300EAE058 /* VideoUtility.c */ = {isa = PBXFileReference; fileEncoding = 4; lastKnownFileType = sourcecode.c.c; path = VideoUtility.c; sourceTree = "<group>"; };
		2C08E45F1A9719A300EAE058 /* VideoUtility.h */ = {isa = PBXFileReference; fileEncoding = 4; lastKnownFileType = sourcecode.c.h; path = VideoUtility.h; sourceTree = "<group>"; };
		2C0AB2B61A4AF06C0007D700 /* Security.framework */ = {isa = PBXFileReference; lastKnownFileType = wrapper.framework; name = Security.framework; path = System/Library/Frameworks/Security.framework; sourceTree = SDKROOT; };
		2C0AB2B81A4B37F60007D700 /* DropboxClient.h */ = {isa = PBXFileReference; fileEncoding = 4; lastKnownFileType = sourcecode.c.h; path = DropboxClient.h; sourceTree = "<group>"; };
		2C0AB2B91A4B37F60007D700 /* DropboxClient.m */ = {isa = PBXFileReference; fileEncoding = 4; lastKnownFileType = sourcecode.c.objc; path = DropboxClient.m; sourceTree = "<group>"; };
		2C0D90D61A96271400E13BC9 /* logo.png */ = {isa = PBXFileReference; lastKnownFileType = image.png; path = logo.png; sourceTree = "<group>"; };
		2C125EA61848C74B00406FC3 /* WD Content.app */ = {isa = PBXFileReference; explicitFileType = wrapper.application; includeInIndex = 0; path = "WD Content.app"; sourceTree = BUILT_PRODUCTS_DIR; };
		2C125EA91848C74B00406FC3 /* Foundation.framework */ = {isa = PBXFileReference; lastKnownFileType = wrapper.framework; name = Foundation.framework; path = System/Library/Frameworks/Foundation.framework; sourceTree = SDKROOT; };
		2C125EAB1848C74B00406FC3 /* CoreGraphics.framework */ = {isa = PBXFileReference; lastKnownFileType = wrapper.framework; name = CoreGraphics.framework; path = System/Library/Frameworks/CoreGraphics.framework; sourceTree = SDKROOT; };
		2C125EAD1848C74B00406FC3 /* UIKit.framework */ = {isa = PBXFileReference; lastKnownFileType = wrapper.framework; name = UIKit.framework; path = System/Library/Frameworks/UIKit.framework; sourceTree = SDKROOT; };
		2C125EB11848C74B00406FC3 /* WD Content-Info.plist */ = {isa = PBXFileReference; lastKnownFileType = text.plist.xml; path = "WD Content-Info.plist"; sourceTree = "<group>"; };
		2C125EB31848C74B00406FC3 /* en */ = {isa = PBXFileReference; lastKnownFileType = text.plist.strings; name = en; path = en.lproj/InfoPlist.strings; sourceTree = "<group>"; };
		2C125EB51848C74B00406FC3 /* main.m */ = {isa = PBXFileReference; lastKnownFileType = sourcecode.c.objc; path = main.m; sourceTree = "<group>"; };
		2C125EB71848C74B00406FC3 /* WD Content-Prefix.pch */ = {isa = PBXFileReference; lastKnownFileType = sourcecode.c.h; path = "WD Content-Prefix.pch"; sourceTree = "<group>"; };
		2C125EB81848C74B00406FC3 /* AppDelegate.h */ = {isa = PBXFileReference; lastKnownFileType = sourcecode.c.h; path = AppDelegate.h; sourceTree = "<group>"; };
		2C125EB91848C74B00406FC3 /* AppDelegate.m */ = {isa = PBXFileReference; lastKnownFileType = sourcecode.c.objc; path = AppDelegate.m; sourceTree = "<group>"; };
		2C125EC11848C74B00406FC3 /* CollectionViewController.h */ = {isa = PBXFileReference; lastKnownFileType = sourcecode.c.h; name = CollectionViewController.h; path = "WD Content/CollectionViewController.h"; sourceTree = "<group>"; };
		2C125EC21848C74B00406FC3 /* CollectionViewController.m */ = {isa = PBXFileReference; lastKnownFileType = sourcecode.c.objc; name = CollectionViewController.m; path = "WD Content/CollectionViewController.m"; sourceTree = "<group>"; };
		2C125EC41848C74B00406FC3 /* Images.xcassets */ = {isa = PBXFileReference; lastKnownFileType = folder.assetcatalog; name = Images.xcassets; path = "WD Content/Images.xcassets"; sourceTree = "<group>"; };
		2C1294B01E5399B900DBFE23 /* UIViewControllerExtensions.swift */ = {isa = PBXFileReference; fileEncoding = 4; lastKnownFileType = sourcecode.swift; path = UIViewControllerExtensions.swift; sourceTree = "<group>"; };
		2C1294B31E53A2F800DBFE23 /* Model.swift */ = {isa = PBXFileReference; fileEncoding = 4; lastKnownFileType = sourcecode.swift; name = Model.swift; path = Model/Model.swift; sourceTree = "<group>"; };
		2C1294DD1E53AB1D00DBFE23 /* WDContentTV.xcdatamodel */ = {isa = PBXFileReference; lastKnownFileType = wrapper.xcdatamodel; path = WDContentTV.xcdatamodel; sourceTree = "<group>"; };
		2C1294DF1E53AB9300DBFE23 /* Node+CoreDataClass.swift */ = {isa = PBXFileReference; fileEncoding = 4; lastKnownFileType = sourcecode.swift; name = "Node+CoreDataClass.swift"; path = "Model/Node+CoreDataClass.swift"; sourceTree = "<group>"; };
		2C1294E01E53AB9300DBFE23 /* Node+CoreDataProperties.swift */ = {isa = PBXFileReference; fileEncoding = 4; lastKnownFileType = sourcecode.swift; name = "Node+CoreDataProperties.swift"; path = "Model/Node+CoreDataProperties.swift"; sourceTree = "<group>"; };
		2C1701091848F68200A37516 /* Cell.h */ = {isa = PBXFileReference; fileEncoding = 4; lastKnownFileType = sourcecode.c.h; name = Cell.h; path = "WD Content/Cell.h"; sourceTree = "<group>"; };
		2C17010A1848F68200A37516 /* Cell.m */ = {isa = PBXFileReference; fileEncoding = 4; lastKnownFileType = sourcecode.c.objc; name = Cell.m; path = "WD Content/Cell.m"; sourceTree = "<group>"; };
		2C170111184925F800A37516 /* KxSMBProvider.h */ = {isa = PBXFileReference; fileEncoding = 4; lastKnownFileType = sourcecode.c.h; path = KxSMBProvider.h; sourceTree = "<group>"; };
		2C170112184925F800A37516 /* KxSMBProvider.m */ = {isa = PBXFileReference; fileEncoding = 4; lastKnownFileType = sourcecode.c.objc; path = KxSMBProvider.m; sourceTree = "<group>"; };
		2C248CDD1E3635460018F179 /* WD Content-Bridging-Header.h */ = {isa = PBXFileReference; lastKnownFileType = sourcecode.c.h; path = "WD Content-Bridging-Header.h"; sourceTree = "<group>"; };
		2C248CDE1E3635460018F179 /* HostBrowserController.swift */ = {isa = PBXFileReference; fileEncoding = 4; lastKnownFileType = sourcecode.swift; path = HostBrowserController.swift; sourceTree = "<group>"; };
		2C248CE41E364FE20018F179 /* SynchroCell.h */ = {isa = PBXFileReference; fileEncoding = 4; lastKnownFileType = sourcecode.c.h; path = SynchroCell.h; sourceTree = "<group>"; };
		2C248CE51E364FE20018F179 /* SynchroCell.m */ = {isa = PBXFileReference; fileEncoding = 4; lastKnownFileType = sourcecode.c.objc; path = SynchroCell.m; sourceTree = "<group>"; };
		2C378CE719EA802D00C69ADA /* collection.png */ = {isa = PBXFileReference; lastKnownFileType = image.png; path = collection.png; sourceTree = "<group>"; };
		2C378CE819EA802D00C69ADA /* list.png */ = {isa = PBXFileReference; lastKnownFileType = image.png; path = list.png; sourceTree = "<group>"; };
		2C410BC11E10FC3400133C3E /* UIViewController+UIViewControllerExtensions.h */ = {isa = PBXFileReference; fileEncoding = 4; lastKnownFileType = sourcecode.c.h; path = "UIViewController+UIViewControllerExtensions.h"; sourceTree = "<group>"; };
		2C410BC21E10FC3400133C3E /* UIViewController+UIViewControllerExtensions.m */ = {isa = PBXFileReference; fileEncoding = 4; lastKnownFileType = sourcecode.c.objc; path = "UIViewController+UIViewControllerExtensions.m"; sourceTree = "<group>"; };
		2C4D61081A98C4E900E0A365 /* Decoder.h */ = {isa = PBXFileReference; fileEncoding = 4; lastKnownFileType = sourcecode.c.h; path = Decoder.h; sourceTree = "<group>"; };
		2C4D61091A98C4E900E0A365 /* Decoder.mm */ = {isa = PBXFileReference; fileEncoding = 4; lastKnownFileType = sourcecode.cpp.objcpp; path = Decoder.mm; sourceTree = "<group>"; };
		2C5252691E58BB0800658FD9 /* libavcodec.a */ = {isa = PBXFileReference; lastKnownFileType = archive.ar; name = libavcodec.a; path = tv_depends/libs/lib/libavcodec.a; sourceTree = "<group>"; };
		2C52526A1E58BB0800658FD9 /* libavdevice.a */ = {isa = PBXFileReference; lastKnownFileType = archive.ar; name = libavdevice.a; path = tv_depends/libs/lib/libavdevice.a; sourceTree = "<group>"; };
		2C52526B1E58BB0800658FD9 /* libavfilter.a */ = {isa = PBXFileReference; lastKnownFileType = archive.ar; name = libavfilter.a; path = tv_depends/libs/lib/libavfilter.a; sourceTree = "<group>"; };
		2C52526C1E58BB0800658FD9 /* libavformat.a */ = {isa = PBXFileReference; lastKnownFileType = archive.ar; name = libavformat.a; path = tv_depends/libs/lib/libavformat.a; sourceTree = "<group>"; };
		2C52526D1E58BB0800658FD9 /* libavutil.a */ = {isa = PBXFileReference; lastKnownFileType = archive.ar; name = libavutil.a; path = tv_depends/libs/lib/libavutil.a; sourceTree = "<group>"; };
		2C52526E1E58BB0800658FD9 /* libfdk-aac.a */ = {isa = PBXFileReference; lastKnownFileType = archive.ar; name = "libfdk-aac.a"; path = "tv_depends/libs/lib/libfdk-aac.a"; sourceTree = "<group>"; };
		2C52526F1E58BB0800658FD9 /* libswresample.a */ = {isa = PBXFileReference; lastKnownFileType = archive.ar; name = libswresample.a; path = tv_depends/libs/lib/libswresample.a; sourceTree = "<group>"; };
		2C5252701E58BB0800658FD9 /* libswscale.a */ = {isa = PBXFileReference; lastKnownFileType = archive.ar; name = libswscale.a; path = tv_depends/libs/lib/libswscale.a; sourceTree = "<group>"; };
		2C5252791E58BDDB00658FD9 /* MovieController.swift */ = {isa = PBXFileReference; fileEncoding = 4; lastKnownFileType = sourcecode.swift; path = MovieController.swift; sourceTree = "<group>"; };
		2C52527B1E58BEF700658FD9 /* MovieDemuxer.h */ = {isa = PBXFileReference; fileEncoding = 4; lastKnownFileType = sourcecode.c.h; path = MovieDemuxer.h; sourceTree = "<group>"; };
		2C52527C1E58BEF700658FD9 /* MovieDemuxer.mm */ = {isa = PBXFileReference; fileEncoding = 4; lastKnownFileType = sourcecode.cpp.objcpp; path = MovieDemuxer.mm; sourceTree = "<group>"; };
		2C52527E1E58C15300658FD9 /* libdsm_tvos.a */ = {isa = PBXFileReference; lastKnownFileType = archive.ar; name = libdsm_tvos.a; path = libdsm/libdsm_tvos.a; sourceTree = "<group>"; };
		2C52527F1E58C15300658FD9 /* libtansl_tvos.a */ = {isa = PBXFileReference; lastKnownFileType = archive.ar; name = libtansl_tvos.a; path = libdsm/libtansl_tvos.a; sourceTree = "<group>"; };
		2C5252821E58C1D900658FD9 /* libz.tbd */ = {isa = PBXFileReference; lastKnownFileType = "sourcecode.text-based-dylib-definition"; name = libz.tbd; path = Platforms/AppleTVOS.platform/Developer/SDKs/AppleTVOS10.1.sdk/usr/lib/libz.tbd; sourceTree = DEVELOPER_DIR; };
		2C5252841E58C1F000658FD9 /* libbz2.tbd */ = {isa = PBXFileReference; lastKnownFileType = "sourcecode.text-based-dylib-definition"; name = libbz2.tbd; path = Platforms/AppleTVOS.platform/Developer/SDKs/AppleTVOS10.1.sdk/usr/lib/libbz2.tbd; sourceTree = DEVELOPER_DIR; };
		2C52528B1E58EC8900658FD9 /* AVFoundation.framework */ = {isa = PBXFileReference; lastKnownFileType = wrapper.framework; name = AVFoundation.framework; path = Platforms/AppleTVOS.platform/Developer/SDKs/AppleTVOS10.1.sdk/System/Library/Frameworks/AVFoundation.framework; sourceTree = DEVELOPER_DIR; };
		2C52528D1E58EC9400658FD9 /* AudioToolbox.framework */ = {isa = PBXFileReference; lastKnownFileType = wrapper.framework; name = AudioToolbox.framework; path = Platforms/AppleTVOS.platform/Developer/SDKs/AppleTVOS10.1.sdk/System/Library/Frameworks/AudioToolbox.framework; sourceTree = DEVELOPER_DIR; };
		2C5875001A6AC25D0069F3F1 /* VideoViewController.h */ = {isa = PBXFileReference; fileEncoding = 4; lastKnownFileType = sourcecode.c.h; path = VideoViewController.h; sourceTree = "<group>"; };
		2C5875011A6AC25D0069F3F1 /* VideoViewController.mm */ = {isa = PBXFileReference; fileEncoding = 4; lastKnownFileType = sourcecode.cpp.objcpp; path = VideoViewController.mm; sourceTree = "<group>"; };
		2C5875161A6AC3E80069F3F1 /* libavcodec.a */ = {isa = PBXFileReference; lastKnownFileType = archive.ar; name = libavcodec.a; path = depends/libs/lib/libavcodec.a; sourceTree = "<group>"; };
		2C5875171A6AC3E80069F3F1 /* libavdevice.a */ = {isa = PBXFileReference; lastKnownFileType = archive.ar; name = libavdevice.a; path = depends/libs/lib/libavdevice.a; sourceTree = "<group>"; };
		2C5875181A6AC3E80069F3F1 /* libavfilter.a */ = {isa = PBXFileReference; lastKnownFileType = archive.ar; name = libavfilter.a; path = depends/libs/lib/libavfilter.a; sourceTree = "<group>"; };
		2C5875191A6AC3E80069F3F1 /* libavformat.a */ = {isa = PBXFileReference; lastKnownFileType = archive.ar; name = libavformat.a; path = depends/libs/lib/libavformat.a; sourceTree = "<group>"; };
		2C58751A1A6AC3E80069F3F1 /* libavutil.a */ = {isa = PBXFileReference; lastKnownFileType = archive.ar; name = libavutil.a; path = depends/libs/lib/libavutil.a; sourceTree = "<group>"; };
		2C58751B1A6AC3E80069F3F1 /* libpostproc.a */ = {isa = PBXFileReference; lastKnownFileType = archive.ar; name = libpostproc.a; path = depends/libs/lib/libpostproc.a; sourceTree = "<group>"; };
		2C58751C1A6AC3E80069F3F1 /* libsmbclient.a */ = {isa = PBXFileReference; lastKnownFileType = archive.ar; name = libsmbclient.a; path = depends/libs/lib/libsmbclient.a; sourceTree = "<group>"; };
		2C58751D1A6AC3E80069F3F1 /* libswresample.a */ = {isa = PBXFileReference; lastKnownFileType = archive.ar; name = libswresample.a; path = depends/libs/lib/libswresample.a; sourceTree = "<group>"; };
		2C58751E1A6AC3E80069F3F1 /* libswscale.a */ = {isa = PBXFileReference; lastKnownFileType = archive.ar; name = libswscale.a; path = depends/libs/lib/libswscale.a; sourceTree = "<group>"; };
		2C5875281A6ACA850069F3F1 /* libtalloc.a */ = {isa = PBXFileReference; lastKnownFileType = archive.ar; name = libtalloc.a; path = depends/libs/lib/libtalloc.a; sourceTree = "<group>"; };
		2C5875291A6ACA850069F3F1 /* libtdb.a */ = {isa = PBXFileReference; lastKnownFileType = archive.ar; name = libtdb.a; path = depends/libs/lib/libtdb.a; sourceTree = "<group>"; };
		2C58752A1A6ACA850069F3F1 /* libtevent.a */ = {isa = PBXFileReference; lastKnownFileType = archive.ar; name = libtevent.a; path = depends/libs/lib/libtevent.a; sourceTree = "<group>"; };
		2C58752B1A6ACA850069F3F1 /* libwbclient.a */ = {isa = PBXFileReference; lastKnownFileType = archive.ar; name = libwbclient.a; path = depends/libs/lib/libwbclient.a; sourceTree = "<group>"; };
		2C5875301A6ADC5A0069F3F1 /* VideoToolbox.framework */ = {isa = PBXFileReference; lastKnownFileType = wrapper.framework; name = VideoToolbox.framework; path = System/Library/Frameworks/VideoToolbox.framework; sourceTree = SDKROOT; };
		2C5875321A6ADC6D0069F3F1 /* AVFoundation.framework */ = {isa = PBXFileReference; lastKnownFileType = wrapper.framework; name = AVFoundation.framework; path = System/Library/Frameworks/AVFoundation.framework; sourceTree = SDKROOT; };
		2C5875361A6AF1590069F3F1 /* VTDecoder.h */ = {isa = PBXFileReference; fileEncoding = 4; lastKnownFileType = sourcecode.c.h; path = VTDecoder.h; sourceTree = "<group>"; };
		2C5875371A6AF1590069F3F1 /* VTDecoder.mm */ = {isa = PBXFileReference; fileEncoding = 4; lastKnownFileType = sourcecode.cpp.objcpp; path = VTDecoder.mm; sourceTree = "<group>"; };
		2C5875391A6AF2390069F3F1 /* CoreMedia.framework */ = {isa = PBXFileReference; lastKnownFileType = wrapper.framework; name = CoreMedia.framework; path = System/Library/Frameworks/CoreMedia.framework; sourceTree = SDKROOT; };
		2C58753B1A6AF7DC0069F3F1 /* AudioDecoder.h */ = {isa = PBXFileReference; fileEncoding = 4; lastKnownFileType = sourcecode.c.h; path = AudioDecoder.h; sourceTree = "<group>"; };
		2C58753C1A6AF7DC0069F3F1 /* AudioDecoder.mm */ = {isa = PBXFileReference; fileEncoding = 4; lastKnownFileType = sourcecode.cpp.objcpp; path = AudioDecoder.mm; sourceTree = "<group>"; };
		2C605E4D1A6BC08000736968 /* AudioOutput.h */ = {isa = PBXFileReference; fileEncoding = 4; lastKnownFileType = sourcecode.c.h; path = AudioOutput.h; sourceTree = "<group>"; };
		2C605E4E1A6BC08000736968 /* AudioOutput.mm */ = {isa = PBXFileReference; fileEncoding = 4; lastKnownFileType = sourcecode.cpp.objcpp; path = AudioOutput.mm; sourceTree = "<group>"; };
		2C605E4F1A6BC08000736968 /* AudioRingBuffer.h */ = {isa = PBXFileReference; fileEncoding = 4; lastKnownFileType = sourcecode.c.h; path = AudioRingBuffer.h; sourceTree = "<group>"; };
		2C605E501A6BC08000736968 /* AudioRingBuffer.mm */ = {isa = PBXFileReference; fileEncoding = 4; lastKnownFileType = sourcecode.cpp.objcpp; path = AudioRingBuffer.mm; sourceTree = "<group>"; };
		2C605E531A6BC25100736968 /* AudioToolbox.framework */ = {isa = PBXFileReference; lastKnownFileType = wrapper.framework; name = AudioToolbox.framework; path = System/Library/Frameworks/AudioToolbox.framework; sourceTree = SDKROOT; };
		2C67D6971E14EF2600F95DB5 /* WD Content TV.app */ = {isa = PBXFileReference; explicitFileType = wrapper.application; includeInIndex = 0; path = "WD Content TV.app"; sourceTree = BUILT_PRODUCTS_DIR; };
		2C67D6991E14EF2600F95DB5 /* AppDelegate.swift */ = {isa = PBXFileReference; lastKnownFileType = sourcecode.swift; path = AppDelegate.swift; sourceTree = "<group>"; };
		2C67D69E1E14EF2600F95DB5 /* Base */ = {isa = PBXFileReference; lastKnownFileType = file.storyboard; name = Base; path = Base.lproj/Main.storyboard; sourceTree = "<group>"; };
		2C67D6A01E14EF2600F95DB5 /* Assets.xcassets */ = {isa = PBXFileReference; lastKnownFileType = folder.assetcatalog; path = Assets.xcassets; sourceTree = "<group>"; };
		2C67D6A21E14EF2600F95DB5 /* Info.plist */ = {isa = PBXFileReference; lastKnownFileType = text.plist.xml; path = Info.plist; sourceTree = "<group>"; };
		2C67D6A61E14EFEB00F95DB5 /* SharesController.swift */ = {isa = PBXFileReference; fileEncoding = 4; lastKnownFileType = sourcecode.swift; path = SharesController.swift; sourceTree = "<group>"; };
		2C67D6A81E14F02200F95DB5 /* AddShareController.swift */ = {isa = PBXFileReference; fileEncoding = 4; lastKnownFileType = sourcecode.swift; path = AddShareController.swift; sourceTree = "<group>"; };
		2C67D6AA1E14F09F00F95DB5 /* WD Content TV-Bridging-Header.h */ = {isa = PBXFileReference; lastKnownFileType = sourcecode.c.h; path = "WD Content TV-Bridging-Header.h"; sourceTree = "<group>"; };
		2C67D6AE1E14F79C00F95DB5 /* DataModel.m */ = {isa = PBXFileReference; fileEncoding = 4; lastKnownFileType = sourcecode.c.objc; path = DataModel.m; sourceTree = "<group>"; };
		2C67D6B41E1510A700F95DB5 /* ShareCell.swift */ = {isa = PBXFileReference; fileEncoding = 4; lastKnownFileType = sourcecode.swift; path = ShareCell.swift; sourceTree = "<group>"; };
		2C67D6DE1E156D0D00F95DB5 /* DeviceController.swift */ = {isa = PBXFileReference; fileEncoding = 4; lastKnownFileType = sourcecode.swift; path = DeviceController.swift; sourceTree = "<group>"; };
		2C6E746919C75ECA001D9971 /* SharesTableViewController.h */ = {isa = PBXFileReference; fileEncoding = 4; lastKnownFileType = sourcecode.c.h; path = SharesTableViewController.h; sourceTree = "<group>"; };
		2C6E746A19C75ECA001D9971 /* SharesTableViewController.m */ = {isa = PBXFileReference; fileEncoding = 4; lastKnownFileType = sourcecode.c.objc; path = SharesTableViewController.m; sourceTree = "<group>"; };
		2C70399F1E578B3100FAB81D /* Connection+CoreDataClass.swift */ = {isa = PBXFileReference; fileEncoding = 4; lastKnownFileType = sourcecode.swift; name = "Connection+CoreDataClass.swift"; path = "Model/Connection+CoreDataClass.swift"; sourceTree = "<group>"; };
		2C7039A01E578B3100FAB81D /* Connection+CoreDataProperties.swift */ = {isa = PBXFileReference; fileEncoding = 4; lastKnownFileType = sourcecode.swift; name = "Connection+CoreDataProperties.swift"; path = "Model/Connection+CoreDataProperties.swift"; sourceTree = "<group>"; };
		2C718E7A1DA26EDA0065DE2B /* libfdk-aac.a */ = {isa = PBXFileReference; lastKnownFileType = archive.ar; name = "libfdk-aac.a"; path = "depends/libs/lib/libfdk-aac.a"; sourceTree = "<group>"; };
		2C718E7C1DA26F110065DE2B /* libbz2.tbd */ = {isa = PBXFileReference; lastKnownFileType = "sourcecode.text-based-dylib-definition"; name = libbz2.tbd; path = usr/lib/libbz2.tbd; sourceTree = SDKROOT; };
		2C7A10A51A9BEC9800E3900A /* ConditionLock.h */ = {isa = PBXFileReference; lastKnownFileType = sourcecode.c.h; path = ConditionLock.h; sourceTree = "<group>"; };
		2C7F0A021E3A57DB0004E1C3 /* TextFieldContainer.swift */ = {isa = PBXFileReference; fileEncoding = 4; lastKnownFileType = sourcecode.swift; path = TextFieldContainer.swift; sourceTree = "<group>"; };
		2C7F0A031E3A57DB0004E1C3 /* UIColorExtensions.swift */ = {isa = PBXFileReference; fileEncoding = 4; lastKnownFileType = sourcecode.swift; path = UIColorExtensions.swift; sourceTree = "<group>"; };
		2C7F0A041E3A57DB0004E1C3 /* UIViewExtensions.swift */ = {isa = PBXFileReference; fileEncoding = 4; lastKnownFileType = sourcecode.swift; path = UIViewExtensions.swift; sourceTree = "<group>"; };
		2C7F0A081E3A58AC0004E1C3 /* AddHostController.swift */ = {isa = PBXFileReference; fileEncoding = 4; lastKnownFileType = sourcecode.swift; path = AddHostController.swift; sourceTree = "<group>"; };
		2C7FD8BE1A6CF62100718477 /* Demuxer.h */ = {isa = PBXFileReference; fileEncoding = 4; lastKnownFileType = sourcecode.c.h; path = Demuxer.h; sourceTree = "<group>"; };
		2C7FD8BF1A6CF62100718477 /* Demuxer.mm */ = {isa = PBXFileReference; fileEncoding = 4; lastKnownFileType = sourcecode.cpp.objcpp; path = Demuxer.mm; sourceTree = "<group>"; };
		2CA1D7171854A78800276C67 /* InfoViewController.h */ = {isa = PBXFileReference; fileEncoding = 4; lastKnownFileType = sourcecode.c.h; name = InfoViewController.h; path = "WD Content/InfoViewController.h"; sourceTree = "<group>"; };
		2CA1D7181854A78800276C67 /* InfoViewController.m */ = {isa = PBXFileReference; fileEncoding = 4; lastKnownFileType = sourcecode.c.objc; name = InfoViewController.m; path = "WD Content/InfoViewController.m"; sourceTree = "<group>"; };
		2CA6B9F91A4567DD00AFF041 /* LeftMenuVC.h */ = {isa = PBXFileReference; fileEncoding = 4; lastKnownFileType = sourcecode.c.h; name = LeftMenuVC.h; path = "WD Content/LeftMenuVC.h"; sourceTree = "<group>"; };
		2CA6B9FA1A4567DD00AFF041 /* LeftMenuVC.m */ = {isa = PBXFileReference; fileEncoding = 4; lastKnownFileType = sourcecode.c.objc; name = LeftMenuVC.m; path = "WD Content/LeftMenuVC.m"; sourceTree = "<group>"; };
		2CA6B9FB1A4567DD00AFF041 /* MainVC.h */ = {isa = PBXFileReference; fileEncoding = 4; lastKnownFileType = sourcecode.c.h; name = MainVC.h; path = "WD Content/MainVC.h"; sourceTree = "<group>"; };
		2CA6B9FC1A4567DD00AFF041 /* MainVC.m */ = {isa = PBXFileReference; fileEncoding = 4; lastKnownFileType = sourcecode.c.objc; name = MainVC.m; path = "WD Content/MainVC.m"; sourceTree = "<group>"; };
		2CA6BA021A4569B900AFF041 /* Base */ = {isa = PBXFileReference; lastKnownFileType = file.storyboard; name = Base; path = Base.lproj/Main.storyboard; sourceTree = "<group>"; };
		2CA88714187EA87F0074B73E /* ContentModel.xcdatamodel */ = {isa = PBXFileReference; lastKnownFileType = wrapper.xcdatamodel; path = ContentModel.xcdatamodel; sourceTree = "<group>"; };
		2CA8871B187EA9AA0074B73E /* CoreData.framework */ = {isa = PBXFileReference; lastKnownFileType = wrapper.framework; name = CoreData.framework; path = System/Library/Frameworks/CoreData.framework; sourceTree = SDKROOT; };
		2CA8871D187EAEDE0074B73E /* DataModel.h */ = {isa = PBXFileReference; fileEncoding = 4; lastKnownFileType = sourcecode.c.h; path = DataModel.h; sourceTree = "<group>"; };
		2CA95DC2184B2B4600927138 /* SettingsViewController.h */ = {isa = PBXFileReference; fileEncoding = 4; lastKnownFileType = sourcecode.c.h; path = SettingsViewController.h; sourceTree = "<group>"; };
		2CA95DC3184B2B4600927138 /* SettingsViewController.m */ = {isa = PBXFileReference; fileEncoding = 4; lastKnownFileType = sourcecode.c.objc; path = SettingsViewController.m; sourceTree = "<group>"; };
		2CAEE6D219C8C7C000B5DDD7 /* Node.h */ = {isa = PBXFileReference; fileEncoding = 4; lastKnownFileType = sourcecode.c.h; path = Node.h; sourceTree = "<group>"; };
		2CAEE6D319C8C7C000B5DDD7 /* Node.m */ = {isa = PBXFileReference; fileEncoding = 4; lastKnownFileType = sourcecode.c.objc; path = Node.m; sourceTree = "<group>"; };
		2CB99EC41E13AAE600ABC91F /* DropboxSDK.framework */ = {isa = PBXFileReference; lastKnownFileType = wrapper.framework; path = DropboxSDK.framework; sourceTree = "<group>"; };
		2CD030DA1A640ED7003B22CA /* Base */ = {isa = PBXFileReference; lastKnownFileType = file.xib; name = Base; path = "WD Content/Base.lproj/LaunchScreen.xib"; sourceTree = "<group>"; };
		2CD266D51E53012C00535F80 /* SMBConnection.h */ = {isa = PBXFileReference; fileEncoding = 4; lastKnownFileType = sourcecode.c.h; name = SMBConnection.h; path = Samba/SMBConnection.h; sourceTree = "<group>"; };
		2CD266D61E53012C00535F80 /* SMBConnection.m */ = {isa = PBXFileReference; fileEncoding = 4; lastKnownFileType = sourcecode.c.objc; name = SMBConnection.m; path = Samba/SMBConnection.m; sourceTree = "<group>"; };
		2CD266D71E53012C00535F80 /* SMBFile.h */ = {isa = PBXFileReference; fileEncoding = 4; lastKnownFileType = sourcecode.c.h; name = SMBFile.h; path = Samba/SMBFile.h; sourceTree = "<group>"; };
		2CD266D81E53012C00535F80 /* SMBFile.m */ = {isa = PBXFileReference; fileEncoding = 4; lastKnownFileType = sourcecode.c.objc; name = SMBFile.m; path = Samba/SMBFile.m; sourceTree = "<group>"; };
		2CD266D91E53012C00535F80 /* TONetBIOSNameService.h */ = {isa = PBXFileReference; fileEncoding = 4; lastKnownFileType = sourcecode.c.h; name = TONetBIOSNameService.h; path = Samba/TONetBIOSNameService.h; sourceTree = "<group>"; };
		2CD266DA1E53012C00535F80 /* TONetBIOSNameService.m */ = {isa = PBXFileReference; fileEncoding = 4; lastKnownFileType = sourcecode.c.objc; name = TONetBIOSNameService.m; path = Samba/TONetBIOSNameService.m; sourceTree = "<group>"; };
		2CD266DB1E53012C00535F80 /* TONetBIOSNameServiceEntry.h */ = {isa = PBXFileReference; fileEncoding = 4; lastKnownFileType = sourcecode.c.h; name = TONetBIOSNameServiceEntry.h; path = Samba/TONetBIOSNameServiceEntry.h; sourceTree = "<group>"; };
		2CD266DC1E53012C00535F80 /* TONetBIOSNameServiceEntry.m */ = {isa = PBXFileReference; fileEncoding = 4; lastKnownFileType = sourcecode.c.objc; name = TONetBIOSNameServiceEntry.m; path = Samba/TONetBIOSNameServiceEntry.m; sourceTree = "<group>"; };
		2CD266DD1E53012C00535F80 /* TONetBIOSNameServiceEntryPrivate.h */ = {isa = PBXFileReference; fileEncoding = 4; lastKnownFileType = sourcecode.c.h; name = TONetBIOSNameServiceEntryPrivate.h; path = Samba/TONetBIOSNameServiceEntryPrivate.h; sourceTree = "<group>"; };
		2CD266DE1E53012C00535F80 /* TOSMBConstants.h */ = {isa = PBXFileReference; fileEncoding = 4; lastKnownFileType = sourcecode.c.h; name = TOSMBConstants.h; path = Samba/TOSMBConstants.h; sourceTree = "<group>"; };
		2CD266DF1E53012C00535F80 /* TOSMBConstants.m */ = {isa = PBXFileReference; fileEncoding = 4; lastKnownFileType = sourcecode.c.objc; name = TOSMBConstants.m; path = Samba/TOSMBConstants.m; sourceTree = "<group>"; };
		2CD266E51E53060900535F80 /* libiconv.tbd */ = {isa = PBXFileReference; lastKnownFileType = "sourcecode.text-based-dylib-definition"; name = libiconv.tbd; path = usr/lib/libiconv.tbd; sourceTree = SDKROOT; };
		2CD266E71E53061500535F80 /* libz.tbd */ = {isa = PBXFileReference; lastKnownFileType = "sourcecode.text-based-dylib-definition"; name = libz.tbd; path = usr/lib/libz.tbd; sourceTree = SDKROOT; };
		2CD266E91E53062D00535F80 /* libresolv.tbd */ = {isa = PBXFileReference; lastKnownFileType = "sourcecode.text-based-dylib-definition"; name = libresolv.tbd; path = usr/lib/libresolv.tbd; sourceTree = SDKROOT; };
		2CD266EB1E53073000535F80 /* libiconv.tbd */ = {isa = PBXFileReference; lastKnownFileType = "sourcecode.text-based-dylib-definition"; name = libiconv.tbd; path = Platforms/AppleTVOS.platform/Developer/SDKs/AppleTVOS10.1.sdk/usr/lib/libiconv.tbd; sourceTree = DEVELOPER_DIR; };
		354F1E5CED09E416873765C8 /* Pods-WD Content TV.debug.xcconfig */ = {isa = PBXFileReference; includeInIndex = 1; lastKnownFileType = text.xcconfig; name = "Pods-WD Content TV.debug.xcconfig"; path = "Pods/Target Support Files/Pods-WD Content TV/Pods-WD Content TV.debug.xcconfig"; sourceTree = "<group>"; };
		AB325E71620472774626CEA8 /* libPods-WD Content TV.a */ = {isa = PBXFileReference; explicitFileType = archive.ar; includeInIndex = 0; path = "libPods-WD Content TV.a"; sourceTree = BUILT_PRODUCTS_DIR; };
		B971AAFD92993E9AAD64DE52 /* libPods-WD Content.a */ = {isa = PBXFileReference; explicitFileType = archive.ar; includeInIndex = 0; path = "libPods-WD Content.a"; sourceTree = BUILT_PRODUCTS_DIR; };
		C3753665493ED3463079EB69 /* Pods-WD Content.release.xcconfig */ = {isa = PBXFileReference; includeInIndex = 1; lastKnownFileType = text.xcconfig; name = "Pods-WD Content.release.xcconfig"; path = "Pods/Target Support Files/Pods-WD Content/Pods-WD Content.release.xcconfig"; sourceTree = "<group>"; };
		C9B7E7858271FF1B02F12028 /* Pods-WD Content.debug.xcconfig */ = {isa = PBXFileReference; includeInIndex = 1; lastKnownFileType = text.xcconfig; name = "Pods-WD Content.debug.xcconfig"; path = "Pods/Target Support Files/Pods-WD Content/Pods-WD Content.debug.xcconfig"; sourceTree = "<group>"; };
		E788C3F2F608DC3E5F096E79 /* Pods-WD Content TV.release.xcconfig */ = {isa = PBXFileReference; includeInIndex = 1; lastKnownFileType = text.xcconfig; name = "Pods-WD Content TV.release.xcconfig"; path = "Pods/Target Support Files/Pods-WD Content TV/Pods-WD Content TV.release.xcconfig"; sourceTree = "<group>"; };
		ED04A5C419D172C00079C787 /* MetaInfo.h */ = {isa = PBXFileReference; fileEncoding = 4; lastKnownFileType = sourcecode.c.h; path = MetaInfo.h; sourceTree = "<group>"; };
		ED04A5C519D172C00079C787 /* MetaInfo.m */ = {isa = PBXFileReference; fileEncoding = 4; lastKnownFileType = sourcecode.c.objc; path = MetaInfo.m; sourceTree = "<group>"; };
		ED21949F19C9A9690053C8B3 /* TMDB.h */ = {isa = PBXFileReference; fileEncoding = 4; lastKnownFileType = sourcecode.c.h; path = TMDB.h; sourceTree = "<group>"; };
		ED2194A019C9A9690053C8B3 /* TMDB.m */ = {isa = PBXFileReference; fileEncoding = 4; lastKnownFileType = sourcecode.c.objc; path = TMDB.m; sourceTree = "<group>"; };
/* End PBXFileReference section */

/* Begin PBXFrameworksBuildPhase section */
		2C125EA31848C74B00406FC3 /* Frameworks */ = {
			isa = PBXFrameworksBuildPhase;
			buildActionMask = 2147483647;
			files = (
				2CD266EA1E53062D00535F80 /* libresolv.tbd in Frameworks */,
				2CD266E81E53061500535F80 /* libz.tbd in Frameworks */,
				2CD266E61E53060900535F80 /* libiconv.tbd in Frameworks */,
				2CB99EC51E13AAE600ABC91F /* DropboxSDK.framework in Frameworks */,
				2C718E7E1DA27F5A0065DE2B /* libsmbclient.a in Frameworks */,
				2C718E7F1DA27F5A0065DE2B /* libtalloc.a in Frameworks */,
				2C718E801DA27F5A0065DE2B /* libtdb.a in Frameworks */,
				2C718E811DA27F5A0065DE2B /* libtevent.a in Frameworks */,
				2C718E821DA27F5A0065DE2B /* libwbclient.a in Frameworks */,
				2C718E7B1DA26EDA0065DE2B /* libfdk-aac.a in Frameworks */,
				2C58751F1A6AC3E80069F3F1 /* libavcodec.a in Frameworks */,
				2C5875201A6AC3E80069F3F1 /* libavdevice.a in Frameworks */,
				2C5875211A6AC3E80069F3F1 /* libavfilter.a in Frameworks */,
				2C5875221A6AC3E80069F3F1 /* libavformat.a in Frameworks */,
				2C5875231A6AC3E80069F3F1 /* libavutil.a in Frameworks */,
				2C5875261A6AC3E80069F3F1 /* libswresample.a in Frameworks */,
				2C5875271A6AC3E80069F3F1 /* libswscale.a in Frameworks */,
				2C58753A1A6AF2390069F3F1 /* CoreMedia.framework in Frameworks */,
				2C5875331A6ADC6D0069F3F1 /* AVFoundation.framework in Frameworks */,
				2C5875311A6ADC5A0069F3F1 /* VideoToolbox.framework in Frameworks */,
				2C605E541A6BC25100736968 /* AudioToolbox.framework in Frameworks */,
				2C0AB2B71A4AF06C0007D700 /* Security.framework in Frameworks */,
				2CA8871C187EA9AA0074B73E /* CoreData.framework in Frameworks */,
				2C125EAC1848C74B00406FC3 /* CoreGraphics.framework in Frameworks */,
				2C125EAE1848C74B00406FC3 /* UIKit.framework in Frameworks */,
				2C125EAA1848C74B00406FC3 /* Foundation.framework in Frameworks */,
				7CE01A4C96BA0B527F07E260 /* libPods-WD Content.a in Frameworks */,
			);
			runOnlyForDeploymentPostprocessing = 0;
		};
		2C67D6941E14EF2600F95DB5 /* Frameworks */ = {
			isa = PBXFrameworksBuildPhase;
			buildActionMask = 2147483647;
			files = (
				2C52528E1E58EC9400658FD9 /* AudioToolbox.framework in Frameworks */,
				2C52528C1E58EC8900658FD9 /* AVFoundation.framework in Frameworks */,
				2C5252851E58C1F100658FD9 /* libbz2.tbd in Frameworks */,
				2C5252831E58C1D900658FD9 /* libz.tbd in Frameworks */,
				2C5252801E58C15300658FD9 /* libdsm_tvos.a in Frameworks */,
				2C5252811E58C15300658FD9 /* libtansl_tvos.a in Frameworks */,
				2C5252711E58BB0800658FD9 /* libavcodec.a in Frameworks */,
				2C5252721E58BB0800658FD9 /* libavdevice.a in Frameworks */,
				2C5252731E58BB0800658FD9 /* libavfilter.a in Frameworks */,
				2C5252741E58BB0800658FD9 /* libavformat.a in Frameworks */,
				2C5252751E58BB0800658FD9 /* libavutil.a in Frameworks */,
				2C5252761E58BB0800658FD9 /* libfdk-aac.a in Frameworks */,
				2C5252771E58BB0800658FD9 /* libswresample.a in Frameworks */,
				2C5252781E58BB0800658FD9 /* libswscale.a in Frameworks */,
				2CD266EC1E53073000535F80 /* libiconv.tbd in Frameworks */,
				1043F6F4E03096E8B0E4BB1B /* libPods-WD Content TV.a in Frameworks */,
			);
			runOnlyForDeploymentPostprocessing = 0;
		};
/* End PBXFrameworksBuildPhase section */

/* Begin PBXGroup section */
		2C125E9D1848C74B00406FC3 = {
			isa = PBXGroup;
			children = (
				2C125EAF1848C74B00406FC3 /* WD Content */,
				2C67D6981E14EF2600F95DB5 /* WD Content TV */,
				2C125EA81848C74B00406FC3 /* Frameworks */,
				2C125EA71848C74B00406FC3 /* Products */,
				C1C90F3D3D43FF082F1C88E0 /* Pods */,
			);
			sourceTree = "<group>";
			usesTabs = 1;
			wrapsLines = 0;
		};
		2C125EA71848C74B00406FC3 /* Products */ = {
			isa = PBXGroup;
			children = (
				2C125EA61848C74B00406FC3 /* WD Content.app */,
				2C67D6971E14EF2600F95DB5 /* WD Content TV.app */,
			);
			name = Products;
			sourceTree = "<group>";
		};
		2C125EA81848C74B00406FC3 /* Frameworks */ = {
			isa = PBXGroup;
			children = (
				2C52528D1E58EC9400658FD9 /* AudioToolbox.framework */,
				2C52528B1E58EC8900658FD9 /* AVFoundation.framework */,
				2C5252841E58C1F000658FD9 /* libbz2.tbd */,
				2C5252821E58C1D900658FD9 /* libz.tbd */,
				2C52527E1E58C15300658FD9 /* libdsm_tvos.a */,
				2C52527F1E58C15300658FD9 /* libtansl_tvos.a */,
				2C5252691E58BB0800658FD9 /* libavcodec.a */,
				2C52526A1E58BB0800658FD9 /* libavdevice.a */,
				2C52526B1E58BB0800658FD9 /* libavfilter.a */,
				2C52526C1E58BB0800658FD9 /* libavformat.a */,
				2C52526D1E58BB0800658FD9 /* libavutil.a */,
				2C52526E1E58BB0800658FD9 /* libfdk-aac.a */,
				2C52526F1E58BB0800658FD9 /* libswresample.a */,
				2C5252701E58BB0800658FD9 /* libswscale.a */,
				2CD266EB1E53073000535F80 /* libiconv.tbd */,
				2CD266E91E53062D00535F80 /* libresolv.tbd */,
				2CD266E71E53061500535F80 /* libz.tbd */,
				2CD266E51E53060900535F80 /* libiconv.tbd */,
				2CB99EC41E13AAE600ABC91F /* DropboxSDK.framework */,
				2C718E7C1DA26F110065DE2B /* libbz2.tbd */,
				2C718E7A1DA26EDA0065DE2B /* libfdk-aac.a */,
				2C5875161A6AC3E80069F3F1 /* libavcodec.a */,
				2C5875171A6AC3E80069F3F1 /* libavdevice.a */,
				2C5875181A6AC3E80069F3F1 /* libavfilter.a */,
				2C5875191A6AC3E80069F3F1 /* libavformat.a */,
				2C58751A1A6AC3E80069F3F1 /* libavutil.a */,
				2C58751B1A6AC3E80069F3F1 /* libpostproc.a */,
				2C58751D1A6AC3E80069F3F1 /* libswresample.a */,
				2C58751E1A6AC3E80069F3F1 /* libswscale.a */,
				2C5875281A6ACA850069F3F1 /* libtalloc.a */,
				2C5875291A6ACA850069F3F1 /* libtdb.a */,
				2C58752A1A6ACA850069F3F1 /* libtevent.a */,
				2C58752B1A6ACA850069F3F1 /* libwbclient.a */,
				2C58751C1A6AC3E80069F3F1 /* libsmbclient.a */,
				2C605E531A6BC25100736968 /* AudioToolbox.framework */,
				2C5875391A6AF2390069F3F1 /* CoreMedia.framework */,
				2C5875321A6ADC6D0069F3F1 /* AVFoundation.framework */,
				2C5875301A6ADC5A0069F3F1 /* VideoToolbox.framework */,
				2C0AB2B61A4AF06C0007D700 /* Security.framework */,
				2CA8871B187EA9AA0074B73E /* CoreData.framework */,
				2C125EA91848C74B00406FC3 /* Foundation.framework */,
				2C125EAB1848C74B00406FC3 /* CoreGraphics.framework */,
				2C125EAD1848C74B00406FC3 /* UIKit.framework */,
				B971AAFD92993E9AAD64DE52 /* libPods-WD Content.a */,
				AB325E71620472774626CEA8 /* libPods-WD Content TV.a */,
			);
			name = Frameworks;
			sourceTree = "<group>";
		};
		2C125EAF1848C74B00406FC3 /* WD Content */ = {
			isa = PBXGroup;
			children = (
				2C248CDD1E3635460018F179 /* WD Content-Bridging-Header.h */,
				2C410BC41E10FC4300133C3E /* Extensions */,
				2CA88716187EA88C0074B73E /* Storage */,
				2CA88710187EA7CB0074B73E /* Network */,
				2C5874FD1A6AC2470069F3F1 /* Movie Player */,
				2CA88711187EA8080074B73E /* Settings */,
				EDDC271719C6EA85004D5F14 /* Content */,
				2C7D1B201ADB1A0D00DEB4E0 /* SlideMenu */,
				2C125EB91848C74B00406FC3 /* AppDelegate.m */,
				2C125EB81848C74B00406FC3 /* AppDelegate.h */,
				2C1701101849251D00A37516 /* Resources */,
				2C125EB01848C74B00406FC3 /* Supporting Files */,
			);
			path = "WD Content";
			sourceTree = "<group>";
		};
		2C125EB01848C74B00406FC3 /* Supporting Files */ = {
			isa = PBXGroup;
			children = (
				2C125EB11848C74B00406FC3 /* WD Content-Info.plist */,
				2C125EB21848C74B00406FC3 /* InfoPlist.strings */,
				2C125EB51848C74B00406FC3 /* main.m */,
				2C125EB71848C74B00406FC3 /* WD Content-Prefix.pch */,
			);
			name = "Supporting Files";
			sourceTree = "<group>";
		};
		2C1294AD1E5398FF00DBFE23 /* Resources */ = {
			isa = PBXGroup;
			children = (
				2C67D69D1E14EF2600F95DB5 /* Main.storyboard */,
				2C67D6A01E14EF2600F95DB5 /* Assets.xcassets */,
				2C67D6A21E14EF2600F95DB5 /* Info.plist */,
			);
			name = Resources;
			sourceTree = "<group>";
		};
		2C1294B21E53A1F400DBFE23 /* Model */ = {
			isa = PBXGroup;
			children = (
				2C1294DC1E53AB1D00DBFE23 /* WDContentTV.xcdatamodeld */,
				2C70399F1E578B3100FAB81D /* Connection+CoreDataClass.swift */,
				2C7039A01E578B3100FAB81D /* Connection+CoreDataProperties.swift */,
				2C1294DF1E53AB9300DBFE23 /* Node+CoreDataClass.swift */,
				2C1294E01E53AB9300DBFE23 /* Node+CoreDataProperties.swift */,
				2C1294B31E53A2F800DBFE23 /* Model.swift */,
			);
			name = Model;
			sourceTree = "<group>";
		};
		2C1701101849251D00A37516 /* Resources */ = {
			isa = PBXGroup;
			children = (
				2CDF099719C58AD000A1B3B9 /* Images */,
				2CD030D91A640ED7003B22CA /* LaunchScreen.xib */,
				2CA6BA031A4569B900AFF041 /* Main.storyboard */,
				2C125EC41848C74B00406FC3 /* Images.xcassets */,
			);
			name = Resources;
			path = ..;
			sourceTree = "<group>";
		};
		2C410BC41E10FC4300133C3E /* Extensions */ = {
			isa = PBXGroup;
			children = (
				2C7F0A021E3A57DB0004E1C3 /* TextFieldContainer.swift */,
				2C7F0A031E3A57DB0004E1C3 /* UIColorExtensions.swift */,
				2C7F0A041E3A57DB0004E1C3 /* UIViewExtensions.swift */,
				2C410BC11E10FC3400133C3E /* UIViewController+UIViewControllerExtensions.h */,
				2C410BC21E10FC3400133C3E /* UIViewController+UIViewControllerExtensions.m */,
			);
			name = Extensions;
			sourceTree = "<group>";
		};
		2C4D610C1A99307C00E0A365 /* Audio */ = {
			isa = PBXGroup;
			children = (
				2C605E4D1A6BC08000736968 /* AudioOutput.h */,
				2C605E4E1A6BC08000736968 /* AudioOutput.mm */,
				2C605E4F1A6BC08000736968 /* AudioRingBuffer.h */,
				2C605E501A6BC08000736968 /* AudioRingBuffer.mm */,
				2C58753B1A6AF7DC0069F3F1 /* AudioDecoder.h */,
				2C58753C1A6AF7DC0069F3F1 /* AudioDecoder.mm */,
			);
			name = Audio;
			sourceTree = "<group>";
		};
		2C4D610D1A99309400E0A365 /* Video */ = {
			isa = PBXGroup;
			children = (
				2C08E45E1A9719A300EAE058 /* VideoUtility.c */,
				2C08E45F1A9719A300EAE058 /* VideoUtility.h */,
				2C5875361A6AF1590069F3F1 /* VTDecoder.h */,
				2C5875371A6AF1590069F3F1 /* VTDecoder.mm */,
			);
			name = Video;
			sourceTree = "<group>";
		};
		2C5874FD1A6AC2470069F3F1 /* Movie Player */ = {
			isa = PBXGroup;
			children = (
				2C4D610D1A99309400E0A365 /* Video */,
				2C4D610C1A99307C00E0A365 /* Audio */,
				2C4D61081A98C4E900E0A365 /* Decoder.h */,
				2C4D61091A98C4E900E0A365 /* Decoder.mm */,
				2C7A10A51A9BEC9800E3900A /* ConditionLock.h */,
				2C7FD8BE1A6CF62100718477 /* Demuxer.h */,
				2C7FD8BF1A6CF62100718477 /* Demuxer.mm */,
				2C5875001A6AC25D0069F3F1 /* VideoViewController.h */,
				2C5875011A6AC25D0069F3F1 /* VideoViewController.mm */,
			);
			name = "Movie Player";
			sourceTree = "<group>";
		};
		2C67D6981E14EF2600F95DB5 /* WD Content TV */ = {
			isa = PBXGroup;
			children = (
				2C67D6AA1E14F09F00F95DB5 /* WD Content TV-Bridging-Header.h */,
				2C1294B21E53A1F400DBFE23 /* Model */,
				2CD266D41E53011900535F80 /* Samba */,
				2C67D6991E14EF2600F95DB5 /* AppDelegate.swift */,
				2C67D6A61E14EFEB00F95DB5 /* SharesController.swift */,
				2C67D6B41E1510A700F95DB5 /* ShareCell.swift */,
				2C67D6A81E14F02200F95DB5 /* AddShareController.swift */,
				2C67D6DE1E156D0D00F95DB5 /* DeviceController.swift */,
				2C5252791E58BDDB00658FD9 /* MovieController.swift */,
				2C52527B1E58BEF700658FD9 /* MovieDemuxer.h */,
				2C52527C1E58BEF700658FD9 /* MovieDemuxer.mm */,
				2C1294B01E5399B900DBFE23 /* UIViewControllerExtensions.swift */,
				2C1294AD1E5398FF00DBFE23 /* Resources */,
			);
			path = "WD Content TV";
			sourceTree = "<group>";
		};
		2C7D1B201ADB1A0D00DEB4E0 /* SlideMenu */ = {
			isa = PBXGroup;
			children = (
				2CA6B9F91A4567DD00AFF041 /* LeftMenuVC.h */,
				2CA6B9FA1A4567DD00AFF041 /* LeftMenuVC.m */,
				2CA6B9FB1A4567DD00AFF041 /* MainVC.h */,
				2CA6B9FC1A4567DD00AFF041 /* MainVC.m */,
			);
			name = SlideMenu;
			path = ..;
			sourceTree = "<group>";
		};
		2CA88710187EA7CB0074B73E /* Network */ = {
			isa = PBXGroup;
			children = (
				2C170111184925F800A37516 /* KxSMBProvider.h */,
				2C170112184925F800A37516 /* KxSMBProvider.m */,
				ED21949F19C9A9690053C8B3 /* TMDB.h */,
				ED2194A019C9A9690053C8B3 /* TMDB.m */,
			);
			name = Network;
			sourceTree = "<group>";
		};
		2CA88711187EA8080074B73E /* Settings */ = {
			isa = PBXGroup;
			children = (
				2CA95DC2184B2B4600927138 /* SettingsViewController.h */,
				2CA95DC3184B2B4600927138 /* SettingsViewController.m */,
				2C248CE41E364FE20018F179 /* SynchroCell.h */,
				2C248CE51E364FE20018F179 /* SynchroCell.m */,
				2C6E746919C75ECA001D9971 /* SharesTableViewController.h */,
				2C6E746A19C75ECA001D9971 /* SharesTableViewController.m */,
				2C248CDE1E3635460018F179 /* HostBrowserController.swift */,
				2C7F0A081E3A58AC0004E1C3 /* AddHostController.swift */,
			);
			name = Settings;
			sourceTree = "<group>";
		};
		2CA88716187EA88C0074B73E /* Storage */ = {
			isa = PBXGroup;
			children = (
				ED04A5C419D172C00079C787 /* MetaInfo.h */,
				ED04A5C519D172C00079C787 /* MetaInfo.m */,
				2CAEE6D219C8C7C000B5DDD7 /* Node.h */,
				2CAEE6D319C8C7C000B5DDD7 /* Node.m */,
				2CA8871D187EAEDE0074B73E /* DataModel.h */,
				2C67D6AE1E14F79C00F95DB5 /* DataModel.m */,
				2CA88713187EA87F0074B73E /* ContentModel.xcdatamodeld */,
				2C0AB2B81A4B37F60007D700 /* DropboxClient.h */,
				2C0AB2B91A4B37F60007D700 /* DropboxClient.m */,
			);
			name = Storage;
			sourceTree = "<group>";
		};
		2CD266D41E53011900535F80 /* Samba */ = {
			isa = PBXGroup;
			children = (
				2CD266D51E53012C00535F80 /* SMBConnection.h */,
				2CD266D61E53012C00535F80 /* SMBConnection.m */,
				2CD266D71E53012C00535F80 /* SMBFile.h */,
				2CD266D81E53012C00535F80 /* SMBFile.m */,
				2CD266D91E53012C00535F80 /* TONetBIOSNameService.h */,
				2CD266DA1E53012C00535F80 /* TONetBIOSNameService.m */,
				2CD266DB1E53012C00535F80 /* TONetBIOSNameServiceEntry.h */,
				2CD266DC1E53012C00535F80 /* TONetBIOSNameServiceEntry.m */,
				2CD266DD1E53012C00535F80 /* TONetBIOSNameServiceEntryPrivate.h */,
				2CD266DE1E53012C00535F80 /* TOSMBConstants.h */,
				2CD266DF1E53012C00535F80 /* TOSMBConstants.m */,
			);
			name = Samba;
			sourceTree = "<group>";
		};
		2CDF099719C58AD000A1B3B9 /* Images */ = {
			isa = PBXGroup;
			children = (
				2C0D90D61A96271400E13BC9 /* logo.png */,
				2C378CE719EA802D00C69ADA /* collection.png */,
				2C378CE819EA802D00C69ADA /* list.png */,
			);
			name = Images;
			sourceTree = "<group>";
		};
		C1C90F3D3D43FF082F1C88E0 /* Pods */ = {
			isa = PBXGroup;
			children = (
				C9B7E7858271FF1B02F12028 /* Pods-WD Content.debug.xcconfig */,
				C3753665493ED3463079EB69 /* Pods-WD Content.release.xcconfig */,
				354F1E5CED09E416873765C8 /* Pods-WD Content TV.debug.xcconfig */,
				E788C3F2F608DC3E5F096E79 /* Pods-WD Content TV.release.xcconfig */,
			);
			name = Pods;
			sourceTree = "<group>";
		};
		EDDC271719C6EA85004D5F14 /* Content */ = {
			isa = PBXGroup;
			children = (
				2C0644EF19CD9867002F5F49 /* SearchInfoTableViewController.h */,
				2C0644F019CD9867002F5F49 /* SearchInfoTableViewController.m */,
				2CA1D7171854A78800276C67 /* InfoViewController.h */,
				2CA1D7181854A78800276C67 /* InfoViewController.m */,
				2C1701091848F68200A37516 /* Cell.h */,
				2C17010A1848F68200A37516 /* Cell.m */,
				2C125EC11848C74B00406FC3 /* CollectionViewController.h */,
				2C125EC21848C74B00406FC3 /* CollectionViewController.m */,
			);
			name = Content;
			path = ..;
			sourceTree = "<group>";
		};
/* End PBXGroup section */

/* Begin PBXNativeTarget section */
		2C125EA51848C74B00406FC3 /* WD Content */ = {
			isa = PBXNativeTarget;
			buildConfigurationList = 2C125EDB1848C74B00406FC3 /* Build configuration list for PBXNativeTarget "WD Content" */;
			buildPhases = (
				491287C2A60593547618C2A4 /* [CP] Check Pods Manifest.lock */,
				2C125EA21848C74B00406FC3 /* Sources */,
				2C125EA31848C74B00406FC3 /* Frameworks */,
				2C125EA41848C74B00406FC3 /* Resources */,
				4D6DA5E72BBA8449491FE114 /* [CP] Copy Pods Resources */,
				57E30B19E2EEBAB266E3C4FC /* [CP] Embed Pods Frameworks */,
			);
			buildRules = (
			);
			dependencies = (
			);
			name = "WD Content";
			productName = "WD Content";
			productReference = 2C125EA61848C74B00406FC3 /* WD Content.app */;
			productType = "com.apple.product-type.application";
		};
		2C67D6961E14EF2600F95DB5 /* WD Content TV */ = {
			isa = PBXNativeTarget;
			buildConfigurationList = 2C67D6A31E14EF2600F95DB5 /* Build configuration list for PBXNativeTarget "WD Content TV" */;
			buildPhases = (
				91512D51B5AB7E18B8E5B7E1 /* [CP] Check Pods Manifest.lock */,
				2C67D6931E14EF2600F95DB5 /* Sources */,
				2C67D6941E14EF2600F95DB5 /* Frameworks */,
				2C67D6951E14EF2600F95DB5 /* Resources */,
				8A4E4C45F191F8A4AF240E81 /* [CP] Embed Pods Frameworks */,
				636FD4C17432E70BBEBB0557 /* [CP] Copy Pods Resources */,
			);
			buildRules = (
			);
			dependencies = (
			);
			name = "WD Content TV";
			productName = "WD Content TV";
			productReference = 2C67D6971E14EF2600F95DB5 /* WD Content TV.app */;
			productType = "com.apple.product-type.application";
		};
/* End PBXNativeTarget section */

/* Begin PBXProject section */
		2C125E9E1848C74B00406FC3 /* Project object */ = {
			isa = PBXProject;
			attributes = {
				LastSwiftUpdateCheck = 0820;
				LastUpgradeCheck = 0820;
				ORGANIZATIONNAME = "Sergey Seitov";
				TargetAttributes = {
					2C125EA51848C74B00406FC3 = {
						DevelopmentTeam = 7TSVKXZ79P;
						LastSwiftMigration = 0820;
						ProvisioningStyle = Manual;
					};
					2C67D6961E14EF2600F95DB5 = {
						CreatedOnToolsVersion = 8.2.1;
						DevelopmentTeam = 7TSVKXZ79P;
						LastSwiftMigration = 0820;
						ProvisioningStyle = Manual;
					};
				};
			};
			buildConfigurationList = 2C125EA11848C74B00406FC3 /* Build configuration list for PBXProject "WD Content" */;
			compatibilityVersion = "Xcode 3.2";
			developmentRegion = English;
			hasScannedForEncodings = 0;
			knownRegions = (
				en,
				Base,
			);
			mainGroup = 2C125E9D1848C74B00406FC3;
			productRefGroup = 2C125EA71848C74B00406FC3 /* Products */;
			projectDirPath = "";
			projectRoot = "";
			targets = (
				2C125EA51848C74B00406FC3 /* WD Content */,
				2C67D6961E14EF2600F95DB5 /* WD Content TV */,
			);
		};
/* End PBXProject section */

/* Begin PBXResourcesBuildPhase section */
		2C125EA41848C74B00406FC3 /* Resources */ = {
			isa = PBXResourcesBuildPhase;
			buildActionMask = 2147483647;
			files = (
				2C125EC51848C74B00406FC3 /* Images.xcassets in Resources */,
				2CA6BA011A4569B900AFF041 /* Main.storyboard in Resources */,
				2C378CEA19EA802D00C69ADA /* collection.png in Resources */,
				2CD030DB1A640ED7003B22CA /* LaunchScreen.xib in Resources */,
				2C0D90D71A96271400E13BC9 /* logo.png in Resources */,
				2C125EB41848C74B00406FC3 /* InfoPlist.strings in Resources */,
				2C378CEB19EA802D00C69ADA /* list.png in Resources */,
			);
			runOnlyForDeploymentPostprocessing = 0;
		};
		2C67D6951E14EF2600F95DB5 /* Resources */ = {
			isa = PBXResourcesBuildPhase;
			buildActionMask = 2147483647;
			files = (
				2C67D6A11E14EF2600F95DB5 /* Assets.xcassets in Resources */,
				2C67D69F1E14EF2600F95DB5 /* Main.storyboard in Resources */,
			);
			runOnlyForDeploymentPostprocessing = 0;
		};
/* End PBXResourcesBuildPhase section */

/* Begin PBXShellScriptBuildPhase section */
		491287C2A60593547618C2A4 /* [CP] Check Pods Manifest.lock */ = {
			isa = PBXShellScriptBuildPhase;
			buildActionMask = 2147483647;
			files = (
			);
			inputPaths = (
			);
			name = "[CP] Check Pods Manifest.lock";
			outputPaths = (
			);
			runOnlyForDeploymentPostprocessing = 0;
			shellPath = /bin/sh;
			shellScript = "diff \"${PODS_ROOT}/../Podfile.lock\" \"${PODS_ROOT}/Manifest.lock\" > /dev/null\nif [ $? != 0 ] ; then\n    # print error to STDERR\n    echo \"error: The sandbox is not in sync with the Podfile.lock. Run 'pod install' or update your CocoaPods installation.\" >&2\n    exit 1\nfi\n";
			showEnvVarsInLog = 0;
		};
		4D6DA5E72BBA8449491FE114 /* [CP] Copy Pods Resources */ = {
			isa = PBXShellScriptBuildPhase;
			buildActionMask = 2147483647;
			files = (
			);
			inputPaths = (
			);
			name = "[CP] Copy Pods Resources";
			outputPaths = (
			);
			runOnlyForDeploymentPostprocessing = 0;
			shellPath = /bin/sh;
			shellScript = "\"${SRCROOT}/Pods/Target Support Files/Pods-WD Content/Pods-WD Content-resources.sh\"\n";
			showEnvVarsInLog = 0;
		};
		57E30B19E2EEBAB266E3C4FC /* [CP] Embed Pods Frameworks */ = {
			isa = PBXShellScriptBuildPhase;
			buildActionMask = 2147483647;
			files = (
			);
			inputPaths = (
			);
			name = "[CP] Embed Pods Frameworks";
			outputPaths = (
			);
			runOnlyForDeploymentPostprocessing = 0;
			shellPath = /bin/sh;
			shellScript = "\"${SRCROOT}/Pods/Target Support Files/Pods-WD Content/Pods-WD Content-frameworks.sh\"\n";
			showEnvVarsInLog = 0;
		};
		636FD4C17432E70BBEBB0557 /* [CP] Copy Pods Resources */ = {
			isa = PBXShellScriptBuildPhase;
			buildActionMask = 2147483647;
			files = (
			);
			inputPaths = (
			);
			name = "[CP] Copy Pods Resources";
			outputPaths = (
			);
			runOnlyForDeploymentPostprocessing = 0;
			shellPath = /bin/sh;
			shellScript = "\"${SRCROOT}/Pods/Target Support Files/Pods-WD Content TV/Pods-WD Content TV-resources.sh\"\n";
			showEnvVarsInLog = 0;
		};
		8A4E4C45F191F8A4AF240E81 /* [CP] Embed Pods Frameworks */ = {
			isa = PBXShellScriptBuildPhase;
			buildActionMask = 2147483647;
			files = (
			);
			inputPaths = (
			);
			name = "[CP] Embed Pods Frameworks";
			outputPaths = (
			);
			runOnlyForDeploymentPostprocessing = 0;
			shellPath = /bin/sh;
			shellScript = "\"${SRCROOT}/Pods/Target Support Files/Pods-WD Content TV/Pods-WD Content TV-frameworks.sh\"\n";
			showEnvVarsInLog = 0;
		};
		91512D51B5AB7E18B8E5B7E1 /* [CP] Check Pods Manifest.lock */ = {
			isa = PBXShellScriptBuildPhase;
			buildActionMask = 2147483647;
			files = (
			);
			inputPaths = (
			);
			name = "[CP] Check Pods Manifest.lock";
			outputPaths = (
			);
			runOnlyForDeploymentPostprocessing = 0;
			shellPath = /bin/sh;
			shellScript = "diff \"${PODS_ROOT}/../Podfile.lock\" \"${PODS_ROOT}/Manifest.lock\" > /dev/null\nif [ $? != 0 ] ; then\n    # print error to STDERR\n    echo \"error: The sandbox is not in sync with the Podfile.lock. Run 'pod install' or update your CocoaPods installation.\" >&2\n    exit 1\nfi\n";
			showEnvVarsInLog = 0;
		};
/* End PBXShellScriptBuildPhase section */

/* Begin PBXSourcesBuildPhase section */
		2C125EA21848C74B00406FC3 /* Sources */ = {
			isa = PBXSourcesBuildPhase;
			buildActionMask = 2147483647;
			files = (
				ED2194A119C9A9690053C8B3 /* TMDB.m in Sources */,
				2C7F0A051E3A57DB0004E1C3 /* TextFieldContainer.swift in Sources */,
				2C605E521A6BC08000736968 /* AudioRingBuffer.mm in Sources */,
				2C6E746B19C75ECA001D9971 /* SharesTableViewController.m in Sources */,
				2C125EC31848C74B00406FC3 /* CollectionViewController.m in Sources */,
				2CA6B9FE1A4567DD00AFF041 /* MainVC.m in Sources */,
				2C4D610A1A98C4E900E0A365 /* Decoder.mm in Sources */,
				2C08E4601A9719A300EAE058 /* VideoUtility.c in Sources */,
				2C5875031A6AC25D0069F3F1 /* VideoViewController.mm in Sources */,
				2C7F0A061E3A57DB0004E1C3 /* UIColorExtensions.swift in Sources */,
				2C0AB2BA1A4B37F60007D700 /* DropboxClient.m in Sources */,
				2C7FD8C01A6CF62100718477 /* Demuxer.mm in Sources */,
				2CA6B9FD1A4567DD00AFF041 /* LeftMenuVC.m in Sources */,
				2C410BC31E10FC3400133C3E /* UIViewController+UIViewControllerExtensions.m in Sources */,
				2C170113184925F800A37516 /* KxSMBProvider.m in Sources */,
				2C248CE61E364FE20018F179 /* SynchroCell.m in Sources */,
				2CA88715187EA87F0074B73E /* ContentModel.xcdatamodeld in Sources */,
				2C248CDF1E3635460018F179 /* HostBrowserController.swift in Sources */,
				2C17010B1848F68200A37516 /* Cell.m in Sources */,
				2CAEE6D419C8C7C000B5DDD7 /* Node.m in Sources */,
				2C5875381A6AF1590069F3F1 /* VTDecoder.mm in Sources */,
				2CA95DC4184B2B4600927138 /* SettingsViewController.m in Sources */,
				2C125EBA1848C74B00406FC3 /* AppDelegate.m in Sources */,
				2CA1D7191854A78800276C67 /* InfoViewController.m in Sources */,
				2C125EB61848C74B00406FC3 /* main.m in Sources */,
				2C67D6AF1E14F79C00F95DB5 /* DataModel.m in Sources */,
				2C7F0A071E3A57DB0004E1C3 /* UIViewExtensions.swift in Sources */,
				2C58753D1A6AF7DC0069F3F1 /* AudioDecoder.mm in Sources */,
				2C605E511A6BC08000736968 /* AudioOutput.mm in Sources */,
				2C7F0A091E3A58AC0004E1C3 /* AddHostController.swift in Sources */,
				2C0644F119CD9867002F5F49 /* SearchInfoTableViewController.m in Sources */,
				ED04A5C619D172C00079C787 /* MetaInfo.m in Sources */,
			);
			runOnlyForDeploymentPostprocessing = 0;
		};
		2C67D6931E14EF2600F95DB5 /* Sources */ = {
			isa = PBXSourcesBuildPhase;
			buildActionMask = 2147483647;
			files = (
				2C52527A1E58BDDB00658FD9 /* MovieController.swift in Sources */,
				2C67D69A1E14EF2600F95DB5 /* AppDelegate.swift in Sources */,
				2C5252901E58EF2200658FD9 /* AudioRingBuffer.mm in Sources */,
				2C1294B11E5399B900DBFE23 /* UIViewControllerExtensions.swift in Sources */,
				2CD266E41E53012C00535F80 /* TOSMBConstants.m in Sources */,
				2C1294E11E53AB9300DBFE23 /* Node+CoreDataClass.swift in Sources */,
				2C52528F1E58EF2200658FD9 /* AudioOutput.mm in Sources */,
				2C1294B41E53A2F800DBFE23 /* Model.swift in Sources */,
				2C1294DE1E53AB1D00DBFE23 /* WDContentTV.xcdatamodeld in Sources */,
				2C52527D1E58BEF700658FD9 /* MovieDemuxer.mm in Sources */,
				2CD266E21E53012C00535F80 /* TONetBIOSNameService.m in Sources */,
				2C67D6A71E14EFEB00F95DB5 /* SharesController.swift in Sources */,
				2C1294E21E53AB9300DBFE23 /* Node+CoreDataProperties.swift in Sources */,
				2CD266E01E53012C00535F80 /* SMBConnection.m in Sources */,
				2C7039A21E578B3100FAB81D /* Connection+CoreDataProperties.swift in Sources */,
				2C67D6A91E14F02200F95DB5 /* AddShareController.swift in Sources */,
				2C67D6B51E1510A700F95DB5 /* ShareCell.swift in Sources */,
				2C5252911E58EF2200658FD9 /* AudioDecoder.mm in Sources */,
				2C67D6DF1E156D0D00F95DB5 /* DeviceController.swift in Sources */,
				2C7039A11E578B3100FAB81D /* Connection+CoreDataClass.swift in Sources */,
				2CD266E31E53012C00535F80 /* TONetBIOSNameServiceEntry.m in Sources */,
				2C5252921E58EF2200658FD9 /* Decoder.mm in Sources */,
				2CD266E11E53012C00535F80 /* SMBFile.m in Sources */,
			);
			runOnlyForDeploymentPostprocessing = 0;
		};
/* End PBXSourcesBuildPhase section */

/* Begin PBXVariantGroup section */
		2C125EB21848C74B00406FC3 /* InfoPlist.strings */ = {
			isa = PBXVariantGroup;
			children = (
				2C125EB31848C74B00406FC3 /* en */,
			);
			name = InfoPlist.strings;
			sourceTree = "<group>";
		};
		2C67D69D1E14EF2600F95DB5 /* Main.storyboard */ = {
			isa = PBXVariantGroup;
			children = (
				2C67D69E1E14EF2600F95DB5 /* Base */,
			);
			name = Main.storyboard;
			sourceTree = "<group>";
		};
		2CA6BA031A4569B900AFF041 /* Main.storyboard */ = {
			isa = PBXVariantGroup;
			children = (
				2CA6BA021A4569B900AFF041 /* Base */,
			);
			name = Main.storyboard;
			path = "WD Content";
			sourceTree = "<group>";
		};
		2CD030D91A640ED7003B22CA /* LaunchScreen.xib */ = {
			isa = PBXVariantGroup;
			children = (
				2CD030DA1A640ED7003B22CA /* Base */,
			);
			name = LaunchScreen.xib;
			sourceTree = "<group>";
		};
/* End PBXVariantGroup section */

/* Begin XCBuildConfiguration section */
		2C125ED91848C74B00406FC3 /* Debug */ = {
			isa = XCBuildConfiguration;
			buildSettings = {
				ALWAYS_SEARCH_USER_PATHS = NO;
				CLANG_CXX_LANGUAGE_STANDARD = "gnu++0x";
				CLANG_CXX_LIBRARY = "libc++";
				CLANG_ENABLE_MODULES = YES;
				CLANG_ENABLE_OBJC_ARC = YES;
				CLANG_WARN_BOOL_CONVERSION = YES;
				CLANG_WARN_CONSTANT_CONVERSION = YES;
				CLANG_WARN_DIRECT_OBJC_ISA_USAGE = YES_ERROR;
				CLANG_WARN_EMPTY_BODY = YES;
				CLANG_WARN_ENUM_CONVERSION = YES;
				CLANG_WARN_INFINITE_RECURSION = YES;
				CLANG_WARN_INT_CONVERSION = YES;
				CLANG_WARN_OBJC_ROOT_CLASS = YES_ERROR;
				CLANG_WARN_SUSPICIOUS_MOVE = YES;
				CLANG_WARN_UNREACHABLE_CODE = YES;
				CLANG_WARN__DUPLICATE_METHOD_MATCH = YES;
				CODE_SIGN_IDENTITY = "iPhone Developer: Sergey Seitov (RXAUVFWR8G)";
				"CODE_SIGN_IDENTITY[sdk=iphoneos*]" = "iPhone Developer: Sergey Seitov (RXAUVFWR8G)";
				COPY_PHASE_STRIP = NO;
				DEVELOPMENT_TEAM = 7TSVKXZ79P;
				ENABLE_STRICT_OBJC_MSGSEND = YES;
				ENABLE_TESTABILITY = YES;
				GCC_C_LANGUAGE_STANDARD = gnu99;
				GCC_DYNAMIC_NO_PIC = NO;
				GCC_NO_COMMON_BLOCKS = YES;
				GCC_OPTIMIZATION_LEVEL = 0;
				GCC_PREPROCESSOR_DEFINITIONS = (
					"DEBUG=1",
					"$(inherited)",
				);
				GCC_SYMBOLS_PRIVATE_EXTERN = NO;
				GCC_WARN_64_TO_32_BIT_CONVERSION = YES;
				GCC_WARN_ABOUT_RETURN_TYPE = YES_ERROR;
				GCC_WARN_UNDECLARED_SELECTOR = YES;
				GCC_WARN_UNINITIALIZED_AUTOS = YES;
				GCC_WARN_UNUSED_FUNCTION = YES;
				GCC_WARN_UNUSED_VARIABLE = YES;
				IPHONEOS_DEPLOYMENT_TARGET = 8.0;
				ONLY_ACTIVE_ARCH = YES;
				SDKROOT = iphoneos;
				TARGETED_DEVICE_FAMILY = "1,2";
				VALID_ARCHS = "armv7 arm64";
			};
			name = Debug;
		};
		2C125EDA1848C74B00406FC3 /* Release */ = {
			isa = XCBuildConfiguration;
			buildSettings = {
				ALWAYS_SEARCH_USER_PATHS = NO;
				CLANG_CXX_LANGUAGE_STANDARD = "gnu++0x";
				CLANG_CXX_LIBRARY = "libc++";
				CLANG_ENABLE_MODULES = YES;
				CLANG_ENABLE_OBJC_ARC = YES;
				CLANG_WARN_BOOL_CONVERSION = YES;
				CLANG_WARN_CONSTANT_CONVERSION = YES;
				CLANG_WARN_DIRECT_OBJC_ISA_USAGE = YES_ERROR;
				CLANG_WARN_EMPTY_BODY = YES;
				CLANG_WARN_ENUM_CONVERSION = YES;
				CLANG_WARN_INFINITE_RECURSION = YES;
				CLANG_WARN_INT_CONVERSION = YES;
				CLANG_WARN_OBJC_ROOT_CLASS = YES_ERROR;
				CLANG_WARN_SUSPICIOUS_MOVE = YES;
				CLANG_WARN_UNREACHABLE_CODE = YES;
				CLANG_WARN__DUPLICATE_METHOD_MATCH = YES;
				CODE_SIGN_IDENTITY = "iPhone Distribution: Sergey Seitov (7TSVKXZ79P)";
				"CODE_SIGN_IDENTITY[sdk=iphoneos*]" = "iPhone Distribution: Sergey Seitov (7TSVKXZ79P)";
				COPY_PHASE_STRIP = YES;
				DEVELOPMENT_TEAM = 7TSVKXZ79P;
				ENABLE_NS_ASSERTIONS = NO;
				ENABLE_STRICT_OBJC_MSGSEND = YES;
				GCC_C_LANGUAGE_STANDARD = gnu99;
				GCC_NO_COMMON_BLOCKS = YES;
				GCC_WARN_64_TO_32_BIT_CONVERSION = YES;
				GCC_WARN_ABOUT_RETURN_TYPE = YES_ERROR;
				GCC_WARN_UNDECLARED_SELECTOR = YES;
				GCC_WARN_UNINITIALIZED_AUTOS = YES;
				GCC_WARN_UNUSED_FUNCTION = YES;
				GCC_WARN_UNUSED_VARIABLE = YES;
				IPHONEOS_DEPLOYMENT_TARGET = 8.0;
				SDKROOT = iphoneos;
				SWIFT_OPTIMIZATION_LEVEL = "-Owholemodule";
				TARGETED_DEVICE_FAMILY = "1,2";
				VALIDATE_PRODUCT = YES;
				VALID_ARCHS = "armv7 arm64";
			};
			name = Release;
		};
		2C125EDC1848C74B00406FC3 /* Debug */ = {
			isa = XCBuildConfiguration;
			baseConfigurationReference = C9B7E7858271FF1B02F12028 /* Pods-WD Content.debug.xcconfig */;
			buildSettings = {
				ASSETCATALOG_COMPILER_APPICON_NAME = AppIcon;
				CLANG_ENABLE_MODULES = YES;
				CODE_SIGN_IDENTITY = "iPhone Developer: Sergey Seitov (RXAUVFWR8G)";
				"CODE_SIGN_IDENTITY[sdk=iphoneos*]" = "iPhone Developer: Sergey Seitov (RXAUVFWR8G)";
				DEVELOPMENT_TEAM = 7TSVKXZ79P;
				ENABLE_BITCODE = YES;
				FRAMEWORK_SEARCH_PATHS = (
					"$(inherited)",
					"$(PROJECT_DIR)",
				);
				GCC_PRECOMPILE_PREFIX_HEADER = YES;
				GCC_PREFIX_HEADER = "WD Content/WD Content-Prefix.pch";
				HEADER_SEARCH_PATHS = (
					"$(inherited)",
					/Applications/Xcode.app/Contents/Developer/Toolchains/XcodeDefault.xctoolchain/usr/include,
					./depends/libs/include,
					.,
				);
				INFOPLIST_FILE = "WD Content/WD Content-Info.plist";
				IPHONEOS_DEPLOYMENT_TARGET = 8.0;
				LD_RUNPATH_SEARCH_PATHS = "$(inherited) @executable_path/Frameworks";
				LIBRARY_SEARCH_PATHS = (
					"$(inherited)",
					./depends/libs/lib,
					"$(PROJECT_DIR)/depends/libs/lib",
				);
				ONLY_ACTIVE_ARCH = YES;
				PRODUCT_BUNDLE_IDENTIFIER = "com.vchannel.wd-content";
				PRODUCT_NAME = "$(TARGET_NAME)";
				PROVISIONING_PROFILE = "4c45a45d-f6eb-4541-a664-baecb9ca6f1d";
				PROVISIONING_PROFILE_SPECIFIER = "WD Content Development";
				SWIFT_OBJC_BRIDGING_HEADER = "WD Content/WD Content-Bridging-Header.h";
				SWIFT_OPTIMIZATION_LEVEL = "-Onone";
				SWIFT_VERSION = 3.0;
				TARGETED_DEVICE_FAMILY = "1,2";
				VALID_ARCHS = "armv7 arm64";
				WRAPPER_EXTENSION = app;
			};
			name = Debug;
		};
		2C125EDD1848C74B00406FC3 /* Release */ = {
			isa = XCBuildConfiguration;
			baseConfigurationReference = C3753665493ED3463079EB69 /* Pods-WD Content.release.xcconfig */;
			buildSettings = {
				ASSETCATALOG_COMPILER_APPICON_NAME = AppIcon;
				CLANG_ENABLE_MODULES = YES;
				CODE_SIGN_IDENTITY = "iPhone Distribution: Sergey Seitov (7TSVKXZ79P)";
				"CODE_SIGN_IDENTITY[sdk=iphoneos*]" = "iPhone Distribution: Sergey Seitov (7TSVKXZ79P)";
				DEVELOPMENT_TEAM = 7TSVKXZ79P;
				ENABLE_BITCODE = YES;
				FRAMEWORK_SEARCH_PATHS = (
					"$(inherited)",
					"$(PROJECT_DIR)",
				);
				GCC_PRECOMPILE_PREFIX_HEADER = YES;
				GCC_PREFIX_HEADER = "WD Content/WD Content-Prefix.pch";
				HEADER_SEARCH_PATHS = (
					"$(inherited)",
					/Applications/Xcode.app/Contents/Developer/Toolchains/XcodeDefault.xctoolchain/usr/include,
					./depends/libs/include,
					.,
				);
				INFOPLIST_FILE = "WD Content/WD Content-Info.plist";
				IPHONEOS_DEPLOYMENT_TARGET = 8.0;
				LD_RUNPATH_SEARCH_PATHS = "$(inherited) @executable_path/Frameworks";
				LIBRARY_SEARCH_PATHS = (
					"$(inherited)",
					./depends/libs/lib,
					"$(PROJECT_DIR)/depends/libs/lib",
				);
				PRODUCT_BUNDLE_IDENTIFIER = "com.vchannel.wd-content";
				PRODUCT_NAME = "$(TARGET_NAME)";
				PROVISIONING_PROFILE = "37c80763-8c9f-440b-a1b1-73e204d2f7fd";
				PROVISIONING_PROFILE_SPECIFIER = "WD Content AppStore";
				SWIFT_OBJC_BRIDGING_HEADER = "WD Content/WD Content-Bridging-Header.h";
				SWIFT_VERSION = 3.0;
				TARGETED_DEVICE_FAMILY = "1,2";
				VALID_ARCHS = "armv7 arm64";
				WRAPPER_EXTENSION = app;
			};
			name = Release;
		};
		2C67D6A41E14EF2600F95DB5 /* Debug */ = {
			isa = XCBuildConfiguration;
			baseConfigurationReference = 354F1E5CED09E416873765C8 /* Pods-WD Content TV.debug.xcconfig */;
			buildSettings = {
				ASSETCATALOG_COMPILER_APPICON_NAME = "App Icon & Top Shelf Image";
				ASSETCATALOG_COMPILER_LAUNCHIMAGE_NAME = LaunchImage;
				CLANG_ANALYZER_NONNULL = YES;
				CLANG_ENABLE_MODULES = YES;
				CLANG_WARN_DOCUMENTATION_COMMENTS = YES;
				DEBUG_INFORMATION_FORMAT = dwarf;
				DEVELOPMENT_TEAM = 7TSVKXZ79P;
				GCC_PREPROCESSOR_DEFINITIONS = (
					"$(inherited)",
					"TV=1",
				);
				GCC_WARN_UNINITIALIZED_AUTOS = YES_AGGRESSIVE;
				HEADER_SEARCH_PATHS = (
					"$(inherited)",
					"$(PROJECT_DIR)/libdsm/include",
					"$(PROJECT_DIR)/tv_depends/libs/include",
				);
				INFOPLIST_FILE = "WD Content TV/Info.plist";
				LD_RUNPATH_SEARCH_PATHS = "$(inherited) @executable_path/Frameworks";
				LIBRARY_SEARCH_PATHS = (
					"$(inherited)",
					"$(PROJECT_DIR)/tv_depends/libs/lib",
					"$(PROJECT_DIR)/libdsm",
				);
				MTL_ENABLE_DEBUG_INFO = YES;
				PRODUCT_BUNDLE_IDENTIFIER = "com.vchannel.WD-Content-TV";
				PRODUCT_NAME = "$(TARGET_NAME)";
				PROVISIONING_PROFILE = "e260b7d3-27db-41b3-aff9-3239ff1ad691";
				PROVISIONING_PROFILE_SPECIFIER = "WD Content TV Development";
				SDKROOT = appletvos;
				SWIFT_ACTIVE_COMPILATION_CONDITIONS = DEBUG;
				SWIFT_OBJC_BRIDGING_HEADER = "WD Content TV/WD Content TV-Bridging-Header.h";
				SWIFT_OPTIMIZATION_LEVEL = "-Onone";
				SWIFT_VERSION = 3.0;
				TARGETED_DEVICE_FAMILY = 3;
				TVOS_DEPLOYMENT_TARGET = 10.1;
			};
			name = Debug;
		};
		2C67D6A51E14EF2600F95DB5 /* Release */ = {
			isa = XCBuildConfiguration;
			baseConfigurationReference = E788C3F2F608DC3E5F096E79 /* Pods-WD Content TV.release.xcconfig */;
			buildSettings = {
				ASSETCATALOG_COMPILER_APPICON_NAME = "App Icon & Top Shelf Image";
				ASSETCATALOG_COMPILER_LAUNCHIMAGE_NAME = LaunchImage;
				CLANG_ANALYZER_NONNULL = YES;
				CLANG_ENABLE_MODULES = YES;
				CLANG_WARN_DOCUMENTATION_COMMENTS = YES;
				COPY_PHASE_STRIP = NO;
				DEBUG_INFORMATION_FORMAT = "dwarf-with-dsym";
				DEVELOPMENT_TEAM = 7TSVKXZ79P;
				GCC_PREPROCESSOR_DEFINITIONS = (
					"TV=1",
					"$(inherited)",
				);
				GCC_WARN_UNINITIALIZED_AUTOS = YES_AGGRESSIVE;
				HEADER_SEARCH_PATHS = (
					"$(inherited)",
					"$(PROJECT_DIR)/libdsm/include",
					"$(PROJECT_DIR)/tv_depends/libs/include",
				);
				INFOPLIST_FILE = "WD Content TV/Info.plist";
				LD_RUNPATH_SEARCH_PATHS = "$(inherited) @executable_path/Frameworks";
				LIBRARY_SEARCH_PATHS = (
					"$(inherited)",
					"$(PROJECT_DIR)/tv_depends/libs/lib",
					"$(PROJECT_DIR)/libdsm",
				);
				MTL_ENABLE_DEBUG_INFO = NO;
				PRODUCT_BUNDLE_IDENTIFIER = "com.vchannel.WD-Content-TV";
				PRODUCT_NAME = "$(TARGET_NAME)";
				PROVISIONING_PROFILE = "030972ca-9563-4b8a-bdf4-820c27fcdccd";
				PROVISIONING_PROFILE_SPECIFIER = "WD Content TV AppStore";
				SDKROOT = appletvos;
				SWIFT_OBJC_BRIDGING_HEADER = "WD Content TV/WD Content TV-Bridging-Header.h";
				SWIFT_OPTIMIZATION_LEVEL = "-Owholemodule";
				SWIFT_VERSION = 3.0;
				TARGETED_DEVICE_FAMILY = 3;
				TVOS_DEPLOYMENT_TARGET = 10.1;
			};
			name = Release;
		};
/* End XCBuildConfiguration section */

/* Begin XCConfigurationList section */
		2C125EA11848C74B00406FC3 /* Build configuration list for PBXProject "WD Content" */ = {
			isa = XCConfigurationList;
			buildConfigurations = (
				2C125ED91848C74B00406FC3 /* Debug */,
				2C125EDA1848C74B00406FC3 /* Release */,
			);
			defaultConfigurationIsVisible = 0;
			defaultConfigurationName = Release;
		};
		2C125EDB1848C74B00406FC3 /* Build configuration list for PBXNativeTarget "WD Content" */ = {
			isa = XCConfigurationList;
			buildConfigurations = (
				2C125EDC1848C74B00406FC3 /* Debug */,
				2C125EDD1848C74B00406FC3 /* Release */,
			);
			defaultConfigurationIsVisible = 0;
			defaultConfigurationName = Release;
		};
		2C67D6A31E14EF2600F95DB5 /* Build configuration list for PBXNativeTarget "WD Content TV" */ = {
			isa = XCConfigurationList;
			buildConfigurations = (
				2C67D6A41E14EF2600F95DB5 /* Debug */,
				2C67D6A51E14EF2600F95DB5 /* Release */,
			);
			defaultConfigurationIsVisible = 0;
			defaultConfigurationName = Release;
		};
/* End XCConfigurationList section */

/* Begin XCVersionGroup section */
		2C1294DC1E53AB1D00DBFE23 /* WDContentTV.xcdatamodeld */ = {
			isa = XCVersionGroup;
			children = (
				2C1294DD1E53AB1D00DBFE23 /* WDContentTV.xcdatamodel */,
			);
			currentVersion = 2C1294DD1E53AB1D00DBFE23 /* WDContentTV.xcdatamodel */;
			name = WDContentTV.xcdatamodeld;
			path = Model/WDContentTV.xcdatamodeld;
			sourceTree = "<group>";
			versionGroupType = wrapper.xcdatamodel;
		};
		2CA88713187EA87F0074B73E /* ContentModel.xcdatamodeld */ = {
			isa = XCVersionGroup;
			children = (
				2CA88714187EA87F0074B73E /* ContentModel.xcdatamodel */,
			);
			currentVersion = 2CA88714187EA87F0074B73E /* ContentModel.xcdatamodel */;
			path = ContentModel.xcdatamodeld;
			sourceTree = "<group>";
			versionGroupType = wrapper.xcdatamodel;
		};
/* End XCVersionGroup section */
	};
	rootObject = 2C125E9E1848C74B00406FC3 /* Project object */;
}
